dependencies:
- name: traefik
  repository: https://traefik.github.io/charts
  version: 30.1.0
- name: external-dns
  repository: https://kubernetes-sigs.github.io/external-dns/
  version: 1.14.5
- name: oauth2-proxy
  repository: https://oauth2-proxy.github.io/manifests
  version: 7.7.9
digest: sha256:c4182c5263fc6bb2f9cf11a60a33fb7216c6d2de24a3f60fab1497fd713212ed
generated: "2024-08-19T22:51:42.248604+02:00"
