dependencies:
- name: external-dns
  repository: https://kubernetes-sigs.github.io/external-dns/
  version: 1.14.5
- name: cert-manager
  repository: https://charts.jetstack.io
  version: v1.15.3
digest: sha256:e2c33bab35f24780684a01cdf6a4f645a09a7e2170911f3b77de53c505ae5ed1
generated: "2024-08-22T13:08:11.064493+02:00"
