{
  "version": 4,
  "terraform_version": "1.5.7",
  "serial": 39,
  "lineage": "68fae0a5-cfcf-b874-185f-bd8774d48d2e",
  "outputs": {
    "cluster": {
      "value": {},
      "type": [
        "object",
        {}
      ]
    }
  },
  "resources": [
    {
      "mode": "managed",
      "type": "google_app_engine_application",
      "name": "appengine_app",
      "provider": "provider[\"registry.terraform.io/hashicorp/google\"]",
      "instances": [
        {
          "schema_version": 0,
          "attributes": {
            "app_id": "mtrx-hub-dev-3of",
            "auth_domain": "gmail.com",
            "code_bucket": "staging.mtrx-hub-dev-3of.appspot.com",
            "database_type": "CLOUD_DATASTORE_COMPATIBILITY",
            "default_bucket": "mtrx-hub-dev-3of.appspot.com",
            "default_hostname": "mtrx-hub-dev-3of.uc.r.appspot.com",
            "feature_settings": [
              {
                "split_health_checks": true
              }
            ],
            "gcr_domain": "us.gcr.io",
            "iap": [
              {
                "enabled": true,
                "oauth2_client_id": "938607797672-hs2ps6jr78gemhc4hflbj3i489hiikan.apps.googleusercontent.com",
                "oauth2_client_secret": "",
                "oauth2_client_secret_sha256": "3dc8ea258aa64b36712682445857f6be27cab6f76302edc446a25d60d53a6ccb"
              }
            ],
            "id": "mtrx-hub-dev-3of",
            "location_id": "us-central",
            "name": "apps/mtrx-hub-dev-3of",
            "project": "mtrx-hub-dev-3of",
            "serving_status": "SERVING",
            "timeouts": null,
            "url_dispatch_rule": []
          },
          "sensitive_attributes": [],
          "private": "eyJlMmJmYjczMC1lY2FhLTExZTYtOGY4OC0zNDM2M2JjN2M0YzAiOnsiY3JlYXRlIjoyNDAwMDAwMDAwMDAsInVwZGF0ZSI6MjQwMDAwMDAwMDAwfSwic2NoZW1hX3ZlcnNpb24iOiIwIn0=",
          "dependencies": [
            "module.bootstrap_data.data.google_client_config.current",
            "module.bootstrap_data.data.google_storage_bucket_object.object",
            "module.bootstrap_data.data.http.object"
          ]
        }
      ]
    },
    {
      "mode": "managed",
      "type": "google_project_iam_member",
      "name": "bindings",
      "provider": "provider[\"registry.terraform.io/hashicorp/google\"]",
      "instances": [
        {
          "index_key": "roles/appengine.deployer",
          "schema_version": 0,
          "attributes": {
            "condition": [],
            "etag": "BwYb8eS7r9c=",
            "id": "mtrx-hub-dev-3of/roles/appengine.deployer/serviceAccount:mtrx-hub-dev-3of@appspot.gserviceaccount.com",
            "member": "serviceAccount:mtrx-hub-dev-3of@appspot.gserviceaccount.com",
            "project": "mtrx-hub-dev-3of",
            "role": "roles/appengine.deployer"
          },
          "sensitive_attributes": [],
          "private": "bnVsbA==",
          "dependencies": [
            "module.bootstrap_data.data.google_client_config.current",
            "module.bootstrap_data.data.google_storage_bucket_object.object",
            "module.bootstrap_data.data.http.object"
          ]
        },
        {
          "index_key": "roles/appengine.serviceAdmin",
          "schema_version": 0,
          "attributes": {
            "condition": [],
            "etag": "BwYb8eS7r9c=",
            "id": "mtrx-hub-dev-3of/roles/appengine.serviceAdmin/serviceAccount:mtrx-hub-dev-3of@appspot.gserviceaccount.com",
            "member": "serviceAccount:mtrx-hub-dev-3of@appspot.gserviceaccount.com",
            "project": "mtrx-hub-dev-3of",
            "role": "roles/appengine.serviceAdmin"
          },
          "sensitive_attributes": [],
          "private": "bnVsbA==",
          "dependencies": [
            "module.bootstrap_data.data.google_client_config.current",
            "module.bootstrap_data.data.google_storage_bucket_object.object",
            "module.bootstrap_data.data.http.object"
          ]
        },
        {
          "index_key": "roles/cloudbuild.builds.builder",
          "schema_version": 0,
          "attributes": {
            "condition": [],
            "etag": "BwYb8eS7r9c=",
            "id": "mtrx-hub-dev-3of/roles/cloudbuild.builds.builder/serviceAccount:mtrx-hub-dev-3of@appspot.gserviceaccount.com",
            "member": "serviceAccount:mtrx-hub-dev-3of@appspot.gserviceaccount.com",
            "project": "mtrx-hub-dev-3of",
            "role": "roles/cloudbuild.builds.builder"
          },
          "sensitive_attributes": [],
          "private": "bnVsbA==",
          "dependencies": [
            "module.bootstrap_data.data.google_client_config.current",
            "module.bootstrap_data.data.google_storage_bucket_object.object",
            "module.bootstrap_data.data.http.object"
          ]
        },
        {
          "index_key": "roles/compute.storageAdmin",
          "schema_version": 0,
          "attributes": {
            "condition": [],
            "etag": "BwYb8eS7r9c=",
            "id": "mtrx-hub-dev-3of/roles/compute.storageAdmin/serviceAccount:mtrx-hub-dev-3of@appspot.gserviceaccount.com",
            "member": "serviceAccount:mtrx-hub-dev-3of@appspot.gserviceaccount.com",
            "project": "mtrx-hub-dev-3of",
            "role": "roles/compute.storageAdmin"
          },
          "sensitive_attributes": [],
          "private": "bnVsbA==",
          "dependencies": [
            "module.bootstrap_data.data.google_client_config.current",
            "module.bootstrap_data.data.google_storage_bucket_object.object",
            "module.bootstrap_data.data.http.object"
          ]
        }
      ]
    },
    {
      "module": "module.bootstrap_data",
      "mode": "data",
      "type": "google_client_config",
      "name": "current",
      "provider": "provider[\"registry.terraform.io/hashicorp/google\"]",
      "instances": [
        {
          "schema_version": 0,
          "attributes": {
            "access_token": "ya29.a0AXooCgtCw2s-BFKkbiJSCU2Qn4hjsUZUdnnBkCF3rWnX7z43UCwjehXOXIpY_uutxjHsXmuYHpX5cac5gXrTDEpBjJChw9Qaoy1rBn-A-Ce0DwNDM1imD6CtZ2ZySNwiaflJg8zXiswKxXMTG_dHu-uQKuH-VtY7VM-YFG0aCgYKAQ8SARASFQHGX2MixcHcyosX1ZOyAggn3WuHGg0174",
            "id": "projects/\u003cnull\u003e/regions/\u003cnull\u003e/zones/\u003cnull\u003e",
            "project": null,
            "region": null,
            "zone": null
          },
          "sensitive_attributes": []
        }
      ]
    },
    {
      "module": "module.bootstrap_data",
      "mode": "data",
      "type": "google_storage_bucket_object",
      "name": "object",
      "provider": "provider[\"registry.terraform.io/hashicorp/google\"]",
      "instances": [
        {
          "schema_version": 0,
          "attributes": {
            "bucket": "mtrx-us-central1-hub-dev-storage",
            "cache_control": "",
            "content": null,
            "content_disposition": "",
            "content_encoding": "",
            "content_language": "",
            "content_type": "text/plain; charset=utf-8",
            "crc32c": "WFdmUw==",
            "customer_encryption": null,
            "detect_md5hash": null,
            "event_based_hold": null,
            "id": "mtrx-us-central1-hub-dev-storage-tf_bootstrap.json",
            "kms_key_name": null,
            "md5hash": "pv6qu5PsmOXJGcjTJQ680g==",
            "media_link": "https://storage.googleapis.com/download/storage/v1/b/mtrx-us-central1-hub-dev-storage/o/tf_bootstrap.json?generation=1718387303727117\u0026alt=media",
            "metadata": {},
            "name": "tf_bootstrap.json",
            "output_name": null,
            "retention": null,
            "self_link": "https://www.googleapis.com/storage/v1/b/mtrx-us-central1-hub-dev-storage/o/tf_bootstrap.json",
            "source": null,
            "storage_class": "STANDARD",
            "temporary_hold": null
          },
          "sensitive_attributes": []
        }
      ]
    },
    {
      "module": "module.bootstrap_data",
      "mode": "data",
      "type": "http",
      "name": "object",
      "provider": "provider[\"registry.terraform.io/hashicorp/http\"]",
      "instances": [
        {
          "schema_version": 0,
          "attributes": {
            "body": "{\"github_sa_ro_email\":\"sa-github-actions-ro@mtrx-hub-dev-3of.iam.gserviceaccount.com\",\"github_sa_rw_email\":\"sa-github-actions-rw@mtrx-hub-dev-3of.iam.gserviceaccount.com\",\"k8s_config\":{\"pod_ip_range\":\"sn-hub-dev-us-pod-range\",\"secondary_range\":\"sn-hub-dev-us-sec-range\",\"subnetwork\":\"sn-hub-dev-us\",\"svc_ip_range\":\"sn-hub-dev-us-svc-range\"},\"network\":{\"network\":{\"network\":{\"auto_create_subnetworks\":false,\"delete_default_routes_on_create\":false,\"description\":\"\",\"enable_ula_internal_ipv6\":false,\"gateway_ipv4\":\"\",\"id\":\"projects/mtrx-hub-dev-3of/global/networks/matrix-hub-dev-nw\",\"internal_ipv6_range\":\"\",\"mtu\":0,\"name\":\"matrix-hub-dev-nw\",\"network_firewall_policy_enforcement_order\":\"AFTER_CLASSIC_FIREWALL\",\"project\":\"mtrx-hub-dev-3of\",\"routing_mode\":\"GLOBAL\",\"self_link\":\"https://www.googleapis.com/compute/v1/projects/mtrx-hub-dev-3of/global/networks/matrix-hub-dev-nw\",\"timeouts\":null},\"network_id\":\"projects/mtrx-hub-dev-3of/global/networks/matrix-hub-dev-nw\",\"network_name\":\"matrix-hub-dev-nw\",\"network_self_link\":\"https://www.googleapis.com/compute/v1/projects/mtrx-hub-dev-3of/global/networks/matrix-hub-dev-nw\",\"project_id\":\"mtrx-hub-dev-3of\"},\"network_id\":\"projects/mtrx-hub-dev-3of/global/networks/matrix-hub-dev-nw\",\"network_name\":\"matrix-hub-dev-nw\",\"network_self_link\":\"https://www.googleapis.com/compute/v1/projects/mtrx-hub-dev-3of/global/networks/matrix-hub-dev-nw\",\"project_id\":\"mtrx-hub-dev-3of\",\"route_names\":[\"egress-internet\"],\"subnets\":{\"europe-west1/sn-hub-dev-eu\":{\"creation_timestamp\":\"2024-06-13T08:55:45.851-07:00\",\"description\":\"\",\"external_ipv6_prefix\":\"\",\"fingerprint\":null,\"gateway_address\":\"10.1.0.1\",\"id\":\"projects/mtrx-hub-dev-3of/regions/europe-west1/subnetworks/sn-hub-dev-eu\",\"internal_ipv6_prefix\":\"\",\"ip_cidr_range\":\"10.1.0.0/16\",\"ipv6_access_type\":\"\",\"ipv6_cidr_range\":\"\",\"log_config\":[],\"name\":\"sn-hub-dev-eu\",\"network\":\"https://www.googleapis.com/compute/v1/projects/mtrx-hub-dev-3of/global/networks/matrix-hub-dev-nw\",\"private_ip_google_access\":true,\"private_ipv6_google_access\":\"DISABLE_GOOGLE_ACCESS\",\"project\":\"mtrx-hub-dev-3of\",\"purpose\":\"PRIVATE\",\"region\":\"europe-west1\",\"role\":\"\",\"secondary_ip_range\":[{\"ip_cidr_range\":\"10.131.0.0/16\",\"range_name\":\"sn-hub-dev-eu-sec-range\"},{\"ip_cidr_range\":\"10.132.0.0/16\",\"range_name\":\"sn-hub-dev-eu-pod-range\"},{\"ip_cidr_range\":\"10.133.0.0/16\",\"range_name\":\"sn-hub-dev-eu-svc-range\"}],\"self_link\":\"https://www.googleapis.com/compute/v1/projects/mtrx-hub-dev-3of/regions/europe-west1/subnetworks/sn-hub-dev-eu\",\"stack_type\":\"IPV4_ONLY\",\"timeouts\":null},\"us-central1/sn-hub-dev-us\":{\"creation_timestamp\":\"2024-06-13T08:55:45.236-07:00\",\"description\":\"\",\"external_ipv6_prefix\":\"\",\"fingerprint\":null,\"gateway_address\":\"10.0.0.1\",\"id\":\"projects/mtrx-hub-dev-3of/regions/us-central1/subnetworks/sn-hub-dev-us\",\"internal_ipv6_prefix\":\"\",\"ip_cidr_range\":\"10.0.0.0/16\",\"ipv6_access_type\":\"\",\"ipv6_cidr_range\":\"\",\"log_config\":[],\"name\":\"sn-hub-dev-us\",\"network\":\"https://www.googleapis.com/compute/v1/projects/mtrx-hub-dev-3of/global/networks/matrix-hub-dev-nw\",\"private_ip_google_access\":true,\"private_ipv6_google_access\":\"DISABLE_GOOGLE_ACCESS\",\"project\":\"mtrx-hub-dev-3of\",\"purpose\":\"PRIVATE\",\"region\":\"us-central1\",\"role\":\"\",\"secondary_ip_range\":[{\"ip_cidr_range\":\"10.128.0.0/16\",\"range_name\":\"sn-hub-dev-us-sec-range\"},{\"ip_cidr_range\":\"10.129.0.0/16\",\"range_name\":\"sn-hub-dev-us-pod-range\"},{\"ip_cidr_range\":\"10.130.0.0/16\",\"range_name\":\"sn-hub-dev-us-svc-range\"}],\"self_link\":\"https://www.googleapis.com/compute/v1/projects/mtrx-hub-dev-3of/regions/us-central1/subnetworks/sn-hub-dev-us\",\"stack_type\":\"IPV4_ONLY\",\"timeouts\":null}},\"subnets_flow_logs\":[false,false],\"subnets_ids\":[\"projects/mtrx-hub-dev-3of/regions/europe-west1/subnetworks/sn-hub-dev-eu\",\"projects/mtrx-hub-dev-3of/regions/us-central1/subnetworks/sn-hub-dev-us\"],\"subnets_ips\":[\"10.1.0.0/16\",\"10.0.0.0/16\"],\"subnets_names\":[\"sn-hub-dev-eu\",\"sn-hub-dev-us\"],\"subnets_private_access\":[true,true],\"subnets_regions\":[\"europe-west1\",\"us-central1\"],\"subnets_secondary_ranges\":[[{\"ip_cidr_range\":\"10.131.0.0/16\",\"range_name\":\"sn-hub-dev-eu-sec-range\"},{\"ip_cidr_range\":\"10.132.0.0/16\",\"range_name\":\"sn-hub-dev-eu-pod-range\"},{\"ip_cidr_range\":\"10.133.0.0/16\",\"range_name\":\"sn-hub-dev-eu-svc-range\"}],[{\"ip_cidr_range\":\"10.128.0.0/16\",\"range_name\":\"sn-hub-dev-us-sec-range\"},{\"ip_cidr_range\":\"10.129.0.0/16\",\"range_name\":\"sn-hub-dev-us-pod-range\"},{\"ip_cidr_range\":\"10.130.0.0/16\",\"range_name\":\"sn-hub-dev-us-svc-range\"}]],\"subnets_self_links\":[\"https://www.googleapis.com/compute/v1/projects/mtrx-hub-dev-3of/regions/europe-west1/subnetworks/sn-hub-dev-eu\",\"https://www.googleapis.com/compute/v1/projects/mtrx-hub-dev-3of/regions/us-central1/subnetworks/sn-hub-dev-us\"]},\"project_id\":\"mtrx-hub-dev-3of\"}",
            "ca_cert_pem": null,
            "id": "https://www.googleapis.com/storage/v1/b/mtrx-us-central1-hub-dev-storage/o/tf_bootstrap.json?alt=media",
            "insecure": null,
            "method": null,
            "request_body": null,
            "request_headers": {
              "Authorization": "Bearer ya29.a0AXooCgtCw2s-BFKkbiJSCU2Qn4hjsUZUdnnBkCF3rWnX7z43UCwjehXOXIpY_uutxjHsXmuYHpX5cac5gXrTDEpBjJChw9Qaoy1rBn-A-Ce0DwNDM1imD6CtZ2ZySNwiaflJg8zXiswKxXMTG_dHu-uQKuH-VtY7VM-YFG0aCgYKAQ8SARASFQHGX2MixcHcyosX1ZOyAggn3WuHGg0174"
            },
            "request_timeout_ms": null,
            "response_body": "{\"github_sa_ro_email\":\"sa-github-actions-ro@mtrx-hub-dev-3of.iam.gserviceaccount.com\",\"github_sa_rw_email\":\"sa-github-actions-rw@mtrx-hub-dev-3of.iam.gserviceaccount.com\",\"k8s_config\":{\"pod_ip_range\":\"sn-hub-dev-us-pod-range\",\"secondary_range\":\"sn-hub-dev-us-sec-range\",\"subnetwork\":\"sn-hub-dev-us\",\"svc_ip_range\":\"sn-hub-dev-us-svc-range\"},\"network\":{\"network\":{\"network\":{\"auto_create_subnetworks\":false,\"delete_default_routes_on_create\":false,\"description\":\"\",\"enable_ula_internal_ipv6\":false,\"gateway_ipv4\":\"\",\"id\":\"projects/mtrx-hub-dev-3of/global/networks/matrix-hub-dev-nw\",\"internal_ipv6_range\":\"\",\"mtu\":0,\"name\":\"matrix-hub-dev-nw\",\"network_firewall_policy_enforcement_order\":\"AFTER_CLASSIC_FIREWALL\",\"project\":\"mtrx-hub-dev-3of\",\"routing_mode\":\"GLOBAL\",\"self_link\":\"https://www.googleapis.com/compute/v1/projects/mtrx-hub-dev-3of/global/networks/matrix-hub-dev-nw\",\"timeouts\":null},\"network_id\":\"projects/mtrx-hub-dev-3of/global/networks/matrix-hub-dev-nw\",\"network_name\":\"matrix-hub-dev-nw\",\"network_self_link\":\"https://www.googleapis.com/compute/v1/projects/mtrx-hub-dev-3of/global/networks/matrix-hub-dev-nw\",\"project_id\":\"mtrx-hub-dev-3of\"},\"network_id\":\"projects/mtrx-hub-dev-3of/global/networks/matrix-hub-dev-nw\",\"network_name\":\"matrix-hub-dev-nw\",\"network_self_link\":\"https://www.googleapis.com/compute/v1/projects/mtrx-hub-dev-3of/global/networks/matrix-hub-dev-nw\",\"project_id\":\"mtrx-hub-dev-3of\",\"route_names\":[\"egress-internet\"],\"subnets\":{\"europe-west1/sn-hub-dev-eu\":{\"creation_timestamp\":\"2024-06-13T08:55:45.851-07:00\",\"description\":\"\",\"external_ipv6_prefix\":\"\",\"fingerprint\":null,\"gateway_address\":\"10.1.0.1\",\"id\":\"projects/mtrx-hub-dev-3of/regions/europe-west1/subnetworks/sn-hub-dev-eu\",\"internal_ipv6_prefix\":\"\",\"ip_cidr_range\":\"10.1.0.0/16\",\"ipv6_access_type\":\"\",\"ipv6_cidr_range\":\"\",\"log_config\":[],\"name\":\"sn-hub-dev-eu\",\"network\":\"https://www.googleapis.com/compute/v1/projects/mtrx-hub-dev-3of/global/networks/matrix-hub-dev-nw\",\"private_ip_google_access\":true,\"private_ipv6_google_access\":\"DISABLE_GOOGLE_ACCESS\",\"project\":\"mtrx-hub-dev-3of\",\"purpose\":\"PRIVATE\",\"region\":\"europe-west1\",\"role\":\"\",\"secondary_ip_range\":[{\"ip_cidr_range\":\"10.131.0.0/16\",\"range_name\":\"sn-hub-dev-eu-sec-range\"},{\"ip_cidr_range\":\"10.132.0.0/16\",\"range_name\":\"sn-hub-dev-eu-pod-range\"},{\"ip_cidr_range\":\"10.133.0.0/16\",\"range_name\":\"sn-hub-dev-eu-svc-range\"}],\"self_link\":\"https://www.googleapis.com/compute/v1/projects/mtrx-hub-dev-3of/regions/europe-west1/subnetworks/sn-hub-dev-eu\",\"stack_type\":\"IPV4_ONLY\",\"timeouts\":null},\"us-central1/sn-hub-dev-us\":{\"creation_timestamp\":\"2024-06-13T08:55:45.236-07:00\",\"description\":\"\",\"external_ipv6_prefix\":\"\",\"fingerprint\":null,\"gateway_address\":\"10.0.0.1\",\"id\":\"projects/mtrx-hub-dev-3of/regions/us-central1/subnetworks/sn-hub-dev-us\",\"internal_ipv6_prefix\":\"\",\"ip_cidr_range\":\"10.0.0.0/16\",\"ipv6_access_type\":\"\",\"ipv6_cidr_range\":\"\",\"log_config\":[],\"name\":\"sn-hub-dev-us\",\"network\":\"https://www.googleapis.com/compute/v1/projects/mtrx-hub-dev-3of/global/networks/matrix-hub-dev-nw\",\"private_ip_google_access\":true,\"private_ipv6_google_access\":\"DISABLE_GOOGLE_ACCESS\",\"project\":\"mtrx-hub-dev-3of\",\"purpose\":\"PRIVATE\",\"region\":\"us-central1\",\"role\":\"\",\"secondary_ip_range\":[{\"ip_cidr_range\":\"10.128.0.0/16\",\"range_name\":\"sn-hub-dev-us-sec-range\"},{\"ip_cidr_range\":\"10.129.0.0/16\",\"range_name\":\"sn-hub-dev-us-pod-range\"},{\"ip_cidr_range\":\"10.130.0.0/16\",\"range_name\":\"sn-hub-dev-us-svc-range\"}],\"self_link\":\"https://www.googleapis.com/compute/v1/projects/mtrx-hub-dev-3of/regions/us-central1/subnetworks/sn-hub-dev-us\",\"stack_type\":\"IPV4_ONLY\",\"timeouts\":null}},\"subnets_flow_logs\":[false,false],\"subnets_ids\":[\"projects/mtrx-hub-dev-3of/regions/europe-west1/subnetworks/sn-hub-dev-eu\",\"projects/mtrx-hub-dev-3of/regions/us-central1/subnetworks/sn-hub-dev-us\"],\"subnets_ips\":[\"10.1.0.0/16\",\"10.0.0.0/16\"],\"subnets_names\":[\"sn-hub-dev-eu\",\"sn-hub-dev-us\"],\"subnets_private_access\":[true,true],\"subnets_regions\":[\"europe-west1\",\"us-central1\"],\"subnets_secondary_ranges\":[[{\"ip_cidr_range\":\"10.131.0.0/16\",\"range_name\":\"sn-hub-dev-eu-sec-range\"},{\"ip_cidr_range\":\"10.132.0.0/16\",\"range_name\":\"sn-hub-dev-eu-pod-range\"},{\"ip_cidr_range\":\"10.133.0.0/16\",\"range_name\":\"sn-hub-dev-eu-svc-range\"}],[{\"ip_cidr_range\":\"10.128.0.0/16\",\"range_name\":\"sn-hub-dev-us-sec-range\"},{\"ip_cidr_range\":\"10.129.0.0/16\",\"range_name\":\"sn-hub-dev-us-pod-range\"},{\"ip_cidr_range\":\"10.130.0.0/16\",\"range_name\":\"sn-hub-dev-us-svc-range\"}]],\"subnets_self_links\":[\"https://www.googleapis.com/compute/v1/projects/mtrx-hub-dev-3of/regions/europe-west1/subnetworks/sn-hub-dev-eu\",\"https://www.googleapis.com/compute/v1/projects/mtrx-hub-dev-3of/regions/us-central1/subnetworks/sn-hub-dev-us\"]},\"project_id\":\"mtrx-hub-dev-3of\"}",
            "response_body_base64": "eyJnaXRodWJfc2Ffcm9fZW1haWwiOiJzYS1naXRodWItYWN0aW9ucy1yb0BtdHJ4LWh1Yi1kZXYtM29mLmlhbS5nc2VydmljZWFjY291bnQuY29tIiwiZ2l0aHViX3NhX3J3X2VtYWlsIjoic2EtZ2l0aHViLWFjdGlvbnMtcndAbXRyeC1odWItZGV2LTNvZi5pYW0uZ3NlcnZpY2VhY2NvdW50LmNvbSIsIms4c19jb25maWciOnsicG9kX2lwX3JhbmdlIjoic24taHViLWRldi11cy1wb2QtcmFuZ2UiLCJzZWNvbmRhcnlfcmFuZ2UiOiJzbi1odWItZGV2LXVzLXNlYy1yYW5nZSIsInN1Ym5ldHdvcmsiOiJzbi1odWItZGV2LXVzIiwic3ZjX2lwX3JhbmdlIjoic24taHViLWRldi11cy1zdmMtcmFuZ2UifSwibmV0d29yayI6eyJuZXR3b3JrIjp7Im5ldHdvcmsiOnsiYXV0b19jcmVhdGVfc3VibmV0d29ya3MiOmZhbHNlLCJkZWxldGVfZGVmYXVsdF9yb3V0ZXNfb25fY3JlYXRlIjpmYWxzZSwiZGVzY3JpcHRpb24iOiIiLCJlbmFibGVfdWxhX2ludGVybmFsX2lwdjYiOmZhbHNlLCJnYXRld2F5X2lwdjQiOiIiLCJpZCI6InByb2plY3RzL210cngtaHViLWRldi0zb2YvZ2xvYmFsL25ldHdvcmtzL21hdHJpeC1odWItZGV2LW53IiwiaW50ZXJuYWxfaXB2Nl9yYW5nZSI6IiIsIm10dSI6MCwibmFtZSI6Im1hdHJpeC1odWItZGV2LW53IiwibmV0d29ya19maXJld2FsbF9wb2xpY3lfZW5mb3JjZW1lbnRfb3JkZXIiOiJBRlRFUl9DTEFTU0lDX0ZJUkVXQUxMIiwicHJvamVjdCI6Im10cngtaHViLWRldi0zb2YiLCJyb3V0aW5nX21vZGUiOiJHTE9CQUwiLCJzZWxmX2xpbmsiOiJodHRwczovL3d3dy5nb29nbGVhcGlzLmNvbS9jb21wdXRlL3YxL3Byb2plY3RzL210cngtaHViLWRldi0zb2YvZ2xvYmFsL25ldHdvcmtzL21hdHJpeC1odWItZGV2LW53IiwidGltZW91dHMiOm51bGx9LCJuZXR3b3JrX2lkIjoicHJvamVjdHMvbXRyeC1odWItZGV2LTNvZi9nbG9iYWwvbmV0d29ya3MvbWF0cml4LWh1Yi1kZXYtbnciLCJuZXR3b3JrX25hbWUiOiJtYXRyaXgtaHViLWRldi1udyIsIm5ldHdvcmtfc2VsZl9saW5rIjoiaHR0cHM6Ly93d3cuZ29vZ2xlYXBpcy5jb20vY29tcHV0ZS92MS9wcm9qZWN0cy9tdHJ4LWh1Yi1kZXYtM29mL2dsb2JhbC9uZXR3b3Jrcy9tYXRyaXgtaHViLWRldi1udyIsInByb2plY3RfaWQiOiJtdHJ4LWh1Yi1kZXYtM29mIn0sIm5ldHdvcmtfaWQiOiJwcm9qZWN0cy9tdHJ4LWh1Yi1kZXYtM29mL2dsb2JhbC9uZXR3b3Jrcy9tYXRyaXgtaHViLWRldi1udyIsIm5ldHdvcmtfbmFtZSI6Im1hdHJpeC1odWItZGV2LW53IiwibmV0d29ya19zZWxmX2xpbmsiOiJodHRwczovL3d3dy5nb29nbGVhcGlzLmNvbS9jb21wdXRlL3YxL3Byb2plY3RzL210cngtaHViLWRldi0zb2YvZ2xvYmFsL25ldHdvcmtzL21hdHJpeC1odWItZGV2LW53IiwicHJvamVjdF9pZCI6Im10cngtaHViLWRldi0zb2YiLCJyb3V0ZV9uYW1lcyI6WyJlZ3Jlc3MtaW50ZXJuZXQiXSwic3VibmV0cyI6eyJldXJvcGUtd2VzdDEvc24taHViLWRldi1ldSI6eyJjcmVhdGlvbl90aW1lc3RhbXAiOiIyMDI0LTA2LTEzVDA4OjU1OjQ1Ljg1MS0wNzowMCIsImRlc2NyaXB0aW9uIjoiIiwiZXh0ZXJuYWxfaXB2Nl9wcmVmaXgiOiIiLCJmaW5nZXJwcmludCI6bnVsbCwiZ2F0ZXdheV9hZGRyZXNzIjoiMTAuMS4wLjEiLCJpZCI6InByb2plY3RzL210cngtaHViLWRldi0zb2YvcmVnaW9ucy9ldXJvcGUtd2VzdDEvc3VibmV0d29ya3Mvc24taHViLWRldi1ldSIsImludGVybmFsX2lwdjZfcHJlZml4IjoiIiwiaXBfY2lkcl9yYW5nZSI6IjEwLjEuMC4wLzE2IiwiaXB2Nl9hY2Nlc3NfdHlwZSI6IiIsImlwdjZfY2lkcl9yYW5nZSI6IiIsImxvZ19jb25maWciOltdLCJuYW1lIjoic24taHViLWRldi1ldSIsIm5ldHdvcmsiOiJodHRwczovL3d3dy5nb29nbGVhcGlzLmNvbS9jb21wdXRlL3YxL3Byb2plY3RzL210cngtaHViLWRldi0zb2YvZ2xvYmFsL25ldHdvcmtzL21hdHJpeC1odWItZGV2LW53IiwicHJpdmF0ZV9pcF9nb29nbGVfYWNjZXNzIjp0cnVlLCJwcml2YXRlX2lwdjZfZ29vZ2xlX2FjY2VzcyI6IkRJU0FCTEVfR09PR0xFX0FDQ0VTUyIsInByb2plY3QiOiJtdHJ4LWh1Yi1kZXYtM29mIiwicHVycG9zZSI6IlBSSVZBVEUiLCJyZWdpb24iOiJldXJvcGUtd2VzdDEiLCJyb2xlIjoiIiwic2Vjb25kYXJ5X2lwX3JhbmdlIjpbeyJpcF9jaWRyX3JhbmdlIjoiMTAuMTMxLjAuMC8xNiIsInJhbmdlX25hbWUiOiJzbi1odWItZGV2LWV1LXNlYy1yYW5nZSJ9LHsiaXBfY2lkcl9yYW5nZSI6IjEwLjEzMi4wLjAvMTYiLCJyYW5nZV9uYW1lIjoic24taHViLWRldi1ldS1wb2QtcmFuZ2UifSx7ImlwX2NpZHJfcmFuZ2UiOiIxMC4xMzMuMC4wLzE2IiwicmFuZ2VfbmFtZSI6InNuLWh1Yi1kZXYtZXUtc3ZjLXJhbmdlIn1dLCJzZWxmX2xpbmsiOiJodHRwczovL3d3dy5nb29nbGVhcGlzLmNvbS9jb21wdXRlL3YxL3Byb2plY3RzL210cngtaHViLWRldi0zb2YvcmVnaW9ucy9ldXJvcGUtd2VzdDEvc3VibmV0d29ya3Mvc24taHViLWRldi1ldSIsInN0YWNrX3R5cGUiOiJJUFY0X09OTFkiLCJ0aW1lb3V0cyI6bnVsbH0sInVzLWNlbnRyYWwxL3NuLWh1Yi1kZXYtdXMiOnsiY3JlYXRpb25fdGltZXN0YW1wIjoiMjAyNC0wNi0xM1QwODo1NTo0NS4yMzYtMDc6MDAiLCJkZXNjcmlwdGlvbiI6IiIsImV4dGVybmFsX2lwdjZfcHJlZml4IjoiIiwiZmluZ2VycHJpbnQiOm51bGwsImdhdGV3YXlfYWRkcmVzcyI6IjEwLjAuMC4xIiwiaWQiOiJwcm9qZWN0cy9tdHJ4LWh1Yi1kZXYtM29mL3JlZ2lvbnMvdXMtY2VudHJhbDEvc3VibmV0d29ya3Mvc24taHViLWRldi11cyIsImludGVybmFsX2lwdjZfcHJlZml4IjoiIiwiaXBfY2lkcl9yYW5nZSI6IjEwLjAuMC4wLzE2IiwiaXB2Nl9hY2Nlc3NfdHlwZSI6IiIsImlwdjZfY2lkcl9yYW5nZSI6IiIsImxvZ19jb25maWciOltdLCJuYW1lIjoic24taHViLWRldi11cyIsIm5ldHdvcmsiOiJodHRwczovL3d3dy5nb29nbGVhcGlzLmNvbS9jb21wdXRlL3YxL3Byb2plY3RzL210cngtaHViLWRldi0zb2YvZ2xvYmFsL25ldHdvcmtzL21hdHJpeC1odWItZGV2LW53IiwicHJpdmF0ZV9pcF9nb29nbGVfYWNjZXNzIjp0cnVlLCJwcml2YXRlX2lwdjZfZ29vZ2xlX2FjY2VzcyI6IkRJU0FCTEVfR09PR0xFX0FDQ0VTUyIsInByb2plY3QiOiJtdHJ4LWh1Yi1kZXYtM29mIiwicHVycG9zZSI6IlBSSVZBVEUiLCJyZWdpb24iOiJ1cy1jZW50cmFsMSIsInJvbGUiOiIiLCJzZWNvbmRhcnlfaXBfcmFuZ2UiOlt7ImlwX2NpZHJfcmFuZ2UiOiIxMC4xMjguMC4wLzE2IiwicmFuZ2VfbmFtZSI6InNuLWh1Yi1kZXYtdXMtc2VjLXJhbmdlIn0seyJpcF9jaWRyX3JhbmdlIjoiMTAuMTI5LjAuMC8xNiIsInJhbmdlX25hbWUiOiJzbi1odWItZGV2LXVzLXBvZC1yYW5nZSJ9LHsiaXBfY2lkcl9yYW5nZSI6IjEwLjEzMC4wLjAvMTYiLCJyYW5nZV9uYW1lIjoic24taHViLWRldi11cy1zdmMtcmFuZ2UifV0sInNlbGZfbGluayI6Imh0dHBzOi8vd3d3Lmdvb2dsZWFwaXMuY29tL2NvbXB1dGUvdjEvcHJvamVjdHMvbXRyeC1odWItZGV2LTNvZi9yZWdpb25zL3VzLWNlbnRyYWwxL3N1Ym5ldHdvcmtzL3NuLWh1Yi1kZXYtdXMiLCJzdGFja190eXBlIjoiSVBWNF9PTkxZIiwidGltZW91dHMiOm51bGx9fSwic3VibmV0c19mbG93X2xvZ3MiOltmYWxzZSxmYWxzZV0sInN1Ym5ldHNfaWRzIjpbInByb2plY3RzL210cngtaHViLWRldi0zb2YvcmVnaW9ucy9ldXJvcGUtd2VzdDEvc3VibmV0d29ya3Mvc24taHViLWRldi1ldSIsInByb2plY3RzL210cngtaHViLWRldi0zb2YvcmVnaW9ucy91cy1jZW50cmFsMS9zdWJuZXR3b3Jrcy9zbi1odWItZGV2LXVzIl0sInN1Ym5ldHNfaXBzIjpbIjEwLjEuMC4wLzE2IiwiMTAuMC4wLjAvMTYiXSwic3VibmV0c19uYW1lcyI6WyJzbi1odWItZGV2LWV1Iiwic24taHViLWRldi11cyJdLCJzdWJuZXRzX3ByaXZhdGVfYWNjZXNzIjpbdHJ1ZSx0cnVlXSwic3VibmV0c19yZWdpb25zIjpbImV1cm9wZS13ZXN0MSIsInVzLWNlbnRyYWwxIl0sInN1Ym5ldHNfc2Vjb25kYXJ5X3JhbmdlcyI6W1t7ImlwX2NpZHJfcmFuZ2UiOiIxMC4xMzEuMC4wLzE2IiwicmFuZ2VfbmFtZSI6InNuLWh1Yi1kZXYtZXUtc2VjLXJhbmdlIn0seyJpcF9jaWRyX3JhbmdlIjoiMTAuMTMyLjAuMC8xNiIsInJhbmdlX25hbWUiOiJzbi1odWItZGV2LWV1LXBvZC1yYW5nZSJ9LHsiaXBfY2lkcl9yYW5nZSI6IjEwLjEzMy4wLjAvMTYiLCJyYW5nZV9uYW1lIjoic24taHViLWRldi1ldS1zdmMtcmFuZ2UifV0sW3siaXBfY2lkcl9yYW5nZSI6IjEwLjEyOC4wLjAvMTYiLCJyYW5nZV9uYW1lIjoic24taHViLWRldi11cy1zZWMtcmFuZ2UifSx7ImlwX2NpZHJfcmFuZ2UiOiIxMC4xMjkuMC4wLzE2IiwicmFuZ2VfbmFtZSI6InNuLWh1Yi1kZXYtdXMtcG9kLXJhbmdlIn0seyJpcF9jaWRyX3JhbmdlIjoiMTAuMTMwLjAuMC8xNiIsInJhbmdlX25hbWUiOiJzbi1odWItZGV2LXVzLXN2Yy1yYW5nZSJ9XV0sInN1Ym5ldHNfc2VsZl9saW5rcyI6WyJodHRwczovL3d3dy5nb29nbGVhcGlzLmNvbS9jb21wdXRlL3YxL3Byb2plY3RzL210cngtaHViLWRldi0zb2YvcmVnaW9ucy9ldXJvcGUtd2VzdDEvc3VibmV0d29ya3Mvc24taHViLWRldi1ldSIsImh0dHBzOi8vd3d3Lmdvb2dsZWFwaXMuY29tL2NvbXB1dGUvdjEvcHJvamVjdHMvbXRyeC1odWItZGV2LTNvZi9yZWdpb25zL3VzLWNlbnRyYWwxL3N1Ym5ldHdvcmtzL3NuLWh1Yi1kZXYtdXMiXX0sInByb2plY3RfaWQiOiJtdHJ4LWh1Yi1kZXYtM29mIn0=",
            "response_headers": {
              "Alt-Svc": "h3=\":443\"; ma=2592000,h3-29=\":443\"; ma=2592000",
              "Cache-Control": "no-cache, no-store, max-age=0, must-revalidate",
              "Content-Disposition": "attachment",
              "Content-Length": "4748",
              "Content-Type": "text/plain; charset=utf-8",
              "Date": "Fri, 28 Jun 2024 16:10:22 GMT",
              "Etag": "CI2AzcbT24YDEAE=",
              "Expires": "Mon, 01 Jan 1990 00:00:00 GMT",
              "Last-Modified": "Fri, 14 Jun 2024 17:48:23 GMT",
              "Pragma": "no-cache",
              "Server": "UploadServer",
              "Vary": "Origin, X-Origin",
              "X-Goog-Generation": "1718387303727117",
              "X-Goog-Hash": "crc32c=WFdmUw==,md5=pv6qu5PsmOXJGcjTJQ680g==",
              "X-Goog-Metageneration": "1",
              "X-Goog-Storage-Class": "STANDARD",
              "X-Goog-Stored-Content-Encoding": "identity",
              "X-Goog-Stored-Content-Length": "4748",
              "X-Guploader-Uploadid": "ACJd0Nq2vM4VBqwjgKinvea4hUZ6qjVL9d045hdbUfrG0owT7yvyfwoO5s_tqkBBSVDH2eXjwxe56aKYOA"
            },
            "retry": null,
            "status_code": 200,
            "url": "https://www.googleapis.com/storage/v1/b/mtrx-us-central1-hub-dev-storage/o/tf_bootstrap.json?alt=media"
          },
          "sensitive_attributes": [
            [
              {
                "type": "get_attr",
                "value": "request_headers"
              },
              {
                "type": "index",
                "value": {
                  "value": "Authorization",
                  "type": "string"
                }
              }
            ]
          ]
        }
      ]
    },
    {
      "module": "module.compute_cluster",
      "mode": "data",
      "type": "google_client_config",
      "name": "default",
      "provider": "provider[\"registry.terraform.io/hashicorp/google\"]",
      "instances": [
        {
          "schema_version": 0,
          "attributes": {
            "access_token": "ya29.a0AXooCgtCw2s-BFKkbiJSCU2Qn4hjsUZUdnnBkCF3rWnX7z43UCwjehXOXIpY_uutxjHsXmuYHpX5cac5gXrTDEpBjJChw9Qaoy1rBn-A-Ce0DwNDM1imD6CtZ2ZySNwiaflJg8zXiswKxXMTG_dHu-uQKuH-VtY7VM-YFG0aCgYKAQ8SARASFQHGX2MixcHcyosX1ZOyAggn3WuHGg0174",
            "id": "projects/\u003cnull\u003e/regions/\u003cnull\u003e/zones/\u003cnull\u003e",
            "project": null,
            "region": null,
            "zone": null
          },
          "sensitive_attributes": []
        }
      ]
    },
    {
      "module": "module.compute_cluster.module.argo",
      "mode": "managed",
      "type": "helm_release",
      "name": "argo",
      "provider": "module.compute_cluster.provider[\"registry.terraform.io/hashicorp/helm\"]",
      "instances": [
        {
          "schema_version": 1,
          "attributes": {
            "atomic": false,
            "chart": "argo-cd",
            "cleanup_on_fail": false,
            "create_namespace": false,
            "dependency_update": false,
            "description": null,
            "devel": null,
            "disable_crd_hooks": false,
            "disable_openapi_validation": false,
            "disable_webhooks": false,
            "force_update": false,
            "id": "argo",
            "keyring": null,
            "lint": false,
            "manifest": null,
            "max_history": 0,
            "metadata": [
              {
                "app_version": "v2.11.3",
                "chart": "argo-cd",
                "name": "argo",
                "namespace": "argocd",
                "revision": 1,
                "values": "{\"server.ingress.annotations\":{\"kubernetes.io/ingress.class\":\"nginx\",\"nginx.ingress.kubernetes.io/force-ssl-redirect\":\"true\",\"nginx.ingress.kubernetes.io/ssl-passthrough\":\"true\"}}",
                "version": "7.1.3"
              }
            ],
            "name": "argo",
            "namespace": "argocd",
            "pass_credentials": false,
            "postrender": [],
            "recreate_pods": false,
            "render_subchart_notes": true,
            "replace": false,
            "repository": "https://argoproj.github.io/argo-helm",
            "repository_ca_file": null,
            "repository_cert_file": null,
            "repository_key_file": null,
            "repository_password": null,
            "repository_username": null,
            "reset_values": false,
            "reuse_values": false,
            "set": [],
            "set_list": [],
            "set_sensitive": [],
            "skip_crds": false,
            "status": "deployed",
            "timeout": 300,
            "values": [
              "\"server.ingress.annotations\":\n  \"kubernetes.io/ingress.class\": \"nginx\"\n  \"nginx.ingress.kubernetes.io/force-ssl-redirect\": \"true\"\n  \"nginx.ingress.kubernetes.io/ssl-passthrough\": \"true\"\n"
            ],
            "verify": false,
            "version": "7.1.3",
            "wait": true,
            "wait_for_jobs": false
          },
          "sensitive_attributes": [],
          "private": "eyJzY2hlbWFfdmVyc2lvbiI6IjEifQ==",
          "dependencies": [
            "module.bootstrap_data.data.google_client_config.current",
            "module.bootstrap_data.data.google_storage_bucket_object.object",
            "module.bootstrap_data.data.http.object",
            "module.compute_cluster.data.google_client_config.default",
            "module.compute_cluster.module.gke.data.google_compute_subnetwork.gke_subnetwork",
            "module.compute_cluster.module.gke.data.google_compute_zones.available",
            "module.compute_cluster.module.gke.data.google_container_engine_versions.region",
            "module.compute_cluster.module.gke.data.google_container_engine_versions.zone",
            "module.compute_cluster.module.gke.google_compute_firewall.intra_egress",
            "module.compute_cluster.module.gke.google_compute_firewall.master_webhooks",
            "module.compute_cluster.module.gke.google_compute_firewall.shadow_allow_inkubelet",
            "module.compute_cluster.module.gke.google_compute_firewall.shadow_allow_master",
            "module.compute_cluster.module.gke.google_compute_firewall.shadow_allow_nodes",
            "module.compute_cluster.module.gke.google_compute_firewall.shadow_allow_pods",
            "module.compute_cluster.module.gke.google_compute_firewall.shadow_deny_exkubelet",
            "module.compute_cluster.module.gke.google_compute_firewall.tpu_egress",
            "module.compute_cluster.module.gke.google_container_cluster.primary",
            "module.compute_cluster.module.gke.google_container_node_pool.pools",
            "module.compute_cluster.module.gke.google_container_node_pool.windows_pools",
            "module.compute_cluster.module.gke.google_project_iam_member.cluster_service_account-artifact-registry",
            "module.compute_cluster.module.gke.google_project_iam_member.cluster_service_account-gcr",
            "module.compute_cluster.module.gke.google_project_iam_member.cluster_service_account-nodeService_account",
            "module.compute_cluster.module.gke.google_service_account.cluster_service_account",
            "module.compute_cluster.module.gke.kubernetes_config_map.ip-masq-agent",
            "module.compute_cluster.module.gke.kubernetes_config_map_v1_data.kube-dns",
            "module.compute_cluster.module.gke.kubernetes_config_map_v1_data.kube-dns-upstream-nameservers-and-stub-domains",
            "module.compute_cluster.module.gke.kubernetes_config_map_v1_data.kube-dns-upstream-namservers",
            "module.compute_cluster.module.gke.random_shuffle.available_zones",
            "module.compute_cluster.module.gke.random_string.cluster_service_account_suffix",
            "module.compute_cluster.module.service_accounts.google_service_account.service_accounts"
          ]
        }
      ]
    },
    {
      "module": "module.compute_cluster.module.argo",
      "mode": "managed",
      "type": "kubectl_manifest",
      "name": "argo_creds",
      "provider": "module.compute_cluster.provider[\"registry.terraform.io/gavinbunney/kubectl\"]",
      "instances": [
        {
          "schema_version": 1,
          "attributes": {
            "api_version": "v1",
            "apply_only": false,
            "force_conflicts": false,
            "force_new": false,
            "id": "/api/v1/namespaces/argocd/secrets/basic-auth",
            "ignore_fields": null,
            "kind": "Secret",
            "live_manifest_incluster": "3bde3b03fe1b284387c876ca6db9ed264d65a9b83b03a027a61ac174e120eee6",
            "live_uid": "fda96aed-d824-4e21-a520-5e934012af78",
            "name": "basic-auth",
            "namespace": "argocd",
            "override_namespace": null,
            "sensitive_fields": null,
            "server_side_apply": false,
            "timeouts": null,
            "uid": "fda96aed-d824-4e21-a520-5e934012af78",
            "validate_schema": true,
            "wait": null,
            "wait_for_rollout": true,
            "yaml_body": "apiVersion: v1\nkind: Secret\nmetadata:\n  name: basic-auth\n  namespace: argocd\n  labels:\n    \"argocd.argoproj.io/secret-type\" : \"repository\"\ndata:\n   type: Z2l0\n   url: aHR0cHM6Ly9naXRodWIuY29tL2V2ZXJ5Y3VyZS1vcmcvbWF0cml4LmdpdA==\n   password: Z2l0aHViX3BhdF8xMUE1Tk9TRUEwTmJCU3ZQUHF5dElaX1B1TkQ1WXJsVU1yc0w4c3d6SUxTREdjRlJYZHV6V3V3ZkJOak1UN0NHRzhMNVZRMjRKUWhVUVI0ZkFr\ntype: Opaque\n",
            "yaml_body_parsed": "apiVersion: v1\ndata: (sensitive value)\nkind: Secret\nmetadata:\n  labels:\n    argocd.argoproj.io/secret-type: repository\n  name: basic-auth\n  namespace: argocd\ntype: Opaque\n",
            "yaml_incluster": "3bde3b03fe1b284387c876ca6db9ed264d65a9b83b03a027a61ac174e120eee6"
          },
          "sensitive_attributes": [],
          "private": "eyJlMmJmYjczMC1lY2FhLTExZTYtOGY4OC0zNDM2M2JjN2M0YzAiOnsiY3JlYXRlIjo2MDAwMDAwMDAwMDB9LCJzY2hlbWFfdmVyc2lvbiI6IjEifQ==",
          "dependencies": [
            "module.bootstrap_data.data.google_client_config.current",
            "module.bootstrap_data.data.google_storage_bucket_object.object",
            "module.bootstrap_data.data.http.object",
            "module.compute_cluster.data.google_client_config.default",
            "module.compute_cluster.module.gke.data.google_compute_subnetwork.gke_subnetwork",
            "module.compute_cluster.module.gke.data.google_compute_zones.available",
            "module.compute_cluster.module.gke.data.google_container_engine_versions.region",
            "module.compute_cluster.module.gke.data.google_container_engine_versions.zone",
            "module.compute_cluster.module.gke.google_compute_firewall.intra_egress",
            "module.compute_cluster.module.gke.google_compute_firewall.master_webhooks",
            "module.compute_cluster.module.gke.google_compute_firewall.shadow_allow_inkubelet",
            "module.compute_cluster.module.gke.google_compute_firewall.shadow_allow_master",
            "module.compute_cluster.module.gke.google_compute_firewall.shadow_allow_nodes",
            "module.compute_cluster.module.gke.google_compute_firewall.shadow_allow_pods",
            "module.compute_cluster.module.gke.google_compute_firewall.shadow_deny_exkubelet",
            "module.compute_cluster.module.gke.google_compute_firewall.tpu_egress",
            "module.compute_cluster.module.gke.google_container_cluster.primary",
            "module.compute_cluster.module.gke.google_container_node_pool.pools",
            "module.compute_cluster.module.gke.google_container_node_pool.windows_pools",
            "module.compute_cluster.module.gke.google_project_iam_member.cluster_service_account-artifact-registry",
            "module.compute_cluster.module.gke.google_project_iam_member.cluster_service_account-gcr",
            "module.compute_cluster.module.gke.google_project_iam_member.cluster_service_account-nodeService_account",
            "module.compute_cluster.module.gke.google_service_account.cluster_service_account",
            "module.compute_cluster.module.gke.kubernetes_config_map.ip-masq-agent",
            "module.compute_cluster.module.gke.kubernetes_config_map_v1_data.kube-dns",
            "module.compute_cluster.module.gke.kubernetes_config_map_v1_data.kube-dns-upstream-nameservers-and-stub-domains",
            "module.compute_cluster.module.gke.kubernetes_config_map_v1_data.kube-dns-upstream-namservers",
            "module.compute_cluster.module.gke.random_shuffle.available_zones",
            "module.compute_cluster.module.gke.random_string.cluster_service_account_suffix",
            "module.compute_cluster.module.service_accounts.google_service_account.service_accounts"
          ]
        }
      ]
    },
    {
      "module": "module.compute_cluster.module.argo",
      "mode": "managed",
      "type": "kubectl_manifest",
      "name": "argo_ns",
      "provider": "module.compute_cluster.provider[\"registry.terraform.io/gavinbunney/kubectl\"]",
      "instances": [
        {
          "schema_version": 1,
          "attributes": {
            "api_version": "v1",
            "apply_only": false,
            "force_conflicts": false,
            "force_new": false,
            "id": "/api/v1/namespaces/argocd",
            "ignore_fields": null,
            "kind": "Namespace",
            "live_manifest_incluster": "2449e8fa4de40702cdf4e033022e0508e27a3066f1e22b4158bbde0284cb80ac",
            "live_uid": "11d73d21-0348-4d65-919d-229ae108068f",
            "name": "argocd",
            "namespace": null,
            "override_namespace": null,
            "sensitive_fields": null,
            "server_side_apply": false,
            "timeouts": null,
            "uid": "11d73d21-0348-4d65-919d-229ae108068f",
            "validate_schema": true,
            "wait": null,
            "wait_for_rollout": true,
            "yaml_body": "apiVersion: v1\nkind: Namespace\nmetadata:\n  name:  argocd\n",
            "yaml_body_parsed": "apiVersion: v1\nkind: Namespace\nmetadata:\n  name: argocd\n",
            "yaml_incluster": "2449e8fa4de40702cdf4e033022e0508e27a3066f1e22b4158bbde0284cb80ac"
          },
          "sensitive_attributes": [],
          "private": "eyJlMmJmYjczMC1lY2FhLTExZTYtOGY4OC0zNDM2M2JjN2M0YzAiOnsiY3JlYXRlIjo2MDAwMDAwMDAwMDB9LCJzY2hlbWFfdmVyc2lvbiI6IjEifQ==",
          "dependencies": [
            "module.bootstrap_data.data.google_client_config.current",
            "module.bootstrap_data.data.google_storage_bucket_object.object",
            "module.bootstrap_data.data.http.object",
            "module.compute_cluster.data.google_client_config.default",
            "module.compute_cluster.module.gke.data.google_compute_subnetwork.gke_subnetwork",
            "module.compute_cluster.module.gke.data.google_compute_zones.available",
            "module.compute_cluster.module.gke.data.google_container_engine_versions.region",
            "module.compute_cluster.module.gke.data.google_container_engine_versions.zone",
            "module.compute_cluster.module.gke.google_compute_firewall.intra_egress",
            "module.compute_cluster.module.gke.google_compute_firewall.master_webhooks",
            "module.compute_cluster.module.gke.google_compute_firewall.shadow_allow_inkubelet",
            "module.compute_cluster.module.gke.google_compute_firewall.shadow_allow_master",
            "module.compute_cluster.module.gke.google_compute_firewall.shadow_allow_nodes",
            "module.compute_cluster.module.gke.google_compute_firewall.shadow_allow_pods",
            "module.compute_cluster.module.gke.google_compute_firewall.shadow_deny_exkubelet",
            "module.compute_cluster.module.gke.google_compute_firewall.tpu_egress",
            "module.compute_cluster.module.gke.google_container_cluster.primary",
            "module.compute_cluster.module.gke.google_container_node_pool.pools",
            "module.compute_cluster.module.gke.google_container_node_pool.windows_pools",
            "module.compute_cluster.module.gke.google_project_iam_member.cluster_service_account-artifact-registry",
            "module.compute_cluster.module.gke.google_project_iam_member.cluster_service_account-gcr",
            "module.compute_cluster.module.gke.google_project_iam_member.cluster_service_account-nodeService_account",
            "module.compute_cluster.module.gke.google_service_account.cluster_service_account",
            "module.compute_cluster.module.gke.kubernetes_config_map.ip-masq-agent",
            "module.compute_cluster.module.gke.kubernetes_config_map_v1_data.kube-dns",
            "module.compute_cluster.module.gke.kubernetes_config_map_v1_data.kube-dns-upstream-nameservers-and-stub-domains",
            "module.compute_cluster.module.gke.kubernetes_config_map_v1_data.kube-dns-upstream-namservers",
            "module.compute_cluster.module.gke.random_shuffle.available_zones",
            "module.compute_cluster.module.gke.random_string.cluster_service_account_suffix",
            "module.compute_cluster.module.service_accounts.google_service_account.service_accounts"
          ]
        }
      ]
    },
    {
      "module": "module.compute_cluster.module.argo",
      "mode": "managed",
      "type": "kubernetes_manifest",
      "name": "app_of_apps",
      "provider": "module.compute_cluster.provider[\"registry.terraform.io/hashicorp/kubernetes\"]",
      "instances": [
        {
          "schema_version": 1,
          "attributes": {
            "computed_fields": null,
            "field_manager": [
              {
                "force_conflicts": true,
                "name": null
              }
            ],
            "manifest": {
              "value": {
                "apiVersion": "argoproj.io/v1alpha1",
                "kind": "Application",
                "metadata": {
                  "name": "app-of-apps",
                  "namespace": "argocd"
                },
                "spec": {
                  "destination": {
                    "namespace": "argocd",
                    "server": "https://kubernetes.default.svc"
                  },
                  "project": "default",
                  "source": {
                    "path": "infra/argo//app-of-apps",
                    "repoURL": "https://github.com/everycure-org/matrix.git",
                    "targetRevision": "feat/neo4j-infra"
                  },
                  "syncPolicy": {
                    "automated": {
                      "allowEmpty": true,
                      "prune": true
                    },
                    "syncOptions": [
                      "CreateNamespace=true"
                    ]
                  }
                }
              },
              "type": [
                "object",
                {
                  "apiVersion": "string",
                  "kind": "string",
                  "metadata": [
                    "object",
                    {
                      "name": "string",
                      "namespace": "string"
                    }
                  ],
                  "spec": [
                    "object",
                    {
                      "destination": [
                        "object",
                        {
                          "namespace": "string",
                          "server": "string"
                        }
                      ],
                      "project": "string",
                      "source": [
                        "object",
                        {
                          "path": "string",
                          "repoURL": "string",
                          "targetRevision": "string"
                        }
                      ],
                      "syncPolicy": [
                        "object",
                        {
                          "automated": [
                            "object",
                            {
                              "allowEmpty": "bool",
                              "prune": "bool"
                            }
                          ],
                          "syncOptions": [
                            "tuple",
                            [
                              "string"
                            ]
                          ]
                        }
                      ]
                    }
                  ]
                }
              ]
            },
            "object": {
              "value": {
                "apiVersion": "argoproj.io/v1alpha1",
                "kind": "Application",
                "metadata": {
                  "annotations": null,
                  "creationTimestamp": null,
                  "deletionGracePeriodSeconds": null,
                  "deletionTimestamp": null,
                  "finalizers": null,
                  "generateName": null,
                  "generation": null,
                  "labels": null,
                  "managedFields": null,
                  "name": "app-of-apps",
                  "namespace": "argocd",
                  "ownerReferences": null,
                  "resourceVersion": null,
                  "selfLink": null,
                  "uid": null
                },
                "operation": {
                  "info": null,
                  "initiatedBy": {
                    "automated": null,
                    "username": null
                  },
                  "retry": {
                    "backoff": {
                      "duration": null,
                      "factor": null,
                      "maxDuration": null
                    },
                    "limit": null
                  },
                  "sync": {
                    "dryRun": null,
                    "manifests": null,
                    "prune": null,
                    "resources": null,
                    "revision": null,
                    "revisions": null,
                    "source": {
                      "chart": null,
                      "directory": {
                        "exclude": null,
                        "include": null,
                        "jsonnet": {
                          "extVars": null,
                          "libs": null,
                          "tlas": null
                        },
                        "recurse": null
                      },
                      "helm": {
                        "fileParameters": null,
                        "ignoreMissingValueFiles": null,
                        "parameters": null,
                        "passCredentials": null,
                        "releaseName": null,
                        "skipCrds": null,
                        "valueFiles": null,
                        "values": null,
                        "valuesObject": null,
                        "version": null
                      },
                      "kustomize": {
                        "commonAnnotations": null,
                        "commonAnnotationsEnvsubst": null,
                        "commonLabels": null,
                        "components": null,
                        "forceCommonAnnotations": null,
                        "forceCommonLabels": null,
                        "images": null,
                        "labelWithoutSelector": null,
                        "namePrefix": null,
                        "nameSuffix": null,
                        "namespace": null,
                        "patches": null,
                        "replicas": null,
                        "version": null
                      },
                      "path": null,
                      "plugin": {
                        "env": null,
                        "name": null,
                        "parameters": null
                      },
                      "ref": null,
                      "repoURL": null,
                      "targetRevision": null
                    },
                    "sources": null,
                    "syncOptions": null,
                    "syncStrategy": {
                      "apply": {
                        "force": null
                      },
                      "hook": {
                        "force": null
                      }
                    }
                  }
                },
                "spec": {
                  "destination": {
                    "name": null,
                    "namespace": "argocd",
                    "server": "https://kubernetes.default.svc"
                  },
                  "ignoreDifferences": null,
                  "info": null,
                  "project": "default",
                  "revisionHistoryLimit": null,
                  "source": {
                    "chart": null,
                    "directory": {
                      "exclude": null,
                      "include": null,
                      "jsonnet": {
                        "extVars": null,
                        "libs": null,
                        "tlas": null
                      },
                      "recurse": null
                    },
                    "helm": {
                      "fileParameters": null,
                      "ignoreMissingValueFiles": null,
                      "parameters": null,
                      "passCredentials": null,
                      "releaseName": null,
                      "skipCrds": null,
                      "valueFiles": null,
                      "values": null,
                      "valuesObject": null,
                      "version": null
                    },
                    "kustomize": {
                      "commonAnnotations": null,
                      "commonAnnotationsEnvsubst": null,
                      "commonLabels": null,
                      "components": null,
                      "forceCommonAnnotations": null,
                      "forceCommonLabels": null,
                      "images": null,
                      "labelWithoutSelector": null,
                      "namePrefix": null,
                      "nameSuffix": null,
                      "namespace": null,
                      "patches": null,
                      "replicas": null,
                      "version": null
                    },
                    "path": "infra/argo//app-of-apps",
                    "plugin": {
                      "env": null,
                      "name": null,
                      "parameters": null
                    },
                    "ref": null,
                    "repoURL": "https://github.com/everycure-org/matrix.git",
                    "targetRevision": "feat/neo4j-infra"
                  },
                  "sources": null,
                  "syncPolicy": {
                    "automated": {
                      "allowEmpty": true,
                      "prune": true,
                      "selfHeal": null
                    },
                    "managedNamespaceMetadata": {
                      "annotations": null,
                      "labels": null
                    },
                    "retry": {
                      "backoff": {
                        "duration": null,
                        "factor": null,
                        "maxDuration": null
                      },
                      "limit": null
                    },
                    "syncOptions": [
                      "CreateNamespace=true"
                    ]
                  }
                }
              },
              "type": [
                "object",
                {
                  "apiVersion": "string",
                  "kind": "string",
                  "metadata": [
                    "object",
                    {
                      "annotations": [
                        "map",
                        "string"
                      ],
                      "creationTimestamp": "string",
                      "deletionGracePeriodSeconds": "number",
                      "deletionTimestamp": "string",
                      "finalizers": [
                        "list",
                        "string"
                      ],
                      "generateName": "string",
                      "generation": "number",
                      "labels": [
                        "map",
                        "string"
                      ],
                      "managedFields": [
                        "tuple",
                        [
                          [
                            "object",
                            {
                              "apiVersion": "string",
                              "fieldsType": "string",
                              "fieldsV1": "dynamic",
                              "manager": "string",
                              "operation": "string",
                              "subresource": "string",
                              "time": "string"
                            }
                          ]
                        ]
                      ],
                      "name": "string",
                      "namespace": "string",
                      "ownerReferences": [
                        "list",
                        [
                          "object",
                          {
                            "apiVersion": "string",
                            "blockOwnerDeletion": "bool",
                            "controller": "bool",
                            "kind": "string",
                            "name": "string",
                            "uid": "string"
                          }
                        ]
                      ],
                      "resourceVersion": "string",
                      "selfLink": "string",
                      "uid": "string"
                    }
                  ],
                  "operation": [
                    "object",
                    {
                      "info": [
                        "list",
                        [
                          "object",
                          {
                            "name": "string",
                            "value": "string"
                          }
                        ]
                      ],
                      "initiatedBy": [
                        "object",
                        {
                          "automated": "bool",
                          "username": "string"
                        }
                      ],
                      "retry": [
                        "object",
                        {
                          "backoff": [
                            "object",
                            {
                              "duration": "string",
                              "factor": "number",
                              "maxDuration": "string"
                            }
                          ],
                          "limit": "number"
                        }
                      ],
                      "sync": [
                        "object",
                        {
                          "dryRun": "bool",
                          "manifests": [
                            "list",
                            "string"
                          ],
                          "prune": "bool",
                          "resources": [
                            "list",
                            [
                              "object",
                              {
                                "group": "string",
                                "kind": "string",
                                "name": "string",
                                "namespace": "string"
                              }
                            ]
                          ],
                          "revision": "string",
                          "revisions": [
                            "list",
                            "string"
                          ],
                          "source": [
                            "object",
                            {
                              "chart": "string",
                              "directory": [
                                "object",
                                {
                                  "exclude": "string",
                                  "include": "string",
                                  "jsonnet": [
                                    "object",
                                    {
                                      "extVars": [
                                        "list",
                                        [
                                          "object",
                                          {
                                            "code": "bool",
                                            "name": "string",
                                            "value": "string"
                                          }
                                        ]
                                      ],
                                      "libs": [
                                        "list",
                                        "string"
                                      ],
                                      "tlas": [
                                        "list",
                                        [
                                          "object",
                                          {
                                            "code": "bool",
                                            "name": "string",
                                            "value": "string"
                                          }
                                        ]
                                      ]
                                    }
                                  ],
                                  "recurse": "bool"
                                }
                              ],
                              "helm": [
                                "object",
                                {
                                  "fileParameters": [
                                    "list",
                                    [
                                      "object",
                                      {
                                        "name": "string",
                                        "path": "string"
                                      }
                                    ]
                                  ],
                                  "ignoreMissingValueFiles": "bool",
                                  "parameters": [
                                    "list",
                                    [
                                      "object",
                                      {
                                        "forceString": "bool",
                                        "name": "string",
                                        "value": "string"
                                      }
                                    ]
                                  ],
                                  "passCredentials": "bool",
                                  "releaseName": "string",
                                  "skipCrds": "bool",
                                  "valueFiles": [
                                    "list",
                                    "string"
                                  ],
                                  "values": "string",
                                  "valuesObject": "dynamic",
                                  "version": "string"
                                }
                              ],
                              "kustomize": [
                                "object",
                                {
                                  "commonAnnotations": [
                                    "map",
                                    "string"
                                  ],
                                  "commonAnnotationsEnvsubst": "bool",
                                  "commonLabels": [
                                    "map",
                                    "string"
                                  ],
                                  "components": [
                                    "list",
                                    "string"
                                  ],
                                  "forceCommonAnnotations": "bool",
                                  "forceCommonLabels": "bool",
                                  "images": [
                                    "list",
                                    "string"
                                  ],
                                  "labelWithoutSelector": "bool",
                                  "namePrefix": "string",
                                  "nameSuffix": "string",
                                  "namespace": "string",
                                  "patches": [
                                    "list",
                                    [
                                      "object",
                                      {
                                        "options": [
                                          "map",
                                          "bool"
                                        ],
                                        "patch": "string",
                                        "path": "string",
                                        "target": [
                                          "object",
                                          {
                                            "annotationSelector": "string",
                                            "group": "string",
                                            "kind": "string",
                                            "labelSelector": "string",
                                            "name": "string",
                                            "namespace": "string",
                                            "version": "string"
                                          }
                                        ]
                                      }
                                    ]
                                  ],
                                  "replicas": [
                                    "list",
                                    [
                                      "object",
                                      {
                                        "count": "string",
                                        "name": "string"
                                      }
                                    ]
                                  ],
                                  "version": "string"
                                }
                              ],
                              "path": "string",
                              "plugin": [
                                "object",
                                {
                                  "env": [
                                    "list",
                                    [
                                      "object",
                                      {
                                        "name": "string",
                                        "value": "string"
                                      }
                                    ]
                                  ],
                                  "name": "string",
                                  "parameters": [
                                    "list",
                                    [
                                      "object",
                                      {
                                        "array": [
                                          "list",
                                          "string"
                                        ],
                                        "map": [
                                          "map",
                                          "string"
                                        ],
                                        "name": "string",
                                        "string": "string"
                                      }
                                    ]
                                  ]
                                }
                              ],
                              "ref": "string",
                              "repoURL": "string",
                              "targetRevision": "string"
                            }
                          ],
                          "sources": [
                            "tuple",
                            [
                              [
                                "object",
                                {
                                  "chart": "string",
                                  "directory": [
                                    "object",
                                    {
                                      "exclude": "string",
                                      "include": "string",
                                      "jsonnet": [
                                        "object",
                                        {
                                          "extVars": [
                                            "list",
                                            [
                                              "object",
                                              {
                                                "code": "bool",
                                                "name": "string",
                                                "value": "string"
                                              }
                                            ]
                                          ],
                                          "libs": [
                                            "list",
                                            "string"
                                          ],
                                          "tlas": [
                                            "list",
                                            [
                                              "object",
                                              {
                                                "code": "bool",
                                                "name": "string",
                                                "value": "string"
                                              }
                                            ]
                                          ]
                                        }
                                      ],
                                      "recurse": "bool"
                                    }
                                  ],
                                  "helm": [
                                    "object",
                                    {
                                      "fileParameters": [
                                        "list",
                                        [
                                          "object",
                                          {
                                            "name": "string",
                                            "path": "string"
                                          }
                                        ]
                                      ],
                                      "ignoreMissingValueFiles": "bool",
                                      "parameters": [
                                        "list",
                                        [
                                          "object",
                                          {
                                            "forceString": "bool",
                                            "name": "string",
                                            "value": "string"
                                          }
                                        ]
                                      ],
                                      "passCredentials": "bool",
                                      "releaseName": "string",
                                      "skipCrds": "bool",
                                      "valueFiles": [
                                        "list",
                                        "string"
                                      ],
                                      "values": "string",
                                      "valuesObject": "dynamic",
                                      "version": "string"
                                    }
                                  ],
                                  "kustomize": [
                                    "object",
                                    {
                                      "commonAnnotations": [
                                        "map",
                                        "string"
                                      ],
                                      "commonAnnotationsEnvsubst": "bool",
                                      "commonLabels": [
                                        "map",
                                        "string"
                                      ],
                                      "components": [
                                        "list",
                                        "string"
                                      ],
                                      "forceCommonAnnotations": "bool",
                                      "forceCommonLabels": "bool",
                                      "images": [
                                        "list",
                                        "string"
                                      ],
                                      "labelWithoutSelector": "bool",
                                      "namePrefix": "string",
                                      "nameSuffix": "string",
                                      "namespace": "string",
                                      "patches": [
                                        "list",
                                        [
                                          "object",
                                          {
                                            "options": [
                                              "map",
                                              "bool"
                                            ],
                                            "patch": "string",
                                            "path": "string",
                                            "target": [
                                              "object",
                                              {
                                                "annotationSelector": "string",
                                                "group": "string",
                                                "kind": "string",
                                                "labelSelector": "string",
                                                "name": "string",
                                                "namespace": "string",
                                                "version": "string"
                                              }
                                            ]
                                          }
                                        ]
                                      ],
                                      "replicas": [
                                        "list",
                                        [
                                          "object",
                                          {
                                            "count": "string",
                                            "name": "string"
                                          }
                                        ]
                                      ],
                                      "version": "string"
                                    }
                                  ],
                                  "path": "string",
                                  "plugin": [
                                    "object",
                                    {
                                      "env": [
                                        "list",
                                        [
                                          "object",
                                          {
                                            "name": "string",
                                            "value": "string"
                                          }
                                        ]
                                      ],
                                      "name": "string",
                                      "parameters": [
                                        "list",
                                        [
                                          "object",
                                          {
                                            "array": [
                                              "list",
                                              "string"
                                            ],
                                            "map": [
                                              "map",
                                              "string"
                                            ],
                                            "name": "string",
                                            "string": "string"
                                          }
                                        ]
                                      ]
                                    }
                                  ],
                                  "ref": "string",
                                  "repoURL": "string",
                                  "targetRevision": "string"
                                }
                              ]
                            ]
                          ],
                          "syncOptions": [
                            "list",
                            "string"
                          ],
                          "syncStrategy": [
                            "object",
                            {
                              "apply": [
                                "object",
                                {
                                  "force": "bool"
                                }
                              ],
                              "hook": [
                                "object",
                                {
                                  "force": "bool"
                                }
                              ]
                            }
                          ]
                        }
                      ]
                    }
                  ],
                  "spec": [
                    "object",
                    {
                      "destination": [
                        "object",
                        {
                          "name": "string",
                          "namespace": "string",
                          "server": "string"
                        }
                      ],
                      "ignoreDifferences": [
                        "list",
                        [
                          "object",
                          {
                            "group": "string",
                            "jqPathExpressions": [
                              "list",
                              "string"
                            ],
                            "jsonPointers": [
                              "list",
                              "string"
                            ],
                            "kind": "string",
                            "managedFieldsManagers": [
                              "list",
                              "string"
                            ],
                            "name": "string",
                            "namespace": "string"
                          }
                        ]
                      ],
                      "info": [
                        "list",
                        [
                          "object",
                          {
                            "name": "string",
                            "value": "string"
                          }
                        ]
                      ],
                      "project": "string",
                      "revisionHistoryLimit": "number",
                      "source": [
                        "object",
                        {
                          "chart": "string",
                          "directory": [
                            "object",
                            {
                              "exclude": "string",
                              "include": "string",
                              "jsonnet": [
                                "object",
                                {
                                  "extVars": [
                                    "list",
                                    [
                                      "object",
                                      {
                                        "code": "bool",
                                        "name": "string",
                                        "value": "string"
                                      }
                                    ]
                                  ],
                                  "libs": [
                                    "list",
                                    "string"
                                  ],
                                  "tlas": [
                                    "list",
                                    [
                                      "object",
                                      {
                                        "code": "bool",
                                        "name": "string",
                                        "value": "string"
                                      }
                                    ]
                                  ]
                                }
                              ],
                              "recurse": "bool"
                            }
                          ],
                          "helm": [
                            "object",
                            {
                              "fileParameters": [
                                "list",
                                [
                                  "object",
                                  {
                                    "name": "string",
                                    "path": "string"
                                  }
                                ]
                              ],
                              "ignoreMissingValueFiles": "bool",
                              "parameters": [
                                "list",
                                [
                                  "object",
                                  {
                                    "forceString": "bool",
                                    "name": "string",
                                    "value": "string"
                                  }
                                ]
                              ],
                              "passCredentials": "bool",
                              "releaseName": "string",
                              "skipCrds": "bool",
                              "valueFiles": [
                                "list",
                                "string"
                              ],
                              "values": "string",
                              "valuesObject": "dynamic",
                              "version": "string"
                            }
                          ],
                          "kustomize": [
                            "object",
                            {
                              "commonAnnotations": [
                                "map",
                                "string"
                              ],
                              "commonAnnotationsEnvsubst": "bool",
                              "commonLabels": [
                                "map",
                                "string"
                              ],
                              "components": [
                                "list",
                                "string"
                              ],
                              "forceCommonAnnotations": "bool",
                              "forceCommonLabels": "bool",
                              "images": [
                                "list",
                                "string"
                              ],
                              "labelWithoutSelector": "bool",
                              "namePrefix": "string",
                              "nameSuffix": "string",
                              "namespace": "string",
                              "patches": [
                                "list",
                                [
                                  "object",
                                  {
                                    "options": [
                                      "map",
                                      "bool"
                                    ],
                                    "patch": "string",
                                    "path": "string",
                                    "target": [
                                      "object",
                                      {
                                        "annotationSelector": "string",
                                        "group": "string",
                                        "kind": "string",
                                        "labelSelector": "string",
                                        "name": "string",
                                        "namespace": "string",
                                        "version": "string"
                                      }
                                    ]
                                  }
                                ]
                              ],
                              "replicas": [
                                "list",
                                [
                                  "object",
                                  {
                                    "count": "string",
                                    "name": "string"
                                  }
                                ]
                              ],
                              "version": "string"
                            }
                          ],
                          "path": "string",
                          "plugin": [
                            "object",
                            {
                              "env": [
                                "list",
                                [
                                  "object",
                                  {
                                    "name": "string",
                                    "value": "string"
                                  }
                                ]
                              ],
                              "name": "string",
                              "parameters": [
                                "list",
                                [
                                  "object",
                                  {
                                    "array": [
                                      "list",
                                      "string"
                                    ],
                                    "map": [
                                      "map",
                                      "string"
                                    ],
                                    "name": "string",
                                    "string": "string"
                                  }
                                ]
                              ]
                            }
                          ],
                          "ref": "string",
                          "repoURL": "string",
                          "targetRevision": "string"
                        }
                      ],
                      "sources": [
                        "tuple",
                        [
                          [
                            "object",
                            {
                              "chart": "string",
                              "directory": [
                                "object",
                                {
                                  "exclude": "string",
                                  "include": "string",
                                  "jsonnet": [
                                    "object",
                                    {
                                      "extVars": [
                                        "list",
                                        [
                                          "object",
                                          {
                                            "code": "bool",
                                            "name": "string",
                                            "value": "string"
                                          }
                                        ]
                                      ],
                                      "libs": [
                                        "list",
                                        "string"
                                      ],
                                      "tlas": [
                                        "list",
                                        [
                                          "object",
                                          {
                                            "code": "bool",
                                            "name": "string",
                                            "value": "string"
                                          }
                                        ]
                                      ]
                                    }
                                  ],
                                  "recurse": "bool"
                                }
                              ],
                              "helm": [
                                "object",
                                {
                                  "fileParameters": [
                                    "list",
                                    [
                                      "object",
                                      {
                                        "name": "string",
                                        "path": "string"
                                      }
                                    ]
                                  ],
                                  "ignoreMissingValueFiles": "bool",
                                  "parameters": [
                                    "list",
                                    [
                                      "object",
                                      {
                                        "forceString": "bool",
                                        "name": "string",
                                        "value": "string"
                                      }
                                    ]
                                  ],
                                  "passCredentials": "bool",
                                  "releaseName": "string",
                                  "skipCrds": "bool",
                                  "valueFiles": [
                                    "list",
                                    "string"
                                  ],
                                  "values": "string",
                                  "valuesObject": "dynamic",
                                  "version": "string"
                                }
                              ],
                              "kustomize": [
                                "object",
                                {
                                  "commonAnnotations": [
                                    "map",
                                    "string"
                                  ],
                                  "commonAnnotationsEnvsubst": "bool",
                                  "commonLabels": [
                                    "map",
                                    "string"
                                  ],
                                  "components": [
                                    "list",
                                    "string"
                                  ],
                                  "forceCommonAnnotations": "bool",
                                  "forceCommonLabels": "bool",
                                  "images": [
                                    "list",
                                    "string"
                                  ],
                                  "labelWithoutSelector": "bool",
                                  "namePrefix": "string",
                                  "nameSuffix": "string",
                                  "namespace": "string",
                                  "patches": [
                                    "list",
                                    [
                                      "object",
                                      {
                                        "options": [
                                          "map",
                                          "bool"
                                        ],
                                        "patch": "string",
                                        "path": "string",
                                        "target": [
                                          "object",
                                          {
                                            "annotationSelector": "string",
                                            "group": "string",
                                            "kind": "string",
                                            "labelSelector": "string",
                                            "name": "string",
                                            "namespace": "string",
                                            "version": "string"
                                          }
                                        ]
                                      }
                                    ]
                                  ],
                                  "replicas": [
                                    "list",
                                    [
                                      "object",
                                      {
                                        "count": "string",
                                        "name": "string"
                                      }
                                    ]
                                  ],
                                  "version": "string"
                                }
                              ],
                              "path": "string",
                              "plugin": [
                                "object",
                                {
                                  "env": [
                                    "list",
                                    [
                                      "object",
                                      {
                                        "name": "string",
                                        "value": "string"
                                      }
                                    ]
                                  ],
                                  "name": "string",
                                  "parameters": [
                                    "list",
                                    [
                                      "object",
                                      {
                                        "array": [
                                          "list",
                                          "string"
                                        ],
                                        "map": [
                                          "map",
                                          "string"
                                        ],
                                        "name": "string",
                                        "string": "string"
                                      }
                                    ]
                                  ]
                                }
                              ],
                              "ref": "string",
                              "repoURL": "string",
                              "targetRevision": "string"
                            }
                          ]
                        ]
                      ],
                      "syncPolicy": [
                        "object",
                        {
                          "automated": [
                            "object",
                            {
                              "allowEmpty": "bool",
                              "prune": "bool",
                              "selfHeal": "bool"
                            }
                          ],
                          "managedNamespaceMetadata": [
                            "object",
                            {
                              "annotations": [
                                "map",
                                "string"
                              ],
                              "labels": [
                                "map",
                                "string"
                              ]
                            }
                          ],
                          "retry": [
                            "object",
                            {
                              "backoff": [
                                "object",
                                {
                                  "duration": "string",
                                  "factor": "number",
                                  "maxDuration": "string"
                                }
                              ],
                              "limit": "number"
                            }
                          ],
                          "syncOptions": [
                            "list",
                            "string"
                          ]
                        }
                      ]
                    }
                  ]
                }
              ]
            },
            "timeouts": [],
            "wait": [],
            "wait_for": null
          },
          "sensitive_attributes": [],
          "dependencies": [
            "module.bootstrap_data.data.google_client_config.current",
            "module.bootstrap_data.data.google_storage_bucket_object.object",
            "module.bootstrap_data.data.http.object",
            "module.compute_cluster.data.google_client_config.default",
            "module.compute_cluster.module.argo.helm_release.argo",
            "module.compute_cluster.module.gke.data.google_compute_subnetwork.gke_subnetwork",
            "module.compute_cluster.module.gke.data.google_compute_zones.available",
            "module.compute_cluster.module.gke.data.google_container_engine_versions.region",
            "module.compute_cluster.module.gke.data.google_container_engine_versions.zone",
            "module.compute_cluster.module.gke.google_compute_firewall.intra_egress",
            "module.compute_cluster.module.gke.google_compute_firewall.master_webhooks",
            "module.compute_cluster.module.gke.google_compute_firewall.shadow_allow_inkubelet",
            "module.compute_cluster.module.gke.google_compute_firewall.shadow_allow_master",
            "module.compute_cluster.module.gke.google_compute_firewall.shadow_allow_nodes",
            "module.compute_cluster.module.gke.google_compute_firewall.shadow_allow_pods",
            "module.compute_cluster.module.gke.google_compute_firewall.shadow_deny_exkubelet",
            "module.compute_cluster.module.gke.google_compute_firewall.tpu_egress",
            "module.compute_cluster.module.gke.google_container_cluster.primary",
            "module.compute_cluster.module.gke.google_container_node_pool.pools",
            "module.compute_cluster.module.gke.google_container_node_pool.windows_pools",
            "module.compute_cluster.module.gke.google_project_iam_member.cluster_service_account-artifact-registry",
            "module.compute_cluster.module.gke.google_project_iam_member.cluster_service_account-gcr",
            "module.compute_cluster.module.gke.google_project_iam_member.cluster_service_account-nodeService_account",
            "module.compute_cluster.module.gke.google_service_account.cluster_service_account",
            "module.compute_cluster.module.gke.kubernetes_config_map.ip-masq-agent",
            "module.compute_cluster.module.gke.kubernetes_config_map_v1_data.kube-dns",
            "module.compute_cluster.module.gke.kubernetes_config_map_v1_data.kube-dns-upstream-nameservers-and-stub-domains",
            "module.compute_cluster.module.gke.kubernetes_config_map_v1_data.kube-dns-upstream-namservers",
            "module.compute_cluster.module.gke.random_shuffle.available_zones",
            "module.compute_cluster.module.gke.random_string.cluster_service_account_suffix",
            "module.compute_cluster.module.service_accounts.google_service_account.service_accounts"
          ]
        }
      ]
    },
    {
      "module": "module.compute_cluster.module.autopilot_gke",
      "mode": "managed",
      "type": "google_container_cluster",
      "name": "primary",
      "provider": "provider[\"registry.terraform.io/hashicorp/google-beta\"]",
      "instances": [
        {
          "schema_version": 2,
          "attributes": {
            "addons_config": [
              {
                "cloudrun_config": [],
                "config_connector_config": [],
                "dns_cache_config": [
                  {
                    "enabled": true
                  }
                ],
                "gce_persistent_disk_csi_driver_config": [
                  {
                    "enabled": true
                  }
                ],
                "gcp_filestore_csi_driver_config": [
                  {
                    "enabled": true
                  }
                ],
                "gcs_fuse_csi_driver_config": [
                  {
                    "enabled": true
                  }
                ],
                "gke_backup_agent_config": [],
                "horizontal_pod_autoscaling": [
                  {
                    "disabled": false
                  }
                ],
                "http_load_balancing": [
                  {
                    "disabled": false
                  }
                ],
                "istio_config": [],
                "kalm_config": [],
                "network_policy_config": [
                  {
                    "disabled": true
                  }
                ],
                "stateful_ha_config": [
                  {
                    "enabled": true
                  }
                ]
              }
            ],
            "allow_net_admin": null,
            "authenticator_groups_config": [],
            "binary_authorization": [
              {
                "enabled": false,
                "evaluation_mode": ""
              }
            ],
            "cluster_autoscaling": [
              {
                "auto_provisioning_defaults": [
                  {
                    "boot_disk_kms_key": "",
                    "disk_size": 0,
                    "disk_type": "",
                    "image_type": "COS_CONTAINERD",
                    "management": [
                      {
                        "auto_repair": true,
                        "auto_upgrade": true,
                        "upgrade_options": []
                      }
                    ],
                    "min_cpu_platform": "",
                    "oauth_scopes": [
                      "https://www.googleapis.com/auth/userinfo.email",
                      "https://www.googleapis.com/auth/cloud-platform"
                    ],
                    "service_account": "tf-gke-compute-cluster-0duc@mtrx-hub-dev-3of.iam.gserviceaccount.com",
                    "shielded_instance_config": [],
                    "upgrade_settings": [
                      {
                        "blue_green_settings": [],
                        "max_surge": 1,
                        "max_unavailable": 0,
                        "strategy": "SURGE"
                      }
                    ]
                  }
                ],
                "autoscaling_profile": "OPTIMIZE_UTILIZATION",
                "enabled": true,
                "resource_limits": [
                  {
                    "maximum": 1000000000,
                    "minimum": 0,
                    "resource_type": "cpu"
                  },
                  {
                    "maximum": 1000000000,
                    "minimum": 0,
                    "resource_type": "memory"
                  },
                  {
                    "maximum": 1000000000,
                    "minimum": 0,
                    "resource_type": "nvidia-tesla-t4"
                  },
                  {
                    "maximum": 1000000000,
                    "minimum": 0,
                    "resource_type": "nvidia-tesla-a100"
                  }
                ]
              }
            ],
            "cluster_ipv4_cidr": "10.129.0.0/16",
            "cluster_telemetry": [
              {
                "type": "ENABLED"
              }
            ],
            "confidential_nodes": [],
            "cost_management_config": [],
            "database_encryption": [
              {
                "key_name": "",
                "state": "DECRYPTED"
              }
            ],
            "datapath_provider": "ADVANCED_DATAPATH",
            "default_max_pods_per_node": 110,
            "default_snat_status": [
              {
                "disabled": false
              }
            ],
            "deletion_protection": false,
            "description": "",
            "dns_config": [
              {
                "additive_vpc_scope_dns_domain": "",
                "cluster_dns": "CLOUD_DNS",
                "cluster_dns_domain": "cluster.local",
                "cluster_dns_scope": "CLUSTER_SCOPE"
              }
            ],
            "enable_autopilot": true,
            "enable_cilium_clusterwide_network_policy": false,
            "enable_fqdn_network_policy": false,
            "enable_intranode_visibility": true,
            "enable_k8s_beta_apis": [],
            "enable_kubernetes_alpha": false,
            "enable_l4_ilb_subsetting": false,
            "enable_legacy_abac": false,
            "enable_multi_networking": false,
            "enable_shielded_nodes": true,
            "enable_tpu": false,
            "endpoint": "34.136.28.41",
            "fleet": [],
            "gateway_api_config": [
              {
                "channel": "CHANNEL_STANDARD"
              }
            ],
            "id": "projects/mtrx-hub-dev-3of/locations/us-central1/clusters/compute-cluster-autopilot",
            "identity_service_config": [],
            "initial_node_count": 0,
            "ip_allocation_policy": [
              {
                "additional_pod_ranges_config": [],
                "cluster_ipv4_cidr_block": "10.129.0.0/16",
                "cluster_secondary_range_name": "sn-hub-dev-us-pod-range",
                "pod_cidr_overprovision_config": [
                  {
                    "disabled": false
                  }
                ],
                "services_ipv4_cidr_block": "10.130.0.0/16",
                "services_secondary_range_name": "sn-hub-dev-us-svc-range",
                "stack_type": "IPV4"
              }
            ],
            "label_fingerprint": "a9dc16a7",
            "location": "us-central1",
            "logging_config": [
              {
                "enable_components": [
                  "SYSTEM_COMPONENTS",
                  "WORKLOADS"
                ]
              }
            ],
            "logging_service": "logging.googleapis.com/kubernetes",
            "maintenance_policy": [
              {
                "daily_maintenance_window": [
                  {
                    "duration": "PT4H0M0S",
                    "start_time": "05:00"
                  }
                ],
                "maintenance_exclusion": [],
                "recurring_window": []
              }
            ],
            "master_auth": [
              {
                "client_certificate": "",
                "client_certificate_config": [
                  {
                    "issue_client_certificate": false
                  }
                ],
                "client_key": "",
                "cluster_ca_certificate": "LS0tLS1CRUdJTiBDRVJUSUZJQ0FURS0tLS0tCk1JSUVMVENDQXBXZ0F3SUJBZ0lSQUtITzBHWkpKdnlMOERIOFVDV1l2ajB3RFFZSktvWklodmNOQVFFTEJRQXcKTHpFdE1Dc0dBMVVFQXhNa1pHWTFNelJtTmpNdE4yTTJaQzAwWXpWaUxXRTVaVFF0TXpBNVlqYzBabUZqTkdVeQpNQ0FYRFRJME1EWXlPREV3TlRReE5sb1lEekl3TlRRd05qSXhNVEUxTkRFMldqQXZNUzB3S3dZRFZRUURFeVJrClpqVXpOR1kyTXkwM1l6WmtMVFJqTldJdFlUbGxOQzB6TURsaU56Um1ZV00wWlRJd2dnR2lNQTBHQ1NxR1NJYjMKRFFFQkFRVUFBNElCandBd2dnR0tBb0lCZ1FDWlByRUtLYzFQM0xEd1BNRU4yYWxFZGoyL1JrVkRla2JHS3pQWgpLSFFIVnhodUVNdkUwZE81UHFvWHZkQzIvSkFybTZtemlWNGJreWZWOThsb0pJWk4zZDY1MUVRb0FXckRMMEFKCnMwSnQxR3dpQmR6Y0JqZmtjVkw3TFlHdnJ5azFWMEgzd2pFbk9rK1hDVndiTXl1WFhHYzc3VlpVTWM5YTlmZWsKTmN6NVgyQ2JndVp3UlNpTEtjanpNc0ZrZXl3RWpmU3g2UG1NalZWNXB3MER6Y1EwdVFJWitwOFdrbVNSbTl3TwozNm9qOVo0VXJJR0JOVFZVN2c4VHRtZXlpVVUzNG0zdlBCZGd2aVBBQ2JrWnM1VHRsNDhWbDVmYnozbVpISGVhCnN2Y2U3NlY2eTF4cFZXWEVOdEpRZHpSemVPNzFwbWF5c05OTzdpM3hPYTRzZXRpbS8rV3hXTHdsZ0ROMFZIcGcKcU43QWpnRFJZY081bnVobmtSL3k1b1hoekM2RHJiajhIbDJ3TTZ5WXB3WVJjd282VHNDUHorTGk5ZVJZa0RwTgpYNDk3M0JkTkhIdWpWZzFoK08zNDhNZUdibHdBK3BTOENtUEkzaWNxVmxCUUhSSHc1R21WVDc1blJkRC9aWG5nCm9SVlNFaGNxdHRHS1paRXREZXJXUEY4YmpCMENBd0VBQWFOQ01FQXdEZ1lEVlIwUEFRSC9CQVFEQWdJRU1BOEcKQTFVZEV3RUIvd1FGTUFNQkFmOHdIUVlEVlIwT0JCWUVGRFd1a0EvbEljbm1oVXNCTVZRQi9NeEhHQ1VCTUEwRwpDU3FHU0liM0RRRUJDd1VBQTRJQmdRQlJVQXorT1h5ZEd4cGszVlZPY3pGRUpWVDZ5NWJGWXpYUjB2M1paZGEyCjZtRTdjSk8xOFVpZzBxa3RqQWg3SzlPNzhBT1Jjb2UxQVpBaVIraStGaGFtMkFDUmxDeXBtN3Q5WmhvNXZDRWMKbTEzK3JnQUFwaGFtWG5wV0hYQ2NKMmlhNUVwYnljS3RxUzNDdnM3bnNSM3NqS2RwUjhIaFFXeit2SXBKRHZYQwp2MWJuZjNPRUR2MnZPbW1BUDZoOGxrdXZCbVFIYk1pVmdicmVNMFNlWTd1b2dJKzYvM2ZVcVR2elczMVRjNURRCnRNUWVGL0ZxY2hrbDZzZS8rR2FlZGUwejVHOUNybHhQVThIdnhMVXFFc0ttck8vZC9uUExjSCtPY3BDL3dVTm0KckZDL05KQkoxRERqU0RLeVlCMFp5R0pXTlcvMk5TL0F2MU4vQWY3YjdrcUoxMWFUKzIrM2NTUmdhTGJsbGxWTAoybVhCR21UNkNEbkJhenl6RUpmc3NPKzlpQmxaNCsweFpVU1l5MkkyOVZYRHJHbjE3cStaN0lYVElzQUc3ZDRTCjA1Q3FpQ3AzNWxyTnNka0NFRDY3Qzh0K3JJcHA5OTZYa0NLWHpva0xKajduVlR3ZW4vMjh6UTl5YTJ1TmttUk4KNGY3TFhZbGhDd29OZHpHdWNOQXM5Z2c9Ci0tLS0tRU5EIENFUlRJRklDQVRFLS0tLS0K"
              }
            ],
            "master_authorized_networks_config": [],
            "master_version": "1.29.4-gke.1043002",
            "mesh_certificates": [],
            "min_master_version": null,
            "monitoring_config": [
              {
                "advanced_datapath_observability_config": [
                  {
                    "enable_metrics": true,
                    "enable_relay": false,
                    "relay_mode": "DISABLED"
                  }
                ],
                "enable_components": [
                  "SYSTEM_COMPONENTS",
                  "STORAGE",
                  "HPA",
                  "POD",
                  "DAEMONSET",
                  "DEPLOYMENT",
                  "STATEFULSET",
                  "CADVISOR",
                  "KUBELET"
                ],
                "managed_prometheus": [
                  {
                    "enabled": true
                  }
                ]
              }
            ],
            "monitoring_service": "monitoring.googleapis.com/kubernetes",
            "name": "compute-cluster-autopilot",
            "network": "projects/mtrx-hub-dev-3of/global/networks/matrix-hub-dev-nw",
            "network_policy": [
              {
                "enabled": false,
                "provider": "PROVIDER_UNSPECIFIED"
              }
            ],
            "networking_mode": "VPC_NATIVE",
            "node_config": [
              {
                "advanced_machine_features": [],
                "boot_disk_kms_key": "",
                "confidential_nodes": [],
                "containerd_config": [],
                "disk_size_gb": 100,
                "disk_type": "pd-balanced",
                "effective_taints": [
                  {
                    "effect": "NO_SCHEDULE",
                    "key": "cloud.google.com/gke-quick-remove",
                    "value": "true"
                  }
                ],
                "enable_confidential_storage": false,
                "ephemeral_storage_config": [],
                "ephemeral_storage_local_ssd_config": [],
                "fast_socket": [],
                "gcfs_config": [],
                "guest_accelerator": [],
                "gvnic": [],
                "host_maintenance_policy": [],
                "image_type": "COS_CONTAINERD",
                "kubelet_config": [],
                "labels": {},
                "linux_node_config": [],
                "local_nvme_ssd_block_config": [],
                "local_ssd_count": 0,
                "logging_variant": "DEFAULT",
                "machine_type": "e2-small",
                "metadata": {
                  "disable-legacy-endpoints": "true"
                },
                "min_cpu_platform": "",
                "node_group": "",
                "oauth_scopes": [
                  "https://www.googleapis.com/auth/cloud-platform",
                  "https://www.googleapis.com/auth/userinfo.email"
                ],
                "preemptible": false,
                "reservation_affinity": [
                  {
                    "consume_reservation_type": "NO_RESERVATION",
                    "key": "",
                    "values": []
                  }
                ],
                "resource_labels": {},
                "resource_manager_tags": {},
                "sandbox_config": [],
                "secondary_boot_disks": [],
                "service_account": "tf-gke-compute-cluster-0duc@mtrx-hub-dev-3of.iam.gserviceaccount.com",
                "shielded_instance_config": [
                  {
                    "enable_integrity_monitoring": true,
                    "enable_secure_boot": true
                  }
                ],
                "sole_tenant_config": [],
                "spot": false,
                "tags": [],
                "taint": [],
                "workload_metadata_config": [
                  {
                    "mode": "GKE_METADATA"
                  }
                ]
              }
            ],
            "node_locations": [
              "us-central1-a",
              "us-central1-c"
            ],
            "node_pool": [
              {
                "autoscaling": [
                  {
                    "location_policy": "BALANCED",
                    "max_node_count": 1000,
                    "min_node_count": 0,
                    "total_max_node_count": 0,
                    "total_min_node_count": 0
                  }
                ],
                "initial_node_count": 1,
                "instance_group_urls": [],
                "managed_instance_group_urls": [],
                "management": [
                  {
                    "auto_repair": true,
                    "auto_upgrade": true
                  }
                ],
                "max_pods_per_node": 32,
                "name": "default-pool",
                "name_prefix": "",
                "network_config": [
                  {
                    "additional_node_network_configs": [],
                    "additional_pod_network_configs": [],
                    "create_pod_range": false,
                    "enable_private_nodes": true,
                    "network_performance_config": [],
                    "pod_cidr_overprovision_config": [],
                    "pod_ipv4_cidr_block": "10.129.0.0/16",
                    "pod_range": "sn-hub-dev-us-pod-range"
                  }
                ],
                "node_config": [
                  {
                    "advanced_machine_features": [],
                    "boot_disk_kms_key": "",
                    "confidential_nodes": [],
                    "containerd_config": [],
                    "disk_size_gb": 100,
                    "disk_type": "pd-balanced",
                    "effective_taints": [
                      {
                        "effect": "NO_SCHEDULE",
                        "key": "cloud.google.com/gke-quick-remove",
                        "value": "true"
                      }
                    ],
                    "enable_confidential_storage": false,
                    "ephemeral_storage_config": [],
                    "ephemeral_storage_local_ssd_config": [],
                    "fast_socket": [],
                    "gcfs_config": [],
                    "guest_accelerator": [],
                    "gvnic": [],
                    "host_maintenance_policy": [],
                    "image_type": "COS_CONTAINERD",
                    "kubelet_config": [],
                    "labels": {},
                    "linux_node_config": [],
                    "local_nvme_ssd_block_config": [],
                    "local_ssd_count": 0,
                    "logging_variant": "DEFAULT",
                    "machine_type": "e2-small",
                    "metadata": {
                      "disable-legacy-endpoints": "true"
                    },
                    "min_cpu_platform": "",
                    "node_group": "",
                    "oauth_scopes": [
                      "https://www.googleapis.com/auth/cloud-platform",
                      "https://www.googleapis.com/auth/userinfo.email"
                    ],
                    "preemptible": false,
                    "reservation_affinity": [
                      {
                        "consume_reservation_type": "NO_RESERVATION",
                        "key": "",
                        "values": []
                      }
                    ],
                    "resource_labels": {},
                    "resource_manager_tags": {},
                    "sandbox_config": [],
                    "secondary_boot_disks": [],
                    "service_account": "tf-gke-compute-cluster-0duc@mtrx-hub-dev-3of.iam.gserviceaccount.com",
                    "shielded_instance_config": [
                      {
                        "enable_integrity_monitoring": true,
                        "enable_secure_boot": true
                      }
                    ],
                    "sole_tenant_config": [],
                    "spot": false,
                    "tags": [],
                    "taint": [],
                    "workload_metadata_config": [
                      {
                        "mode": "GKE_METADATA"
                      }
                    ]
                  }
                ],
                "node_count": 0,
                "node_locations": [
                  "us-central1-c"
                ],
                "placement_policy": [],
                "queued_provisioning": [],
                "upgrade_settings": [
                  {
                    "blue_green_settings": [],
                    "max_surge": 1,
                    "max_unavailable": 0,
                    "strategy": "SURGE"
                  }
                ],
                "version": "1.29.4-gke.1043002"
              },
              {
                "autoscaling": [
                  {
                    "location_policy": "BALANCED",
                    "max_node_count": 1000,
                    "min_node_count": 0,
                    "total_max_node_count": 0,
                    "total_min_node_count": 0
                  }
                ],
                "initial_node_count": 0,
                "instance_group_urls": [],
                "managed_instance_group_urls": [],
                "management": [
                  {
                    "auto_repair": true,
                    "auto_upgrade": true
                  }
                ],
                "max_pods_per_node": 32,
                "name": "pool-1",
                "name_prefix": "",
                "network_config": [
                  {
                    "additional_node_network_configs": [],
                    "additional_pod_network_configs": [],
                    "create_pod_range": false,
                    "enable_private_nodes": true,
                    "network_performance_config": [],
                    "pod_cidr_overprovision_config": [],
                    "pod_ipv4_cidr_block": "10.129.0.0/16",
                    "pod_range": "sn-hub-dev-us-pod-range"
                  }
                ],
                "node_config": [
                  {
                    "advanced_machine_features": [],
                    "boot_disk_kms_key": "",
                    "confidential_nodes": [],
                    "containerd_config": [],
                    "disk_size_gb": 100,
                    "disk_type": "pd-balanced",
                    "effective_taints": [],
                    "enable_confidential_storage": false,
                    "ephemeral_storage_config": [],
                    "ephemeral_storage_local_ssd_config": [],
                    "fast_socket": [],
                    "gcfs_config": [],
                    "guest_accelerator": [],
                    "gvnic": [],
                    "host_maintenance_policy": [],
                    "image_type": "COS_CONTAINERD",
                    "kubelet_config": [],
                    "labels": {},
                    "linux_node_config": [],
                    "local_nvme_ssd_block_config": [],
                    "local_ssd_count": 0,
                    "logging_variant": "DEFAULT",
                    "machine_type": "e2-medium",
                    "metadata": {
                      "disable-legacy-endpoints": "true"
                    },
                    "min_cpu_platform": "",
                    "node_group": "",
                    "oauth_scopes": [
                      "https://www.googleapis.com/auth/cloud-platform",
                      "https://www.googleapis.com/auth/userinfo.email"
                    ],
                    "preemptible": false,
                    "reservation_affinity": [
                      {
                        "consume_reservation_type": "NO_RESERVATION",
                        "key": "",
                        "values": []
                      }
                    ],
                    "resource_labels": {},
                    "resource_manager_tags": {},
                    "sandbox_config": [],
                    "secondary_boot_disks": [],
                    "service_account": "tf-gke-compute-cluster-0duc@mtrx-hub-dev-3of.iam.gserviceaccount.com",
                    "shielded_instance_config": [
                      {
                        "enable_integrity_monitoring": true,
                        "enable_secure_boot": true
                      }
                    ],
                    "sole_tenant_config": [],
                    "spot": false,
                    "tags": [],
                    "taint": [],
                    "workload_metadata_config": [
                      {
                        "mode": "GKE_METADATA"
                      }
                    ]
                  }
                ],
                "node_count": 0,
                "node_locations": [
                  "us-central1-a",
                  "us-central1-c"
                ],
                "placement_policy": [],
                "queued_provisioning": [],
                "upgrade_settings": [
                  {
                    "blue_green_settings": [],
                    "max_surge": 1,
                    "max_unavailable": 0,
                    "strategy": "SURGE"
                  }
                ],
                "version": "1.29.4-gke.1043002"
              },
              {
                "autoscaling": [
                  {
                    "location_policy": "BALANCED",
                    "max_node_count": 1000,
                    "min_node_count": 0,
                    "total_max_node_count": 0,
                    "total_min_node_count": 0
                  }
                ],
                "initial_node_count": 0,
                "instance_group_urls": [],
                "managed_instance_group_urls": [],
                "management": [
                  {
                    "auto_repair": true,
                    "auto_upgrade": true
                  }
                ],
                "max_pods_per_node": 32,
                "name": "pool-2",
                "name_prefix": "",
                "network_config": [
                  {
                    "additional_node_network_configs": [],
                    "additional_pod_network_configs": [],
                    "create_pod_range": false,
                    "enable_private_nodes": true,
                    "network_performance_config": [],
                    "pod_cidr_overprovision_config": [],
                    "pod_ipv4_cidr_block": "10.129.0.0/16",
                    "pod_range": "sn-hub-dev-us-pod-range"
                  }
                ],
                "node_config": [
                  {
                    "advanced_machine_features": [],
                    "boot_disk_kms_key": "",
                    "confidential_nodes": [],
                    "containerd_config": [],
                    "disk_size_gb": 100,
                    "disk_type": "pd-balanced",
                    "effective_taints": [],
                    "enable_confidential_storage": false,
                    "ephemeral_storage_config": [],
                    "ephemeral_storage_local_ssd_config": [],
                    "fast_socket": [],
                    "gcfs_config": [],
                    "guest_accelerator": [],
                    "gvnic": [],
                    "host_maintenance_policy": [],
                    "image_type": "COS_CONTAINERD",
                    "kubelet_config": [],
                    "labels": {},
                    "linux_node_config": [],
                    "local_nvme_ssd_block_config": [],
                    "local_ssd_count": 0,
                    "logging_variant": "DEFAULT",
                    "machine_type": "e2-standard-2",
                    "metadata": {
                      "disable-legacy-endpoints": "true"
                    },
                    "min_cpu_platform": "",
                    "node_group": "",
                    "oauth_scopes": [
                      "https://www.googleapis.com/auth/cloud-platform",
                      "https://www.googleapis.com/auth/userinfo.email"
                    ],
                    "preemptible": false,
                    "reservation_affinity": [
                      {
                        "consume_reservation_type": "NO_RESERVATION",
                        "key": "",
                        "values": []
                      }
                    ],
                    "resource_labels": {},
                    "resource_manager_tags": {},
                    "sandbox_config": [],
                    "secondary_boot_disks": [],
                    "service_account": "tf-gke-compute-cluster-0duc@mtrx-hub-dev-3of.iam.gserviceaccount.com",
                    "shielded_instance_config": [
                      {
                        "enable_integrity_monitoring": true,
                        "enable_secure_boot": true
                      }
                    ],
                    "sole_tenant_config": [],
                    "spot": false,
                    "tags": [],
                    "taint": [],
                    "workload_metadata_config": [
                      {
                        "mode": "GKE_METADATA"
                      }
                    ]
                  }
                ],
                "node_count": 0,
                "node_locations": [
                  "us-central1-a",
                  "us-central1-c"
                ],
                "placement_policy": [],
                "queued_provisioning": [],
                "upgrade_settings": [
                  {
                    "blue_green_settings": [],
                    "max_surge": 1,
                    "max_unavailable": 0,
                    "strategy": "SURGE"
                  }
                ],
                "version": "1.29.4-gke.1043002"
              },
              {
                "autoscaling": [
                  {
                    "location_policy": "BALANCED",
                    "max_node_count": 1000,
                    "min_node_count": 0,
                    "total_max_node_count": 0,
                    "total_min_node_count": 0
                  }
                ],
                "initial_node_count": 0,
                "instance_group_urls": [],
                "managed_instance_group_urls": [],
                "management": [
                  {
                    "auto_repair": true,
                    "auto_upgrade": true
                  }
                ],
                "max_pods_per_node": 32,
                "name": "pool-3",
                "name_prefix": "",
                "network_config": [
                  {
                    "additional_node_network_configs": [],
                    "additional_pod_network_configs": [],
                    "create_pod_range": false,
                    "enable_private_nodes": true,
                    "network_performance_config": [],
                    "pod_cidr_overprovision_config": [],
                    "pod_ipv4_cidr_block": "10.129.0.0/16",
                    "pod_range": "sn-hub-dev-us-pod-range"
                  }
                ],
                "node_config": [
                  {
                    "advanced_machine_features": [],
                    "boot_disk_kms_key": "",
                    "confidential_nodes": [],
                    "containerd_config": [],
                    "disk_size_gb": 100,
                    "disk_type": "pd-balanced",
                    "effective_taints": [],
                    "enable_confidential_storage": false,
                    "ephemeral_storage_config": [],
                    "ephemeral_storage_local_ssd_config": [],
                    "fast_socket": [],
                    "gcfs_config": [],
                    "guest_accelerator": [],
                    "gvnic": [],
                    "host_maintenance_policy": [],
                    "image_type": "COS_CONTAINERD",
                    "kubelet_config": [],
                    "labels": {},
                    "linux_node_config": [],
                    "local_nvme_ssd_block_config": [],
                    "local_ssd_count": 0,
                    "logging_variant": "DEFAULT",
                    "machine_type": "e2-standard-4",
                    "metadata": {
                      "disable-legacy-endpoints": "true"
                    },
                    "min_cpu_platform": "",
                    "node_group": "",
                    "oauth_scopes": [
                      "https://www.googleapis.com/auth/cloud-platform",
                      "https://www.googleapis.com/auth/userinfo.email"
                    ],
                    "preemptible": false,
                    "reservation_affinity": [
                      {
                        "consume_reservation_type": "NO_RESERVATION",
                        "key": "",
                        "values": []
                      }
                    ],
                    "resource_labels": {},
                    "resource_manager_tags": {},
                    "sandbox_config": [],
                    "secondary_boot_disks": [],
                    "service_account": "tf-gke-compute-cluster-0duc@mtrx-hub-dev-3of.iam.gserviceaccount.com",
                    "shielded_instance_config": [
                      {
                        "enable_integrity_monitoring": true,
                        "enable_secure_boot": true
                      }
                    ],
                    "sole_tenant_config": [],
                    "spot": false,
                    "tags": [],
                    "taint": [],
                    "workload_metadata_config": [
                      {
                        "mode": "GKE_METADATA"
                      }
                    ]
                  }
                ],
                "node_count": 0,
                "node_locations": [
                  "us-central1-a",
                  "us-central1-c"
                ],
                "placement_policy": [],
                "queued_provisioning": [],
                "upgrade_settings": [
                  {
                    "blue_green_settings": [],
                    "max_surge": 1,
                    "max_unavailable": 0,
                    "strategy": "SURGE"
                  }
                ],
                "version": "1.29.4-gke.1043002"
              },
              {
                "autoscaling": [
                  {
                    "location_policy": "BALANCED",
                    "max_node_count": 1000,
                    "min_node_count": 0,
                    "total_max_node_count": 0,
                    "total_min_node_count": 0
                  }
                ],
                "initial_node_count": 0,
                "instance_group_urls": [],
                "managed_instance_group_urls": [],
                "management": [
                  {
                    "auto_repair": true,
                    "auto_upgrade": true
                  }
                ],
                "max_pods_per_node": 32,
                "name": "pool-4",
                "name_prefix": "",
                "network_config": [
                  {
                    "additional_node_network_configs": [],
                    "additional_pod_network_configs": [],
                    "create_pod_range": false,
                    "enable_private_nodes": true,
                    "network_performance_config": [],
                    "pod_cidr_overprovision_config": [],
                    "pod_ipv4_cidr_block": "10.129.0.0/16",
                    "pod_range": "sn-hub-dev-us-pod-range"
                  }
                ],
                "node_config": [
                  {
                    "advanced_machine_features": [],
                    "boot_disk_kms_key": "",
                    "confidential_nodes": [],
                    "containerd_config": [],
                    "disk_size_gb": 100,
                    "disk_type": "pd-balanced",
                    "effective_taints": [],
                    "enable_confidential_storage": false,
                    "ephemeral_storage_config": [],
                    "ephemeral_storage_local_ssd_config": [],
                    "fast_socket": [],
                    "gcfs_config": [],
                    "guest_accelerator": [],
                    "gvnic": [],
                    "host_maintenance_policy": [],
                    "image_type": "COS_CONTAINERD",
                    "kubelet_config": [],
                    "labels": {},
                    "linux_node_config": [],
                    "local_nvme_ssd_block_config": [],
                    "local_ssd_count": 0,
                    "logging_variant": "DEFAULT",
                    "machine_type": "e2-standard-8",
                    "metadata": {
                      "disable-legacy-endpoints": "true"
                    },
                    "min_cpu_platform": "",
                    "node_group": "",
                    "oauth_scopes": [
                      "https://www.googleapis.com/auth/cloud-platform",
                      "https://www.googleapis.com/auth/userinfo.email"
                    ],
                    "preemptible": false,
                    "reservation_affinity": [
                      {
                        "consume_reservation_type": "NO_RESERVATION",
                        "key": "",
                        "values": []
                      }
                    ],
                    "resource_labels": {},
                    "resource_manager_tags": {},
                    "sandbox_config": [],
                    "secondary_boot_disks": [],
                    "service_account": "tf-gke-compute-cluster-0duc@mtrx-hub-dev-3of.iam.gserviceaccount.com",
                    "shielded_instance_config": [
                      {
                        "enable_integrity_monitoring": true,
                        "enable_secure_boot": true
                      }
                    ],
                    "sole_tenant_config": [],
                    "spot": false,
                    "tags": [],
                    "taint": [],
                    "workload_metadata_config": [
                      {
                        "mode": "GKE_METADATA"
                      }
                    ]
                  }
                ],
                "node_count": 0,
                "node_locations": [
                  "us-central1-a",
                  "us-central1-c"
                ],
                "placement_policy": [],
                "queued_provisioning": [],
                "upgrade_settings": [
                  {
                    "blue_green_settings": [],
                    "max_surge": 1,
                    "max_unavailable": 0,
                    "strategy": "SURGE"
                  }
                ],
                "version": "1.29.4-gke.1043002"
              },
              {
                "autoscaling": [
                  {
                    "location_policy": "BALANCED",
                    "max_node_count": 1000,
                    "min_node_count": 0,
                    "total_max_node_count": 0,
                    "total_min_node_count": 0
                  }
                ],
                "initial_node_count": 0,
                "instance_group_urls": [],
                "managed_instance_group_urls": [],
                "management": [
                  {
                    "auto_repair": true,
                    "auto_upgrade": true
                  }
                ],
                "max_pods_per_node": 32,
                "name": "pool-5",
                "name_prefix": "",
                "network_config": [
                  {
                    "additional_node_network_configs": [],
                    "additional_pod_network_configs": [],
                    "create_pod_range": false,
                    "enable_private_nodes": true,
                    "network_performance_config": [],
                    "pod_cidr_overprovision_config": [],
                    "pod_ipv4_cidr_block": "10.129.0.0/16",
                    "pod_range": "sn-hub-dev-us-pod-range"
                  }
                ],
                "node_config": [
                  {
                    "advanced_machine_features": [],
                    "boot_disk_kms_key": "",
                    "confidential_nodes": [],
                    "containerd_config": [],
                    "disk_size_gb": 100,
                    "disk_type": "pd-balanced",
                    "effective_taints": [],
                    "enable_confidential_storage": false,
                    "ephemeral_storage_config": [],
                    "ephemeral_storage_local_ssd_config": [],
                    "fast_socket": [],
                    "gcfs_config": [],
                    "guest_accelerator": [],
                    "gvnic": [],
                    "host_maintenance_policy": [],
                    "image_type": "COS_CONTAINERD",
                    "kubelet_config": [],
                    "labels": {},
                    "linux_node_config": [],
                    "local_nvme_ssd_block_config": [],
                    "local_ssd_count": 0,
                    "logging_variant": "DEFAULT",
                    "machine_type": "e2-standard-16",
                    "metadata": {
                      "disable-legacy-endpoints": "true"
                    },
                    "min_cpu_platform": "",
                    "node_group": "",
                    "oauth_scopes": [
                      "https://www.googleapis.com/auth/cloud-platform",
                      "https://www.googleapis.com/auth/userinfo.email"
                    ],
                    "preemptible": false,
                    "reservation_affinity": [
                      {
                        "consume_reservation_type": "NO_RESERVATION",
                        "key": "",
                        "values": []
                      }
                    ],
                    "resource_labels": {},
                    "resource_manager_tags": {},
                    "sandbox_config": [],
                    "secondary_boot_disks": [],
                    "service_account": "tf-gke-compute-cluster-0duc@mtrx-hub-dev-3of.iam.gserviceaccount.com",
                    "shielded_instance_config": [
                      {
                        "enable_integrity_monitoring": true,
                        "enable_secure_boot": true
                      }
                    ],
                    "sole_tenant_config": [],
                    "spot": false,
                    "tags": [],
                    "taint": [],
                    "workload_metadata_config": [
                      {
                        "mode": "GKE_METADATA"
                      }
                    ]
                  }
                ],
                "node_count": 0,
                "node_locations": [
                  "us-central1-a",
                  "us-central1-c"
                ],
                "placement_policy": [],
                "queued_provisioning": [],
                "upgrade_settings": [
                  {
                    "blue_green_settings": [],
                    "max_surge": 1,
                    "max_unavailable": 0,
                    "strategy": "SURGE"
                  }
                ],
                "version": "1.29.4-gke.1043002"
              },
              {
                "autoscaling": [
                  {
                    "location_policy": "BALANCED",
                    "max_node_count": 1000,
                    "min_node_count": 0,
                    "total_max_node_count": 0,
                    "total_min_node_count": 0
                  }
                ],
                "initial_node_count": 0,
                "instance_group_urls": [],
                "managed_instance_group_urls": [],
                "management": [
                  {
                    "auto_repair": true,
                    "auto_upgrade": true
                  }
                ],
                "max_pods_per_node": 32,
                "name": "pool-6",
                "name_prefix": "",
                "network_config": [
                  {
                    "additional_node_network_configs": [],
                    "additional_pod_network_configs": [],
                    "create_pod_range": false,
                    "enable_private_nodes": true,
                    "network_performance_config": [],
                    "pod_cidr_overprovision_config": [],
                    "pod_ipv4_cidr_block": "10.129.0.0/16",
                    "pod_range": "sn-hub-dev-us-pod-range"
                  }
                ],
                "node_config": [
                  {
                    "advanced_machine_features": [],
                    "boot_disk_kms_key": "",
                    "confidential_nodes": [],
                    "containerd_config": [],
                    "disk_size_gb": 100,
                    "disk_type": "pd-balanced",
                    "effective_taints": [],
                    "enable_confidential_storage": false,
                    "ephemeral_storage_config": [],
                    "ephemeral_storage_local_ssd_config": [],
                    "fast_socket": [],
                    "gcfs_config": [],
                    "guest_accelerator": [],
                    "gvnic": [],
                    "host_maintenance_policy": [],
                    "image_type": "COS_CONTAINERD",
                    "kubelet_config": [],
                    "labels": {},
                    "linux_node_config": [],
                    "local_nvme_ssd_block_config": [],
                    "local_ssd_count": 0,
                    "logging_variant": "DEFAULT",
                    "machine_type": "e2-standard-32",
                    "metadata": {
                      "disable-legacy-endpoints": "true"
                    },
                    "min_cpu_platform": "",
                    "node_group": "",
                    "oauth_scopes": [
                      "https://www.googleapis.com/auth/cloud-platform",
                      "https://www.googleapis.com/auth/userinfo.email"
                    ],
                    "preemptible": false,
                    "reservation_affinity": [
                      {
                        "consume_reservation_type": "NO_RESERVATION",
                        "key": "",
                        "values": []
                      }
                    ],
                    "resource_labels": {},
                    "resource_manager_tags": {},
                    "sandbox_config": [],
                    "secondary_boot_disks": [],
                    "service_account": "tf-gke-compute-cluster-0duc@mtrx-hub-dev-3of.iam.gserviceaccount.com",
                    "shielded_instance_config": [
                      {
                        "enable_integrity_monitoring": true,
                        "enable_secure_boot": true
                      }
                    ],
                    "sole_tenant_config": [],
                    "spot": false,
                    "tags": [],
                    "taint": [],
                    "workload_metadata_config": [
                      {
                        "mode": "GKE_METADATA"
                      }
                    ]
                  }
                ],
                "node_count": 0,
                "node_locations": [
                  "us-central1-a",
                  "us-central1-c"
                ],
                "placement_policy": [],
                "queued_provisioning": [],
                "upgrade_settings": [
                  {
                    "blue_green_settings": [],
                    "max_surge": 1,
                    "max_unavailable": 0,
                    "strategy": "SURGE"
                  }
                ],
                "version": "1.29.4-gke.1043002"
              }
            ],
            "node_pool_auto_config": [],
            "node_pool_defaults": [
              {
                "node_config_defaults": [
                  {
                    "containerd_config": [],
                    "gcfs_config": [
                      {
                        "enabled": true
                      }
                    ],
                    "logging_variant": "DEFAULT"
                  }
                ]
              }
            ],
            "node_version": "1.29.4-gke.1043002",
            "notification_config": [
              {
                "pubsub": [
                  {
                    "enabled": false,
                    "filter": [],
                    "topic": ""
                  }
                ]
              }
            ],
            "operation": null,
            "pod_security_policy_config": [
              {
                "enabled": false
              }
            ],
            "private_cluster_config": [
              {
                "enable_private_endpoint": false,
                "enable_private_nodes": true,
                "master_global_access_config": [
                  {
                    "enabled": true
                  }
                ],
                "master_ipv4_cidr_block": "172.17.0.0/28",
                "peering_name": "",
                "private_endpoint": "172.17.0.2",
                "private_endpoint_subnetwork": "",
                "public_endpoint": "34.136.28.41"
              }
            ],
            "private_ipv6_google_access": "",
            "project": "mtrx-hub-dev-3of",
            "protect_config": [
              {
                "workload_config": [
                  {
                    "audit_mode": "DISABLED"
                  }
                ],
                "workload_vulnerability_mode": "DISABLED"
              }
            ],
            "release_channel": [
              {
                "channel": "REGULAR"
              }
            ],
            "remove_default_node_pool": null,
            "resource_labels": {},
            "resource_usage_export_config": [],
            "security_posture_config": [
              {
                "mode": "DISABLED",
                "vulnerability_mode": "VULNERABILITY_DISABLED"
              }
            ],
            "self_link": "https://container.googleapis.com/v1beta1/projects/mtrx-hub-dev-3of/locations/us-central1/clusters/compute-cluster-autopilot",
            "service_external_ips_config": [
              {
                "enabled": false
              }
            ],
            "services_ipv4_cidr": "10.130.0.0/16",
            "subnetwork": "projects/mtrx-hub-dev-3of/regions/us-central1/subnetworks/sn-hub-dev-us",
            "timeouts": {
              "create": "45m",
              "delete": "45m",
              "read": null,
              "update": "45m"
            },
            "tpu_config": [],
            "tpu_ipv4_cidr_block": "",
            "vertical_pod_autoscaling": [
              {
                "enabled": true
              }
            ],
            "workload_alts_config": [],
            "workload_identity_config": [
              {
                "workload_pool": "mtrx-hub-dev-3of.svc.id.goog"
              }
            ]
          },
          "sensitive_attributes": [],
          "private": "eyJlMmJmYjczMC1lY2FhLTExZTYtOGY4OC0zNDM2M2JjN2M0YzAiOnsiY3JlYXRlIjoyNzAwMDAwMDAwMDAwLCJkZWxldGUiOjI3MDAwMDAwMDAwMDAsInJlYWQiOjI0MDAwMDAwMDAwMDAsInVwZGF0ZSI6MjcwMDAwMDAwMDAwMH0sInNjaGVtYV92ZXJzaW9uIjoiMiJ9",
          "dependencies": [
            "module.bootstrap_data.data.google_client_config.current",
            "module.bootstrap_data.data.google_storage_bucket_object.object",
            "module.bootstrap_data.data.http.object",
            "module.compute_cluster.module.autopilot_gke.data.google_compute_zones.available",
            "module.compute_cluster.module.autopilot_gke.data.google_container_engine_versions.region",
            "module.compute_cluster.module.autopilot_gke.data.google_container_engine_versions.zone",
            "module.compute_cluster.module.autopilot_gke.google_project_iam_member.service_agent",
            "module.compute_cluster.module.autopilot_gke.google_project_service_identity.fleet_project",
            "module.compute_cluster.module.autopilot_gke.google_service_account.cluster_service_account",
            "module.compute_cluster.module.autopilot_gke.random_shuffle.available_zones",
            "module.compute_cluster.module.autopilot_gke.random_string.cluster_service_account_suffix"
          ]
        }
      ]
    },
    {
      "module": "module.compute_cluster.module.autopilot_gke",
      "mode": "managed",
      "type": "google_service_account",
      "name": "cluster_service_account",
      "provider": "provider[\"registry.terraform.io/hashicorp/google\"]",
      "instances": [
        {
          "index_key": 0,
          "schema_version": 0,
          "attributes": {
            "account_id": "tf-gke-compute-cluster-0duc",
            "create_ignore_already_exists": null,
            "description": "",
            "disabled": false,
            "display_name": "Terraform-managed service account for cluster compute-cluster-autopilot",
            "email": "tf-gke-compute-cluster-0duc@mtrx-hub-dev-3of.iam.gserviceaccount.com",
            "id": "projects/mtrx-hub-dev-3of/serviceAccounts/tf-gke-compute-cluster-0duc@mtrx-hub-dev-3of.iam.gserviceaccount.com",
            "member": "serviceAccount:tf-gke-compute-cluster-0duc@mtrx-hub-dev-3of.iam.gserviceaccount.com",
            "name": "projects/mtrx-hub-dev-3of/serviceAccounts/tf-gke-compute-cluster-0duc@mtrx-hub-dev-3of.iam.gserviceaccount.com",
            "project": "mtrx-hub-dev-3of",
            "timeouts": null,
            "unique_id": "110826268549623857627"
          },
          "sensitive_attributes": [],
          "private": "eyJlMmJmYjczMC1lY2FhLTExZTYtOGY4OC0zNDM2M2JjN2M0YzAiOnsiY3JlYXRlIjozMDAwMDAwMDAwMDB9fQ==",
          "dependencies": [
            "module.bootstrap_data.data.google_client_config.current",
            "module.bootstrap_data.data.google_storage_bucket_object.object",
            "module.bootstrap_data.data.http.object",
            "module.compute_cluster.module.autopilot_gke.random_string.cluster_service_account_suffix"
          ]
        }
      ]
    },
    {
      "module": "module.compute_cluster.module.autopilot_gke",
      "mode": "managed",
      "type": "random_string",
      "name": "cluster_service_account_suffix",
      "provider": "provider[\"registry.terraform.io/hashicorp/random\"]",
      "instances": [
        {
          "schema_version": 2,
          "attributes": {
            "id": "0duc",
            "keepers": null,
            "length": 4,
            "lower": true,
            "min_lower": 0,
            "min_numeric": 0,
            "min_special": 0,
            "min_upper": 0,
            "number": true,
            "numeric": true,
            "override_special": null,
            "result": "0duc",
            "special": false,
            "upper": false
          },
          "sensitive_attributes": []
        }
      ]
    },
    {
      "module": "module.compute_cluster.module.external_secrets",
      "mode": "managed",
      "type": "helm_release",
      "name": "external_secrets",
      "provider": "module.compute_cluster.provider[\"registry.terraform.io/hashicorp/helm\"]",
      "instances": [
        {
          "schema_version": 1,
          "attributes": {
            "atomic": false,
            "chart": "external-secrets",
            "cleanup_on_fail": false,
            "create_namespace": true,
            "dependency_update": false,
            "description": null,
            "devel": null,
            "disable_crd_hooks": false,
            "disable_openapi_validation": false,
            "disable_webhooks": false,
            "force_update": false,
            "id": "external-secrets",
            "keyring": null,
            "lint": false,
            "manifest": null,
            "max_history": 0,
            "metadata": [
              {
                "app_version": "v0.9.19",
                "chart": "external-secrets",
                "name": "external-secrets",
                "namespace": "external-secrets",
                "revision": 1,
                "values": "{\"installCRDs\":true,\"serviceAccount\":{\"annotations\":{}}}",
                "version": "0.9.19"
              }
            ],
            "name": "external-secrets",
            "namespace": "external-secrets",
            "pass_credentials": false,
            "postrender": [],
            "recreate_pods": false,
            "render_subchart_notes": true,
            "replace": false,
            "repository": "https://charts.external-secrets.io",
            "repository_ca_file": null,
            "repository_cert_file": null,
            "repository_key_file": null,
            "repository_password": null,
            "repository_username": null,
            "reset_values": false,
            "reuse_values": false,
            "set": [
              {
                "name": "installCRDs",
                "type": "",
                "value": "true"
              }
            ],
            "set_list": [],
            "set_sensitive": [],
            "skip_crds": false,
            "status": "deployed",
            "timeout": 300,
            "values": [
              "\"serviceAccount\":\n  \"annotations\": {}\n"
            ],
            "verify": false,
            "version": "0.9.19",
            "wait": true,
            "wait_for_jobs": false
          },
          "sensitive_attributes": [],
          "private": "eyJzY2hlbWFfdmVyc2lvbiI6IjEifQ==",
          "dependencies": [
            "module.bootstrap_data.data.google_client_config.current",
            "module.bootstrap_data.data.google_storage_bucket_object.object",
            "module.bootstrap_data.data.http.object",
            "module.compute_cluster.data.google_client_config.default",
            "module.compute_cluster.module.gke.data.google_compute_subnetwork.gke_subnetwork",
            "module.compute_cluster.module.gke.data.google_compute_zones.available",
            "module.compute_cluster.module.gke.data.google_container_engine_versions.region",
            "module.compute_cluster.module.gke.data.google_container_engine_versions.zone",
            "module.compute_cluster.module.gke.google_compute_firewall.intra_egress",
            "module.compute_cluster.module.gke.google_compute_firewall.master_webhooks",
            "module.compute_cluster.module.gke.google_compute_firewall.shadow_allow_inkubelet",
            "module.compute_cluster.module.gke.google_compute_firewall.shadow_allow_master",
            "module.compute_cluster.module.gke.google_compute_firewall.shadow_allow_nodes",
            "module.compute_cluster.module.gke.google_compute_firewall.shadow_allow_pods",
            "module.compute_cluster.module.gke.google_compute_firewall.shadow_deny_exkubelet",
            "module.compute_cluster.module.gke.google_compute_firewall.tpu_egress",
            "module.compute_cluster.module.gke.google_container_cluster.primary",
            "module.compute_cluster.module.gke.google_container_node_pool.pools",
            "module.compute_cluster.module.gke.google_container_node_pool.windows_pools",
            "module.compute_cluster.module.gke.google_project_iam_member.cluster_service_account-artifact-registry",
            "module.compute_cluster.module.gke.google_project_iam_member.cluster_service_account-gcr",
            "module.compute_cluster.module.gke.google_project_iam_member.cluster_service_account-nodeService_account",
            "module.compute_cluster.module.gke.google_service_account.cluster_service_account",
            "module.compute_cluster.module.gke.kubernetes_config_map.ip-masq-agent",
            "module.compute_cluster.module.gke.kubernetes_config_map_v1_data.kube-dns",
            "module.compute_cluster.module.gke.kubernetes_config_map_v1_data.kube-dns-upstream-nameservers-and-stub-domains",
            "module.compute_cluster.module.gke.kubernetes_config_map_v1_data.kube-dns-upstream-namservers",
            "module.compute_cluster.module.gke.random_shuffle.available_zones",
            "module.compute_cluster.module.gke.random_string.cluster_service_account_suffix",
            "module.compute_cluster.module.service_accounts.google_service_account.service_accounts"
          ]
        }
      ]
    },
    {
      "module": "module.compute_cluster.module.gke",
      "mode": "data",
      "type": "google_container_engine_versions",
      "name": "region",
      "provider": "provider[\"registry.terraform.io/hashicorp/google\"]",
      "instances": [
        {
          "schema_version": 0,
          "attributes": {
            "default_cluster_version": "1.29.4-gke.1043002",
            "id": "2024-06-28 16:10:23.50449 +0000 UTC",
            "latest_master_version": "1.29.5-gke.1192000",
            "latest_node_version": "1.29.5-gke.1192000",
            "location": "us-central1",
            "project": "mtrx-hub-dev-3of",
            "release_channel_default_version": {
              "RAPID": "1.30.1-gke.1156000",
              "REGULAR": "1.29.4-gke.1043002",
              "STABLE": "1.27.11-gke.1062004"
            },
            "release_channel_latest_version": {
              "RAPID": "1.30.1-gke.1500000",
              "REGULAR": "1.29.5-gke.1060000",
              "STABLE": "1.29.4-gke.1043002"
            },
            "valid_master_versions": [
              "1.29.5-gke.1192000",
              "1.29.5-gke.1121000",
              "1.29.5-gke.1091000",
              "1.29.5-gke.1060000",
              "1.29.4-gke.1043002",
              "1.28.10-gke.1141000",
              "1.28.10-gke.1089000",
              "1.28.10-gke.1075000",
              "1.28.10-gke.1058000",
              "1.28.9-gke.1289000",
              "1.28.9-gke.1209000",
              "1.28.9-gke.1069000",
              "1.28.9-gke.1000000",
              "1.27.14-gke.1093000",
              "1.27.14-gke.1059000",
              "1.27.14-gke.1042000",
              "1.27.14-gke.1022000",
              "1.27.13-gke.1201000",
              "1.27.13-gke.1166000",
              "1.27.13-gke.1070000",
              "1.27.11-gke.1062004",
              "1.27.11-gke.1062003",
              "1.26.15-gke.1436000",
              "1.26.15-gke.1404000",
              "1.26.15-gke.1390000",
              "1.26.15-gke.1381000",
              "1.26.15-gke.1320000",
              "1.26.15-gke.1300000",
              "1.26.15-gke.1191000",
              "1.26.15-gke.1090000"
            ],
            "valid_node_versions": [
              "1.29.5-gke.1192000",
              "1.29.5-gke.1121000",
              "1.29.5-gke.1091000",
              "1.29.5-gke.1060000",
              "1.29.5-gke.1010000",
              "1.29.4-gke.1670000",
              "1.29.4-gke.1542000",
              "1.29.4-gke.1447001",
              "1.29.4-gke.1447000",
              "1.29.4-gke.1165000",
              "1.29.4-gke.1043002",
              "1.29.4-gke.1043001",
              "1.29.4-gke.1043000",
              "1.29.3-gke.1282005",
              "1.29.3-gke.1282001",
              "1.29.3-gke.1282000",
              "1.29.3-gke.1093006",
              "1.29.3-gke.1093000",
              "1.29.2-gke.1521000",
              "1.29.2-gke.1217000",
              "1.29.2-gke.1060000",
              "1.29.1-gke.1589020",
              "1.29.1-gke.1589018",
              "1.29.1-gke.1589017",
              "1.29.1-gke.1589000",
              "1.29.1-gke.1575000",
              "1.29.1-gke.1425000",
              "1.29.1-gke.1016000",
              "1.29.0-gke.1381000",
              "1.28.10-gke.1141000",
              "1.28.10-gke.1089000",
              "1.28.10-gke.1075000",
              "1.28.10-gke.1058000",
              "1.28.10-gke.1012000",
              "1.28.9-gke.1289000",
              "1.28.9-gke.1250000",
              "1.28.9-gke.1209000",
              "1.28.9-gke.1069000",
              "1.28.9-gke.1000000",
              "1.28.8-gke.1175000",
              "1.28.8-gke.1095000",
              "1.28.7-gke.1226000",
              "1.28.7-gke.1026001",
              "1.28.7-gke.1026000",
              "1.28.6-gke.1456000",
              "1.28.6-gke.1369000",
              "1.28.6-gke.1289000",
              "1.28.6-gke.1095000",
              "1.28.5-gke.1217000",
              "1.28.4-gke.1083000",
              "1.28.3-gke.1286000",
              "1.28.3-gke.1203001",
              "1.28.3-gke.1203000",
              "1.28.3-gke.1118000",
              "1.28.3-gke.1098000",
              "1.28.3-gke.1090000",
              "1.28.2-gke.1157000",
              "1.27.14-gke.1093000",
              "1.27.14-gke.1059000",
              "1.27.14-gke.1042000",
              "1.27.14-gke.1022000",
              "1.27.14-gke.1011000",
              "1.27.13-gke.1201000",
              "1.27.13-gke.1166000",
              "1.27.13-gke.1070000",
              "1.27.13-gke.1000000",
              "1.27.12-gke.1190000",
              "1.27.12-gke.1115000",
              "1.27.11-gke.1202000",
              "1.27.11-gke.1118000",
              "1.27.11-gke.1062004",
              "1.27.11-gke.1062003",
              "1.27.11-gke.1062001",
              "1.27.11-gke.1062000",
              "1.27.11-gke.1018000",
              "1.27.10-gke.1207000",
              "1.27.10-gke.1152000",
              "1.27.10-gke.1055000",
              "1.27.9-gke.1092000",
              "1.27.8-gke.1067004",
              "1.27.8-gke.1067000",
              "1.27.7-gke.1293000",
              "1.27.7-gke.1121002",
              "1.27.7-gke.1121000",
              "1.27.7-gke.1088000",
              "1.27.7-gke.1056000",
              "1.27.7-gke.1038000",
              "1.27.6-gke.1506000",
              "1.27.6-gke.1445000",
              "1.27.6-gke.1248000",
              "1.27.5-gke.200",
              "1.27.4-gke.900",
              "1.27.3-gke.1700",
              "1.27.3-gke.100",
              "1.27.2-gke.2100",
              "1.27.2-gke.1200",
              "1.26.15-gke.1436000",
              "1.26.15-gke.1404000",
              "1.26.15-gke.1390000",
              "1.26.15-gke.1381000",
              "1.26.15-gke.1372001",
              "1.26.15-gke.1360000",
              "1.26.15-gke.1320000",
              "1.26.15-gke.1300000",
              "1.26.15-gke.1243000",
              "1.26.15-gke.1191000",
              "1.26.15-gke.1158000",
              "1.26.15-gke.1090000",
              "1.26.14-gke.1133000",
              "1.26.14-gke.1076000",
              "1.26.14-gke.1044001",
              "1.26.14-gke.1044000",
              "1.26.14-gke.1006000",
              "1.26.13-gke.1189000",
              "1.26.13-gke.1144000",
              "1.26.13-gke.1052000",
              "1.26.12-gke.1111000",
              "1.26.11-gke.1055000",
              "1.26.10-gke.1235000",
              "1.26.10-gke.1101000",
              "1.26.10-gke.1073000",
              "1.26.10-gke.1038000",
              "1.26.10-gke.1024000",
              "1.26.9-gke.1507000",
              "1.26.9-gke.1437000",
              "1.26.8-gke.200",
              "1.26.7-gke.500",
              "1.26.6-gke.1700",
              "1.26.5-gke.2700",
              "1.26.5-gke.2100",
              "1.26.5-gke.1400",
              "1.26.5-gke.1200",
              "1.26.4-gke.1400",
              "1.26.4-gke.500",
              "1.26.3-gke.1000",
              "1.26.3-gke.400",
              "1.26.2-gke.1000",
              "1.26.1-gke.1500",
              "1.25.16-gke.1759000",
              "1.25.16-gke.1711000",
              "1.25.16-gke.1648000",
              "1.25.16-gke.1596000",
              "1.25.16-gke.1570000",
              "1.25.16-gke.1537000",
              "1.25.16-gke.1497000",
              "1.25.16-gke.1460000",
              "1.25.16-gke.1360000",
              "1.25.16-gke.1268000",
              "1.25.16-gke.1041000",
              "1.25.16-gke.1020000",
              "1.25.15-gke.1115000",
              "1.25.15-gke.1083000",
              "1.25.15-gke.1049000",
              "1.25.15-gke.1033000",
              "1.25.14-gke.1474000",
              "1.25.14-gke.1421000",
              "1.25.13-gke.200",
              "1.25.12-gke.500",
              "1.25.11-gke.1700",
              "1.25.10-gke.2700",
              "1.25.10-gke.2100",
              "1.25.10-gke.1400",
              "1.25.10-gke.1200",
              "1.25.9-gke.2300",
              "1.25.9-gke.400",
              "1.25.8-gke.1000",
              "1.25.8-gke.500",
              "1.25.7-gke.1000",
              "1.25.6-gke.1000",
              "1.25.6-gke.200",
              "1.25.5-gke.2000",
              "1.25.5-gke.1500",
              "1.25.4-gke.2100",
              "1.25.3-gke.800",
              "1.24.17-gke.2472000",
              "1.24.17-gke.2364000",
              "1.24.17-gke.2347000",
              "1.24.17-gke.2266000",
              "1.24.17-gke.2230000",
              "1.24.17-gke.2211000",
              "1.24.17-gke.2198000",
              "1.24.17-gke.2155000",
              "1.24.17-gke.2113000",
              "1.24.17-gke.200",
              "1.24.16-gke.500",
              "1.24.15-gke.1700",
              "1.24.14-gke.2700",
              "1.24.14-gke.2100",
              "1.24.14-gke.1400",
              "1.24.14-gke.1200",
              "1.24.13-gke.2500",
              "1.24.13-gke.500",
              "1.24.12-gke.1000",
              "1.24.12-gke.500",
              "1.24.11-gke.1000",
              "1.24.10-gke.2300",
              "1.24.10-gke.1200",
              "1.24.9-gke.3200",
              "1.24.9-gke.2000",
              "1.24.9-gke.1500",
              "1.24.8-gke.2000",
              "1.24.8-gke.401",
              "1.24.7-gke.900",
              "1.24.6-gke.1500",
              "1.24.5-gke.600",
              "1.24.4-gke.800",
              "1.24.3-gke.2100",
              "1.24.3-gke.900",
              "1.24.3-gke.200",
              "1.24.2-gke.1900",
              "1.24.2-gke.300",
              "1.24.1-gke.1800",
              "1.24.1-gke.1400",
              "1.23.17-gke.10700",
              "1.23.17-gke.10000",
              "1.23.17-gke.8400",
              "1.23.17-gke.7700",
              "1.23.17-gke.7000",
              "1.23.17-gke.6800",
              "1.23.17-gke.5600",
              "1.23.17-gke.3600",
              "1.23.17-gke.2000",
              "1.23.17-gke.1700",
              "1.23.17-gke.300",
              "1.23.16-gke.2500",
              "1.23.16-gke.1400",
              "1.23.16-gke.1100",
              "1.23.16-gke.200",
              "1.23.15-gke.1900",
              "1.23.15-gke.1400",
              "1.23.14-gke.1800",
              "1.23.14-gke.401",
              "1.23.13-gke.900",
              "1.23.12-gke.1600",
              "1.23.12-gke.100",
              "1.23.11-gke.300",
              "1.23.10-gke.1000",
              "1.23.9-gke.2100",
              "1.23.9-gke.900",
              "1.23.8-gke.1900",
              "1.23.8-gke.400",
              "1.23.7-gke.1400",
              "1.23.6-gke.2200",
              "1.23.6-gke.1700",
              "1.23.6-gke.1501",
              "1.23.6-gke.1500",
              "1.23.5-gke.2400",
              "1.23.5-gke.1503",
              "1.23.5-gke.1501",
              "1.22.17-gke.14100",
              "1.22.17-gke.13400",
              "1.22.17-gke.12700",
              "1.22.17-gke.11400",
              "1.22.17-gke.9400",
              "1.22.17-gke.8000",
              "1.22.17-gke.7500",
              "1.22.17-gke.6100",
              "1.22.17-gke.5400",
              "1.22.17-gke.4300",
              "1.22.17-gke.4000",
              "1.22.17-gke.3100",
              "1.22.17-gke.1900",
              "1.22.17-gke.1400",
              "1.22.16-gke.2000",
              "1.22.16-gke.1300",
              "1.22.15-gke.2500",
              "1.22.15-gke.1000",
              "1.22.15-gke.100",
              "1.22.14-gke.300",
              "1.22.13-gke.1000",
              "1.22.12-gke.2300",
              "1.22.12-gke.1200",
              "1.22.12-gke.500",
              "1.22.12-gke.300",
              "1.22.11-gke.400",
              "1.22.10-gke.600",
              "1.22.9-gke.2000",
              "1.22.9-gke.1500",
              "1.22.9-gke.1300",
              "1.22.8-gke.2200",
              "1.22.8-gke.202",
              "1.22.8-gke.201",
              "1.22.8-gke.200",
              "1.22.7-gke.1500",
              "1.22.7-gke.1300",
              "1.22.7-gke.900",
              "1.22.7-gke.300",
              "1.22.6-gke.1000",
              "1.22.6-gke.300",
              "1.22.4-gke.1501",
              "1.22.3-gke.1500",
              "1.21.14-gke.18800",
              "1.21.14-gke.18100",
              "1.21.14-gke.15800",
              "1.21.14-gke.14600",
              "1.21.14-gke.14100",
              "1.21.14-gke.8500",
              "1.21.14-gke.7100",
              "1.21.14-gke.5300",
              "1.21.14-gke.4300",
              "1.21.14-gke.3000",
              "1.21.14-gke.2700",
              "1.21.14-gke.2100",
              "1.21.14-gke.700",
              "1.21.13-gke.900",
              "1.21.12-gke.2200",
              "1.21.12-gke.1700",
              "1.21.12-gke.1500",
              "1.21.11-gke.1900",
              "1.21.11-gke.1100",
              "1.21.11-gke.900",
              "1.21.10-gke.2000",
              "1.21.10-gke.1500",
              "1.21.10-gke.1300",
              "1.21.10-gke.400",
              "1.21.9-gke.1002",
              "1.21.9-gke.1001",
              "1.21.9-gke.1000",
              "1.21.9-gke.300",
              "1.21.6-gke.1503",
              "1.21.6-gke.1501",
              "1.21.6-gke.1500",
              "1.21.5-gke.1805",
              "1.21.5-gke.1802",
              "1.21.5-gke.1302",
              "1.21.5-gke.1300",
              "1.21.4-gke.2302",
              "1.21.4-gke.2300",
              "1.21.3-gke.2003",
              "1.21.3-gke.2001",
              "1.20.15-gke.13700",
              "1.20.15-gke.13400",
              "1.20.15-gke.12800",
              "1.20.15-gke.11400",
              "1.20.15-gke.9900",
              "1.20.15-gke.8700",
              "1.20.15-gke.8200",
              "1.20.15-gke.8000",
              "1.20.15-gke.6000",
              "1.20.15-gke.5200",
              "1.20.15-gke.5000",
              "1.20.15-gke.4100",
              "1.20.15-gke.3600",
              "1.20.15-gke.3400",
              "1.20.15-gke.2500",
              "1.20.15-gke.1000",
              "1.20.15-gke.300",
              "1.20.12-gke.1500",
              "1.20.11-gke.1801",
              "1.20.11-gke.1300",
              "1.20.10-gke.2100",
              "1.20.10-gke.1600",
              "1.20.10-gke.301",
              "1.20.9-gke.2100",
              "1.20.9-gke.1001",
              "1.20.9-gke.1000",
              "1.20.9-gke.701",
              "1.20.9-gke.700",
              "1.20.8-gke.2101",
              "1.20.8-gke.2100",
              "1.20.8-gke.900",
              "1.20.8-gke.700",
              "1.20.7-gke.2200",
              "1.20.7-gke.1800",
              "1.20.6-gke.1400",
              "1.20.6-gke.1000",
              "1.19.16-gke.15700",
              "1.19.16-gke.14500",
              "1.19.16-gke.14000",
              "1.19.16-gke.13800",
              "1.19.16-gke.11800",
              "1.19.16-gke.11000",
              "1.19.16-gke.10800",
              "1.19.16-gke.9900",
              "1.19.16-gke.9400",
              "1.19.16-gke.9200",
              "1.19.16-gke.8300",
              "1.19.16-gke.6800",
              "1.19.16-gke.6100",
              "1.19.16-gke.3600",
              "1.19.15-gke.1801",
              "1.19.15-gke.1300",
              "1.19.15-gke.500",
              "1.19.14-gke.2300",
              "1.19.14-gke.1900",
              "1.19.14-gke.301",
              "1.19.14-gke.300",
              "1.19.13-gke.1900",
              "1.19.13-gke.1200",
              "1.19.13-gke.701",
              "1.19.13-gke.700",
              "1.19.12-gke.2101",
              "1.19.12-gke.2100",
              "1.19.12-gke.1100",
              "1.19.12-gke.900",
              "1.19.12-gke.700",
              "1.19.11-gke.2101",
              "1.19.11-gke.2100",
              "1.19.11-gke.1701",
              "1.19.11-gke.1700",
              "1.19.10-gke.1701",
              "1.19.10-gke.1700",
              "1.19.10-gke.1601",
              "1.19.10-gke.1600",
              "1.19.10-gke.1001",
              "1.19.10-gke.1000",
              "1.19.9-gke.1900",
              "1.19.9-gke.1400",
              "1.19.9-gke.700",
              "1.19.9-gke.100",
              "1.19.8-gke.2000",
              "1.19.8-gke.1600",
              "1.19.8-gke.1000",
              "1.19.7-gke.2503",
              "1.19.7-gke.1500",
              "1.19.7-gke.1302",
              "1.19.7-gke.800",
              "1.19.6-gke.1700",
              "1.19.6-gke.1100",
              "1.19.6-gke.600",
              "1.18.20-gke.6101",
              "1.18.20-gke.6000",
              "1.18.20-gke.4501",
              "1.18.20-gke.4500",
              "1.18.20-gke.4100",
              "1.18.20-gke.3300",
              "1.18.20-gke.3001",
              "1.18.20-gke.3000",
              "1.18.20-gke.2300",
              "1.18.20-gke.901",
              "1.18.20-gke.900",
              "1.18.20-gke.501",
              "1.18.19-gke.2101",
              "1.18.19-gke.2100",
              "1.18.19-gke.1701",
              "1.18.19-gke.1700",
              "1.18.18-gke.1701",
              "1.18.18-gke.1700",
              "1.18.18-gke.1101",
              "1.18.18-gke.1100",
              "1.18.17-gke.1901",
              "1.18.17-gke.1900",
              "1.18.17-gke.1201",
              "1.18.17-gke.1200",
              "1.18.17-gke.700",
              "1.18.17-gke.100",
              "1.18.16-gke.2100",
              "1.18.16-gke.1201",
              "1.18.16-gke.1200",
              "1.18.16-gke.502",
              "1.18.16-gke.500",
              "1.18.16-gke.302",
              "1.18.16-gke.300",
              "1.18.15-gke.2500",
              "1.18.15-gke.1502",
              "1.18.15-gke.1501",
              "1.18.15-gke.1500",
              "1.18.15-gke.1102",
              "1.18.15-gke.1100",
              "1.18.15-gke.800",
              "1.18.14-gke.1600",
              "1.18.14-gke.1200",
              "1.18.12-gke.1210",
              "1.18.12-gke.1206",
              "1.18.12-gke.1205",
              "1.18.12-gke.1201",
              "1.18.12-gke.1200",
              "1.18.12-gke.300",
              "1.18.10-gke.2701",
              "1.18.10-gke.2101",
              "1.18.10-gke.1500",
              "1.18.10-gke.601",
              "1.18.9-gke.2501",
              "1.18.9-gke.1501",
              "1.18.9-gke.801",
              "1.18.6-gke.4801",
              "1.18.6-gke.3504",
              "1.18.6-gke.3503",
              "1.17.17-gke.9100",
              "1.17.17-gke.8500",
              "1.17.17-gke.8200",
              "1.17.17-gke.7800",
              "1.17.17-gke.7200",
              "1.17.17-gke.6700",
              "1.17.17-gke.6000",
              "1.17.17-gke.5400",
              "1.17.17-gke.4900",
              "1.17.17-gke.4400",
              "1.17.17-gke.3700",
              "1.17.17-gke.3000",
              "1.17.17-gke.2800",
              "1.17.17-gke.2500",
              "1.17.17-gke.1500",
              "1.17.17-gke.1101",
              "1.17.17-gke.1100",
              "1.17.17-gke.600",
              "1.17.16-gke.1600",
              "1.17.16-gke.1300",
              "1.17.15-gke.800",
              "1.17.15-gke.300",
              "1.17.14-gke.1600",
              "1.17.14-gke.1200",
              "1.17.14-gke.400",
              "1.17.13-gke.2600",
              "1.17.13-gke.2001",
              "1.17.13-gke.1401",
              "1.17.13-gke.1400",
              "1.17.13-gke.600",
              "1.17.12-gke.2502",
              "1.17.12-gke.1504",
              "1.17.12-gke.1501",
              "1.17.12-gke.500",
              "1.17.9-gke.6300",
              "1.17.9-gke.1504",
              "1.16.15-gke.14800",
              "1.16.15-gke.12500",
              "1.16.15-gke.11800",
              "1.16.15-gke.10600",
              "1.16.15-gke.7801",
              "1.16.15-gke.7800",
              "1.16.15-gke.7300",
              "1.16.15-gke.6900",
              "1.16.15-gke.6000",
              "1.16.15-gke.5500",
              "1.16.15-gke.4901",
              "1.16.15-gke.4301",
              "1.16.15-gke.4300",
              "1.16.15-gke.3500",
              "1.16.15-gke.2601",
              "1.16.15-gke.1600",
              "1.16.15-gke.500",
              "1.16.13-gke.404",
              "1.16.13-gke.403",
              "1.16.13-gke.401",
              "1.16.13-gke.400",
              "1.16.13-gke.1",
              "1.16.11-gke.5",
              "1.16.10-gke.8",
              "1.16.9-gke.6",
              "1.16.9-gke.2",
              "1.16.8-gke.15",
              "1.16.8-gke.12",
              "1.16.8-gke.9",
              "1.15.12-gke.6002",
              "1.15.12-gke.6001",
              "1.15.12-gke.5000",
              "1.15.12-gke.4002",
              "1.15.12-gke.4000",
              "1.15.12-gke.20",
              "1.15.12-gke.17",
              "1.15.12-gke.16",
              "1.15.12-gke.13",
              "1.15.12-gke.9",
              "1.15.12-gke.6",
              "1.15.12-gke.3",
              "1.15.12-gke.2",
              "1.15.11-gke.17",
              "1.15.11-gke.15",
              "1.15.11-gke.13",
              "1.15.11-gke.12",
              "1.15.11-gke.11",
              "1.15.11-gke.9",
              "1.15.11-gke.5",
              "1.15.11-gke.3",
              "1.15.11-gke.1",
              "1.15.9-gke.26",
              "1.15.9-gke.24",
              "1.15.9-gke.22",
              "1.15.9-gke.12",
              "1.15.9-gke.9",
              "1.15.9-gke.8",
              "1.15.8-gke.3",
              "1.15.8-gke.2",
              "1.15.7-gke.23",
              "1.15.7-gke.2",
              "1.15.4-gke.22",
              "1.14.10-gke.1504",
              "1.14.10-gke.902",
              "1.14.10-gke.50",
              "1.14.10-gke.46",
              "1.14.10-gke.45",
              "1.14.10-gke.42",
              "1.14.10-gke.41",
              "1.14.10-gke.40",
              "1.14.10-gke.37",
              "1.14.10-gke.36",
              "1.14.10-gke.34",
              "1.14.10-gke.32",
              "1.14.10-gke.31",
              "1.14.10-gke.27",
              "1.14.10-gke.24",
              "1.14.10-gke.22",
              "1.14.10-gke.21",
              "1.14.10-gke.17",
              "1.14.10-gke.0",
              "1.14.9-gke.23",
              "1.14.9-gke.2",
              "1.14.9-gke.0",
              "1.14.8-gke.33",
              "1.14.8-gke.21",
              "1.14.8-gke.18",
              "1.14.8-gke.17",
              "1.14.8-gke.14",
              "1.14.8-gke.12",
              "1.14.8-gke.7",
              "1.14.8-gke.2",
              "1.14.7-gke.40",
              "1.14.7-gke.25",
              "1.14.7-gke.23",
              "1.14.7-gke.17",
              "1.14.7-gke.14",
              "1.14.7-gke.10",
              "1.14.6-gke.13",
              "1.14.6-gke.2",
              "1.14.6-gke.1",
              "1.14.3-gke.11",
              "1.14.3-gke.10",
              "1.14.3-gke.9",
              "1.14.2-gke.9",
              "1.14.1-gke.5",
              "1.13.12-gke.30",
              "1.13.12-gke.25",
              "1.13.12-gke.17",
              "1.13.12-gke.16",
              "1.13.12-gke.14",
              "1.13.12-gke.13",
              "1.13.12-gke.10",
              "1.13.12-gke.8",
              "1.13.12-gke.4",
              "1.13.12-gke.2",
              "1.13.11-gke.23",
              "1.13.11-gke.15",
              "1.13.11-gke.14",
              "1.13.11-gke.12",
              "1.13.11-gke.11",
              "1.13.11-gke.9",
              "1.13.11-gke.5",
              "1.13.10-gke.7",
              "1.13.10-gke.0",
              "1.13.9-gke.11",
              "1.13.9-gke.3",
              "1.13.7-gke.24",
              "1.13.7-gke.19",
              "1.13.7-gke.15",
              "1.13.7-gke.8",
              "1.13.7-gke.0",
              "1.13.6-gke.13",
              "1.13.6-gke.6",
              "1.13.6-gke.5",
              "1.13.6-gke.0",
              "1.13.5-gke.10",
              "1.12.10-gke.22",
              "1.12.10-gke.20",
              "1.12.10-gke.19",
              "1.12.10-gke.18",
              "1.12.10-gke.17",
              "1.12.10-gke.15",
              "1.12.10-gke.13",
              "1.12.10-gke.11",
              "1.12.10-gke.5",
              "1.12.9-gke.16",
              "1.12.9-gke.15",
              "1.12.9-gke.13",
              "1.12.9-gke.10",
              "1.12.9-gke.7",
              "1.12.9-gke.3",
              "1.12.8-gke.12",
              "1.12.8-gke.10",
              "1.12.8-gke.7",
              "1.12.8-gke.6",
              "1.12.7-gke.26",
              "1.12.7-gke.25",
              "1.12.7-gke.24",
              "1.12.7-gke.22",
              "1.12.7-gke.21",
              "1.12.7-gke.17",
              "1.12.7-gke.10",
              "1.12.7-gke.7",
              "1.12.6-gke.11",
              "1.12.6-gke.10",
              "1.12.6-gke.7",
              "1.12.5-gke.10",
              "1.12.5-gke.5",
              "1.11.10-gke.6",
              "1.11.10-gke.5"
            ],
            "version_prefix": null
          },
          "sensitive_attributes": []
        }
      ]
    },
    {
      "module": "module.compute_cluster.module.gke",
      "mode": "data",
      "type": "google_container_engine_versions",
      "name": "zone",
      "provider": "provider[\"registry.terraform.io/hashicorp/google\"]",
      "instances": [
        {
          "schema_version": 0,
          "attributes": {
            "default_cluster_version": "1.29.4-gke.1043002",
            "id": "2024-06-28 16:10:24.008457 +0000 UTC",
            "latest_master_version": "1.29.5-gke.1192000",
            "latest_node_version": "1.29.5-gke.1192000",
            "location": "us-central1-a",
            "project": "mtrx-hub-dev-3of",
            "release_channel_default_version": {
              "RAPID": "1.30.1-gke.1156000",
              "REGULAR": "1.29.4-gke.1043002",
              "STABLE": "1.27.11-gke.1062004"
            },
            "release_channel_latest_version": {
              "RAPID": "1.30.1-gke.1500000",
              "REGULAR": "1.29.5-gke.1060000",
              "STABLE": "1.29.4-gke.1043002"
            },
            "valid_master_versions": [
              "1.29.5-gke.1192000",
              "1.29.5-gke.1121000",
              "1.29.5-gke.1091000",
              "1.29.5-gke.1060000",
              "1.29.4-gke.1043002",
              "1.28.10-gke.1141000",
              "1.28.10-gke.1089000",
              "1.28.10-gke.1075000",
              "1.28.10-gke.1058000",
              "1.28.9-gke.1289000",
              "1.28.9-gke.1209000",
              "1.28.9-gke.1069000",
              "1.28.9-gke.1000000",
              "1.27.14-gke.1093000",
              "1.27.14-gke.1059000",
              "1.27.14-gke.1042000",
              "1.27.14-gke.1022000",
              "1.27.13-gke.1201000",
              "1.27.13-gke.1166000",
              "1.27.13-gke.1070000",
              "1.27.11-gke.1062004",
              "1.27.11-gke.1062003",
              "1.26.15-gke.1436000",
              "1.26.15-gke.1404000",
              "1.26.15-gke.1390000",
              "1.26.15-gke.1381000",
              "1.26.15-gke.1320000",
              "1.26.15-gke.1300000",
              "1.26.15-gke.1191000",
              "1.26.15-gke.1090000"
            ],
            "valid_node_versions": [
              "1.29.5-gke.1192000",
              "1.29.5-gke.1121000",
              "1.29.5-gke.1091000",
              "1.29.5-gke.1060000",
              "1.29.5-gke.1010000",
              "1.29.4-gke.1670000",
              "1.29.4-gke.1542000",
              "1.29.4-gke.1447001",
              "1.29.4-gke.1447000",
              "1.29.4-gke.1165000",
              "1.29.4-gke.1043002",
              "1.29.4-gke.1043001",
              "1.29.4-gke.1043000",
              "1.29.3-gke.1282005",
              "1.29.3-gke.1282001",
              "1.29.3-gke.1282000",
              "1.29.3-gke.1093006",
              "1.29.3-gke.1093000",
              "1.29.2-gke.1521000",
              "1.29.2-gke.1217000",
              "1.29.2-gke.1060000",
              "1.29.1-gke.1589020",
              "1.29.1-gke.1589018",
              "1.29.1-gke.1589017",
              "1.29.1-gke.1589000",
              "1.29.1-gke.1575000",
              "1.29.1-gke.1425000",
              "1.29.1-gke.1016000",
              "1.29.0-gke.1381000",
              "1.28.10-gke.1141000",
              "1.28.10-gke.1089000",
              "1.28.10-gke.1075000",
              "1.28.10-gke.1058000",
              "1.28.10-gke.1012000",
              "1.28.9-gke.1289000",
              "1.28.9-gke.1250000",
              "1.28.9-gke.1209000",
              "1.28.9-gke.1069000",
              "1.28.9-gke.1000000",
              "1.28.8-gke.1175000",
              "1.28.8-gke.1095000",
              "1.28.7-gke.1226000",
              "1.28.7-gke.1026001",
              "1.28.7-gke.1026000",
              "1.28.6-gke.1456000",
              "1.28.6-gke.1369000",
              "1.28.6-gke.1289000",
              "1.28.6-gke.1095000",
              "1.28.5-gke.1217000",
              "1.28.4-gke.1083000",
              "1.28.3-gke.1286000",
              "1.28.3-gke.1203001",
              "1.28.3-gke.1203000",
              "1.28.3-gke.1118000",
              "1.28.3-gke.1098000",
              "1.28.3-gke.1090000",
              "1.28.2-gke.1157000",
              "1.27.14-gke.1093000",
              "1.27.14-gke.1059000",
              "1.27.14-gke.1042000",
              "1.27.14-gke.1022000",
              "1.27.14-gke.1011000",
              "1.27.13-gke.1201000",
              "1.27.13-gke.1166000",
              "1.27.13-gke.1070000",
              "1.27.13-gke.1000000",
              "1.27.12-gke.1190000",
              "1.27.12-gke.1115000",
              "1.27.11-gke.1202000",
              "1.27.11-gke.1118000",
              "1.27.11-gke.1062004",
              "1.27.11-gke.1062003",
              "1.27.11-gke.1062001",
              "1.27.11-gke.1062000",
              "1.27.11-gke.1018000",
              "1.27.10-gke.1207000",
              "1.27.10-gke.1152000",
              "1.27.10-gke.1055000",
              "1.27.9-gke.1092000",
              "1.27.8-gke.1067004",
              "1.27.8-gke.1067000",
              "1.27.7-gke.1293000",
              "1.27.7-gke.1121002",
              "1.27.7-gke.1121000",
              "1.27.7-gke.1088000",
              "1.27.7-gke.1056000",
              "1.27.7-gke.1038000",
              "1.27.6-gke.1506000",
              "1.27.6-gke.1445000",
              "1.27.6-gke.1248000",
              "1.27.5-gke.200",
              "1.27.4-gke.900",
              "1.27.3-gke.1700",
              "1.27.3-gke.100",
              "1.27.2-gke.2100",
              "1.27.2-gke.1200",
              "1.26.15-gke.1436000",
              "1.26.15-gke.1404000",
              "1.26.15-gke.1390000",
              "1.26.15-gke.1381000",
              "1.26.15-gke.1372001",
              "1.26.15-gke.1360000",
              "1.26.15-gke.1320000",
              "1.26.15-gke.1300000",
              "1.26.15-gke.1243000",
              "1.26.15-gke.1191000",
              "1.26.15-gke.1158000",
              "1.26.15-gke.1090000",
              "1.26.14-gke.1133000",
              "1.26.14-gke.1076000",
              "1.26.14-gke.1044001",
              "1.26.14-gke.1044000",
              "1.26.14-gke.1006000",
              "1.26.13-gke.1189000",
              "1.26.13-gke.1144000",
              "1.26.13-gke.1052000",
              "1.26.12-gke.1111000",
              "1.26.11-gke.1055000",
              "1.26.10-gke.1235000",
              "1.26.10-gke.1101000",
              "1.26.10-gke.1073000",
              "1.26.10-gke.1038000",
              "1.26.10-gke.1024000",
              "1.26.9-gke.1507000",
              "1.26.9-gke.1437000",
              "1.26.8-gke.200",
              "1.26.7-gke.500",
              "1.26.6-gke.1700",
              "1.26.5-gke.2700",
              "1.26.5-gke.2100",
              "1.26.5-gke.1400",
              "1.26.5-gke.1200",
              "1.26.4-gke.1400",
              "1.26.4-gke.500",
              "1.26.3-gke.1000",
              "1.26.3-gke.400",
              "1.26.2-gke.1000",
              "1.26.1-gke.1500",
              "1.25.16-gke.1759000",
              "1.25.16-gke.1711000",
              "1.25.16-gke.1648000",
              "1.25.16-gke.1596000",
              "1.25.16-gke.1570000",
              "1.25.16-gke.1537000",
              "1.25.16-gke.1497000",
              "1.25.16-gke.1460000",
              "1.25.16-gke.1360000",
              "1.25.16-gke.1268000",
              "1.25.16-gke.1041000",
              "1.25.16-gke.1020000",
              "1.25.15-gke.1115000",
              "1.25.15-gke.1083000",
              "1.25.15-gke.1049000",
              "1.25.15-gke.1033000",
              "1.25.14-gke.1474000",
              "1.25.14-gke.1421000",
              "1.25.13-gke.200",
              "1.25.12-gke.500",
              "1.25.11-gke.1700",
              "1.25.10-gke.2700",
              "1.25.10-gke.2100",
              "1.25.10-gke.1400",
              "1.25.10-gke.1200",
              "1.25.9-gke.2300",
              "1.25.9-gke.400",
              "1.25.8-gke.1000",
              "1.25.8-gke.500",
              "1.25.7-gke.1000",
              "1.25.6-gke.1000",
              "1.25.6-gke.200",
              "1.25.5-gke.2000",
              "1.25.5-gke.1500",
              "1.25.4-gke.2100",
              "1.25.3-gke.800",
              "1.24.17-gke.2472000",
              "1.24.17-gke.2364000",
              "1.24.17-gke.2347000",
              "1.24.17-gke.2266000",
              "1.24.17-gke.2230000",
              "1.24.17-gke.2211000",
              "1.24.17-gke.2198000",
              "1.24.17-gke.2155000",
              "1.24.17-gke.2113000",
              "1.24.17-gke.200",
              "1.24.16-gke.500",
              "1.24.15-gke.1700",
              "1.24.14-gke.2700",
              "1.24.14-gke.2100",
              "1.24.14-gke.1400",
              "1.24.14-gke.1200",
              "1.24.13-gke.2500",
              "1.24.13-gke.500",
              "1.24.12-gke.1000",
              "1.24.12-gke.500",
              "1.24.11-gke.1000",
              "1.24.10-gke.2300",
              "1.24.10-gke.1200",
              "1.24.9-gke.3200",
              "1.24.9-gke.2000",
              "1.24.9-gke.1500",
              "1.24.8-gke.2000",
              "1.24.8-gke.401",
              "1.24.7-gke.900",
              "1.24.6-gke.1500",
              "1.24.5-gke.600",
              "1.24.4-gke.800",
              "1.24.3-gke.2100",
              "1.24.3-gke.900",
              "1.24.3-gke.200",
              "1.24.2-gke.1900",
              "1.24.2-gke.300",
              "1.24.1-gke.1800",
              "1.24.1-gke.1400",
              "1.23.17-gke.10700",
              "1.23.17-gke.10000",
              "1.23.17-gke.8400",
              "1.23.17-gke.7700",
              "1.23.17-gke.7000",
              "1.23.17-gke.6800",
              "1.23.17-gke.5600",
              "1.23.17-gke.3600",
              "1.23.17-gke.2000",
              "1.23.17-gke.1700",
              "1.23.17-gke.300",
              "1.23.16-gke.2500",
              "1.23.16-gke.1400",
              "1.23.16-gke.1100",
              "1.23.16-gke.200",
              "1.23.15-gke.1900",
              "1.23.15-gke.1400",
              "1.23.14-gke.1800",
              "1.23.14-gke.401",
              "1.23.13-gke.900",
              "1.23.12-gke.1600",
              "1.23.12-gke.100",
              "1.23.11-gke.300",
              "1.23.10-gke.1000",
              "1.23.9-gke.2100",
              "1.23.9-gke.900",
              "1.23.8-gke.1900",
              "1.23.8-gke.400",
              "1.23.7-gke.1400",
              "1.23.6-gke.2200",
              "1.23.6-gke.1700",
              "1.23.6-gke.1501",
              "1.23.6-gke.1500",
              "1.23.5-gke.2400",
              "1.23.5-gke.1503",
              "1.23.5-gke.1501",
              "1.22.17-gke.14100",
              "1.22.17-gke.13400",
              "1.22.17-gke.12700",
              "1.22.17-gke.11400",
              "1.22.17-gke.9400",
              "1.22.17-gke.8000",
              "1.22.17-gke.7500",
              "1.22.17-gke.6100",
              "1.22.17-gke.5400",
              "1.22.17-gke.4300",
              "1.22.17-gke.4000",
              "1.22.17-gke.3100",
              "1.22.17-gke.1900",
              "1.22.17-gke.1400",
              "1.22.16-gke.2000",
              "1.22.16-gke.1300",
              "1.22.15-gke.2500",
              "1.22.15-gke.1000",
              "1.22.15-gke.100",
              "1.22.14-gke.300",
              "1.22.13-gke.1000",
              "1.22.12-gke.2300",
              "1.22.12-gke.1200",
              "1.22.12-gke.500",
              "1.22.12-gke.300",
              "1.22.11-gke.400",
              "1.22.10-gke.600",
              "1.22.9-gke.2000",
              "1.22.9-gke.1500",
              "1.22.9-gke.1300",
              "1.22.8-gke.2200",
              "1.22.8-gke.202",
              "1.22.8-gke.201",
              "1.22.8-gke.200",
              "1.22.7-gke.1500",
              "1.22.7-gke.1300",
              "1.22.7-gke.900",
              "1.22.7-gke.300",
              "1.22.6-gke.1000",
              "1.22.6-gke.300",
              "1.22.4-gke.1501",
              "1.22.3-gke.1500",
              "1.21.14-gke.18800",
              "1.21.14-gke.18100",
              "1.21.14-gke.15800",
              "1.21.14-gke.14600",
              "1.21.14-gke.14100",
              "1.21.14-gke.8500",
              "1.21.14-gke.7100",
              "1.21.14-gke.5300",
              "1.21.14-gke.4300",
              "1.21.14-gke.3000",
              "1.21.14-gke.2700",
              "1.21.14-gke.2100",
              "1.21.14-gke.700",
              "1.21.13-gke.900",
              "1.21.12-gke.2200",
              "1.21.12-gke.1700",
              "1.21.12-gke.1500",
              "1.21.11-gke.1900",
              "1.21.11-gke.1100",
              "1.21.11-gke.900",
              "1.21.10-gke.2000",
              "1.21.10-gke.1500",
              "1.21.10-gke.1300",
              "1.21.10-gke.400",
              "1.21.9-gke.1002",
              "1.21.9-gke.1001",
              "1.21.9-gke.1000",
              "1.21.9-gke.300",
              "1.21.6-gke.1503",
              "1.21.6-gke.1501",
              "1.21.6-gke.1500",
              "1.21.5-gke.1805",
              "1.21.5-gke.1802",
              "1.21.5-gke.1302",
              "1.21.5-gke.1300",
              "1.21.4-gke.2302",
              "1.21.4-gke.2300",
              "1.21.3-gke.2003",
              "1.21.3-gke.2001",
              "1.20.15-gke.13700",
              "1.20.15-gke.13400",
              "1.20.15-gke.12800",
              "1.20.15-gke.11400",
              "1.20.15-gke.9900",
              "1.20.15-gke.8700",
              "1.20.15-gke.8200",
              "1.20.15-gke.8000",
              "1.20.15-gke.6000",
              "1.20.15-gke.5200",
              "1.20.15-gke.5000",
              "1.20.15-gke.4100",
              "1.20.15-gke.3600",
              "1.20.15-gke.3400",
              "1.20.15-gke.2500",
              "1.20.15-gke.1000",
              "1.20.15-gke.300",
              "1.20.12-gke.1500",
              "1.20.11-gke.1801",
              "1.20.11-gke.1300",
              "1.20.10-gke.2100",
              "1.20.10-gke.1600",
              "1.20.10-gke.301",
              "1.20.9-gke.2100",
              "1.20.9-gke.1001",
              "1.20.9-gke.1000",
              "1.20.9-gke.701",
              "1.20.9-gke.700",
              "1.20.8-gke.2101",
              "1.20.8-gke.2100",
              "1.20.8-gke.900",
              "1.20.8-gke.700",
              "1.20.7-gke.2200",
              "1.20.7-gke.1800",
              "1.20.6-gke.1400",
              "1.20.6-gke.1000",
              "1.19.16-gke.15700",
              "1.19.16-gke.14500",
              "1.19.16-gke.14000",
              "1.19.16-gke.13800",
              "1.19.16-gke.11800",
              "1.19.16-gke.11000",
              "1.19.16-gke.10800",
              "1.19.16-gke.9900",
              "1.19.16-gke.9400",
              "1.19.16-gke.9200",
              "1.19.16-gke.8300",
              "1.19.16-gke.6800",
              "1.19.16-gke.6100",
              "1.19.16-gke.3600",
              "1.19.15-gke.1801",
              "1.19.15-gke.1300",
              "1.19.15-gke.500",
              "1.19.14-gke.2300",
              "1.19.14-gke.1900",
              "1.19.14-gke.301",
              "1.19.14-gke.300",
              "1.19.13-gke.1900",
              "1.19.13-gke.1200",
              "1.19.13-gke.701",
              "1.19.13-gke.700",
              "1.19.12-gke.2101",
              "1.19.12-gke.2100",
              "1.19.12-gke.1100",
              "1.19.12-gke.900",
              "1.19.12-gke.700",
              "1.19.11-gke.2101",
              "1.19.11-gke.2100",
              "1.19.11-gke.1701",
              "1.19.11-gke.1700",
              "1.19.10-gke.1701",
              "1.19.10-gke.1700",
              "1.19.10-gke.1601",
              "1.19.10-gke.1600",
              "1.19.10-gke.1001",
              "1.19.10-gke.1000",
              "1.19.9-gke.1900",
              "1.19.9-gke.1400",
              "1.19.9-gke.700",
              "1.19.9-gke.100",
              "1.19.8-gke.2000",
              "1.19.8-gke.1600",
              "1.19.8-gke.1000",
              "1.19.7-gke.2503",
              "1.19.7-gke.1500",
              "1.19.7-gke.1302",
              "1.19.7-gke.800",
              "1.19.6-gke.1700",
              "1.19.6-gke.1100",
              "1.19.6-gke.600",
              "1.18.20-gke.6101",
              "1.18.20-gke.6000",
              "1.18.20-gke.4501",
              "1.18.20-gke.4500",
              "1.18.20-gke.4100",
              "1.18.20-gke.3300",
              "1.18.20-gke.3001",
              "1.18.20-gke.3000",
              "1.18.20-gke.2300",
              "1.18.20-gke.901",
              "1.18.20-gke.900",
              "1.18.20-gke.501",
              "1.18.19-gke.2101",
              "1.18.19-gke.2100",
              "1.18.19-gke.1701",
              "1.18.19-gke.1700",
              "1.18.18-gke.1701",
              "1.18.18-gke.1700",
              "1.18.18-gke.1101",
              "1.18.18-gke.1100",
              "1.18.17-gke.1901",
              "1.18.17-gke.1900",
              "1.18.17-gke.1201",
              "1.18.17-gke.1200",
              "1.18.17-gke.700",
              "1.18.17-gke.100",
              "1.18.16-gke.2100",
              "1.18.16-gke.1201",
              "1.18.16-gke.1200",
              "1.18.16-gke.502",
              "1.18.16-gke.500",
              "1.18.16-gke.302",
              "1.18.16-gke.300",
              "1.18.15-gke.2500",
              "1.18.15-gke.1502",
              "1.18.15-gke.1501",
              "1.18.15-gke.1500",
              "1.18.15-gke.1102",
              "1.18.15-gke.1100",
              "1.18.15-gke.800",
              "1.18.14-gke.1600",
              "1.18.14-gke.1200",
              "1.18.12-gke.1210",
              "1.18.12-gke.1206",
              "1.18.12-gke.1205",
              "1.18.12-gke.1201",
              "1.18.12-gke.1200",
              "1.18.12-gke.300",
              "1.18.10-gke.2701",
              "1.18.10-gke.2101",
              "1.18.10-gke.1500",
              "1.18.10-gke.601",
              "1.18.9-gke.2501",
              "1.18.9-gke.1501",
              "1.18.9-gke.801",
              "1.18.6-gke.4801",
              "1.18.6-gke.3504",
              "1.18.6-gke.3503",
              "1.17.17-gke.9100",
              "1.17.17-gke.8500",
              "1.17.17-gke.8200",
              "1.17.17-gke.7800",
              "1.17.17-gke.7200",
              "1.17.17-gke.6700",
              "1.17.17-gke.6000",
              "1.17.17-gke.5400",
              "1.17.17-gke.4900",
              "1.17.17-gke.4400",
              "1.17.17-gke.3700",
              "1.17.17-gke.3000",
              "1.17.17-gke.2800",
              "1.17.17-gke.2500",
              "1.17.17-gke.1500",
              "1.17.17-gke.1101",
              "1.17.17-gke.1100",
              "1.17.17-gke.600",
              "1.17.16-gke.1600",
              "1.17.16-gke.1300",
              "1.17.15-gke.800",
              "1.17.15-gke.300",
              "1.17.14-gke.1600",
              "1.17.14-gke.1200",
              "1.17.14-gke.400",
              "1.17.13-gke.2600",
              "1.17.13-gke.2001",
              "1.17.13-gke.1401",
              "1.17.13-gke.1400",
              "1.17.13-gke.600",
              "1.17.12-gke.2502",
              "1.17.12-gke.1504",
              "1.17.12-gke.1501",
              "1.17.12-gke.500",
              "1.17.9-gke.6300",
              "1.17.9-gke.1504",
              "1.16.15-gke.14800",
              "1.16.15-gke.12500",
              "1.16.15-gke.11800",
              "1.16.15-gke.10600",
              "1.16.15-gke.7801",
              "1.16.15-gke.7800",
              "1.16.15-gke.7300",
              "1.16.15-gke.6900",
              "1.16.15-gke.6000",
              "1.16.15-gke.5500",
              "1.16.15-gke.4901",
              "1.16.15-gke.4301",
              "1.16.15-gke.4300",
              "1.16.15-gke.3500",
              "1.16.15-gke.2601",
              "1.16.15-gke.1600",
              "1.16.15-gke.500",
              "1.16.13-gke.404",
              "1.16.13-gke.403",
              "1.16.13-gke.401",
              "1.16.13-gke.400",
              "1.16.13-gke.1",
              "1.16.11-gke.5",
              "1.16.10-gke.8",
              "1.16.9-gke.6",
              "1.16.9-gke.2",
              "1.16.8-gke.15",
              "1.16.8-gke.12",
              "1.16.8-gke.9",
              "1.15.12-gke.6002",
              "1.15.12-gke.6001",
              "1.15.12-gke.5000",
              "1.15.12-gke.4002",
              "1.15.12-gke.4000",
              "1.15.12-gke.20",
              "1.15.12-gke.17",
              "1.15.12-gke.16",
              "1.15.12-gke.13",
              "1.15.12-gke.9",
              "1.15.12-gke.6",
              "1.15.12-gke.3",
              "1.15.12-gke.2",
              "1.15.11-gke.17",
              "1.15.11-gke.15",
              "1.15.11-gke.13",
              "1.15.11-gke.12",
              "1.15.11-gke.11",
              "1.15.11-gke.9",
              "1.15.11-gke.5",
              "1.15.11-gke.3",
              "1.15.11-gke.1",
              "1.15.9-gke.26",
              "1.15.9-gke.24",
              "1.15.9-gke.22",
              "1.15.9-gke.12",
              "1.15.9-gke.9",
              "1.15.9-gke.8",
              "1.15.8-gke.3",
              "1.15.8-gke.2",
              "1.15.7-gke.23",
              "1.15.7-gke.2",
              "1.15.4-gke.22",
              "1.14.10-gke.1504",
              "1.14.10-gke.902",
              "1.14.10-gke.50",
              "1.14.10-gke.46",
              "1.14.10-gke.45",
              "1.14.10-gke.42",
              "1.14.10-gke.41",
              "1.14.10-gke.40",
              "1.14.10-gke.37",
              "1.14.10-gke.36",
              "1.14.10-gke.34",
              "1.14.10-gke.32",
              "1.14.10-gke.31",
              "1.14.10-gke.27",
              "1.14.10-gke.24",
              "1.14.10-gke.22",
              "1.14.10-gke.21",
              "1.14.10-gke.17",
              "1.14.10-gke.0",
              "1.14.9-gke.23",
              "1.14.9-gke.2",
              "1.14.9-gke.0",
              "1.14.8-gke.33",
              "1.14.8-gke.21",
              "1.14.8-gke.18",
              "1.14.8-gke.17",
              "1.14.8-gke.14",
              "1.14.8-gke.12",
              "1.14.8-gke.7",
              "1.14.8-gke.2",
              "1.14.7-gke.40",
              "1.14.7-gke.25",
              "1.14.7-gke.23",
              "1.14.7-gke.17",
              "1.14.7-gke.14",
              "1.14.7-gke.10",
              "1.14.6-gke.13",
              "1.14.6-gke.2",
              "1.14.6-gke.1",
              "1.14.3-gke.11",
              "1.14.3-gke.10",
              "1.14.3-gke.9",
              "1.14.2-gke.9",
              "1.14.1-gke.5",
              "1.13.12-gke.30",
              "1.13.12-gke.25",
              "1.13.12-gke.17",
              "1.13.12-gke.16",
              "1.13.12-gke.14",
              "1.13.12-gke.13",
              "1.13.12-gke.10",
              "1.13.12-gke.8",
              "1.13.12-gke.4",
              "1.13.12-gke.2",
              "1.13.11-gke.23",
              "1.13.11-gke.15",
              "1.13.11-gke.14",
              "1.13.11-gke.12",
              "1.13.11-gke.11",
              "1.13.11-gke.9",
              "1.13.11-gke.5",
              "1.13.10-gke.7",
              "1.13.10-gke.0",
              "1.13.9-gke.11",
              "1.13.9-gke.3",
              "1.13.7-gke.24",
              "1.13.7-gke.19",
              "1.13.7-gke.15",
              "1.13.7-gke.8",
              "1.13.7-gke.0",
              "1.13.6-gke.13",
              "1.13.6-gke.6",
              "1.13.6-gke.5",
              "1.13.6-gke.0",
              "1.13.5-gke.10",
              "1.12.10-gke.22",
              "1.12.10-gke.20",
              "1.12.10-gke.19",
              "1.12.10-gke.18",
              "1.12.10-gke.17",
              "1.12.10-gke.15",
              "1.12.10-gke.13",
              "1.12.10-gke.11",
              "1.12.10-gke.5",
              "1.12.9-gke.16",
              "1.12.9-gke.15",
              "1.12.9-gke.13",
              "1.12.9-gke.10",
              "1.12.9-gke.7",
              "1.12.9-gke.3",
              "1.12.8-gke.12",
              "1.12.8-gke.10",
              "1.12.8-gke.7",
              "1.12.8-gke.6",
              "1.12.7-gke.26",
              "1.12.7-gke.25",
              "1.12.7-gke.24",
              "1.12.7-gke.22",
              "1.12.7-gke.21",
              "1.12.7-gke.17",
              "1.12.7-gke.10",
              "1.12.7-gke.7",
              "1.12.6-gke.11",
              "1.12.6-gke.10",
              "1.12.6-gke.7",
              "1.12.5-gke.10",
              "1.12.5-gke.5",
              "1.11.10-gke.6",
              "1.11.10-gke.5"
            ],
            "version_prefix": null
          },
          "sensitive_attributes": []
        }
      ]
    },
    {
      "module": "module.compute_cluster.module.gke",
      "mode": "managed",
      "type": "google_container_cluster",
      "name": "primary",
      "provider": "provider[\"registry.terraform.io/hashicorp/google\"]",
      "instances": [
        {
          "schema_version": 2,
          "attributes": {
            "addons_config": [
              {
                "cloudrun_config": [],
                "config_connector_config": [
                  {
                    "enabled": false
                  }
                ],
                "dns_cache_config": [
                  {
                    "enabled": false
                  }
                ],
                "gce_persistent_disk_csi_driver_config": [
                  {
                    "enabled": true
                  }
                ],
                "gcp_filestore_csi_driver_config": [
                  {
                    "enabled": false
                  }
                ],
                "gcs_fuse_csi_driver_config": [],
                "gke_backup_agent_config": [
                  {
                    "enabled": false
                  }
                ],
                "horizontal_pod_autoscaling": [
                  {
                    "disabled": false
                  }
                ],
                "http_load_balancing": [
                  {
                    "disabled": true
                  }
                ],
                "network_policy_config": [
                  {
                    "disabled": true
                  }
                ],
                "stateful_ha_config": []
              }
            ],
            "allow_net_admin": null,
            "authenticator_groups_config": [],
            "binary_authorization": [
              {
                "enabled": false,
                "evaluation_mode": ""
              }
            ],
            "cluster_autoscaling": [
              {
                "auto_provisioning_defaults": [],
                "autoscaling_profile": "BALANCED",
                "enabled": false,
                "resource_limits": []
              }
            ],
            "cluster_ipv4_cidr": "10.129.0.0/16",
            "confidential_nodes": [],
            "cost_management_config": [],
            "database_encryption": [
              {
                "key_name": "",
                "state": "DECRYPTED"
              }
            ],
            "datapath_provider": "",
            "default_max_pods_per_node": 110,
            "default_snat_status": [
              {
                "disabled": false
              }
            ],
            "deletion_protection": false,
            "description": "",
            "dns_config": [],
            "enable_autopilot": false,
            "enable_cilium_clusterwide_network_policy": false,
            "enable_intranode_visibility": false,
            "enable_k8s_beta_apis": [],
            "enable_kubernetes_alpha": false,
            "enable_l4_ilb_subsetting": false,
            "enable_legacy_abac": false,
            "enable_shielded_nodes": true,
            "enable_tpu": false,
            "endpoint": "35.192.139.193",
            "fleet": [],
            "gateway_api_config": [],
            "id": "projects/mtrx-hub-dev-3of/locations/us-central1/clusters/compute-cluster",
            "identity_service_config": [],
            "initial_node_count": 0,
            "ip_allocation_policy": [
              {
                "additional_pod_ranges_config": [],
                "cluster_ipv4_cidr_block": "10.129.0.0/16",
                "cluster_secondary_range_name": "sn-hub-dev-us-pod-range",
                "pod_cidr_overprovision_config": [
                  {
                    "disabled": false
                  }
                ],
                "services_ipv4_cidr_block": "10.130.0.0/16",
                "services_secondary_range_name": "sn-hub-dev-us-svc-range",
                "stack_type": "IPV4"
              }
            ],
            "label_fingerprint": "a9dc16a7",
            "location": "us-central1",
            "logging_config": [
              {
                "enable_components": [
                  "SYSTEM_COMPONENTS",
                  "WORKLOADS"
                ]
              }
            ],
            "logging_service": "logging.googleapis.com/kubernetes",
            "maintenance_policy": [
              {
                "daily_maintenance_window": [
                  {
                    "duration": "PT4H0M0S",
                    "start_time": "05:00"
                  }
                ],
                "maintenance_exclusion": [],
                "recurring_window": []
              }
            ],
            "master_auth": [
              {
                "client_certificate": "",
                "client_certificate_config": [
                  {
                    "issue_client_certificate": false
                  }
                ],
                "client_key": "",
                "cluster_ca_certificate": "LS0tLS1CRUdJTiBDRVJUSUZJQ0FURS0tLS0tCk1JSUVMRENDQXBTZ0F3SUJBZ0lRU2QwbkRpR3JsZlNyTXhZZzZobmNrakFOQmdrcWhraUc5dzBCQVFzRkFEQXYKTVMwd0t3WURWUVFERXlRM1pHTmxOR0UxTlMwek1HTTFMVFJqTkdRdFlUUmtZUzFqTkROalkySTVPREZqT0RndwpJQmNOTWpRd05qRTNNakUwTWpJM1doZ1BNakExTkRBMk1UQXlNalF5TWpkYU1DOHhMVEFyQmdOVkJBTVRKRGRrClkyVTBZVFUxTFRNd1l6VXROR00wWkMxaE5HUmhMV00wTTJOallqazRNV000T0RDQ0FhSXdEUVlKS29aSWh2Y04KQVFFQkJRQURnZ0dQQURDQ0FZb0NnZ0dCQUtDRmZWWUp1eklGa0pjQ0w2RTNzSGNmMkZMQU5zZ2FjZC8zdDFTaAp0Q2RwRGN0Ym9RMXMrOS9kVWtsbktwdUFiOHFKQW9GNlRoSDU5UXp5SS9Ub0QyL29XMW8xak8yMi83Wk41S3doCnZHSGRBMGRyQlRINC9DeXlpbWFvNXdXdFJwNTB6cEo5TDJGZ0toR1JGUDlHci9BQzk1SGhDRGlLcVRMYnl5UnMKcmlXM3Y0RnFVOVAwVkdwcnVYcXJlY1BlRUFmWFJsTHFzVDFIUFNrVFE5L2ZlSFV0aU05MkY1cUpiM3p0R05rbwpTeTNFMGp2R2ZrbmZDSWNNS3B3c3BrS1ZWTzBsQjN5WGtJQmlrRmRWUzBxbG1XZ2l5ek8veTJVNlo1ZXN3dGM5Cm1hS0hsbldGRlNoK3lhc1RJODY4L1RGMlE0cStXbmR4TzVDcTA3SzJNcUFyU2g1ZTZyODErM0lvTyt0WGhXb0gKREdsS0J2MGs5R2V3Vm5wckpNU1dsTjNCeUNSTkQzK1VnZmZVblpQdUxuUDVGYnd5NG9lVThlWmU3NEJEeUdoQwp6aXZFNENzZEYrT3ZteHJVNWQzSi9mQzRHaXErUFlqb3dJYkhDbTE2amZzY2EwR2diSXVrM2dSMHl3VStkSXJYClFTY1lnRk9hS0U2RVczeVIyNXBtU3ZnTS93SURBUUFCbzBJd1FEQU9CZ05WSFE4QkFmOEVCQU1DQWdRd0R3WUQKVlIwVEFRSC9CQVV3QXdFQi96QWRCZ05WSFE0RUZnUVVNTkF3VnVkeE5naHVTNXBsT0xTY0RkQWVJVDh3RFFZSgpLb1pJaHZjTkFRRUxCUUFEZ2dHQkFCMjEwOW5mZVFRcUNEYUhEbENzQzJFeEhnUXhiSnJIWEtubGRsK1RSaVBrCkhEd3ZaVHYxK1A2SWM1aVJweDN4L0Vkd21oZlhaNmg4WDhGZEo3SG1ad0YrcExuWERmVlBGTWs0RmhJQjZjdlgKazhxMkxtd3VQMEZoaEJqK3FZTFY4bVpIQU15TDJqMnVReVVpdHRwZXc0dmxEdGFmWllqV3dLd0hlYm96T0dGOQoxVlh4c1JWN3lUWmpHaXZhOU8yUUp5R1BUbDBQOTJVYWMrTDJaOGNZZG9za0Yzc0xGN3Y2MGRsZW1CQlF6L3VjCjNCS1NWRTAwWXJyWnpuYytEQ1Vrb3VOeStXTDJrYm11NUM5ZjRMWmJtWkEwYy9PNGF5Z0pRbktRWml2dDRyMHAKcEFaaHQyY0h6ME41RFh1RUxvUHFXT3V2MjU5cG5oSnduUnhBWWNvS2FONWtkWXBMY2JMK2N1c0o5d1d0Unk4cwpWT0pRb0FZU1JldHJ1SEYzVWlYSEFjcDdaRElHa3MvTjdETXhwN3E0b2owQWE4Y2lxMi9TQ284QXR6VlZ1dE1ICnNRNUNtbDloUkxzUzJBYWJnVkpobHc1NEdLaTFORG42eDRnNDVOMDJvRERnNFUvN1gzWWUvbEhpbjllcndPM3AKZkk4QjZFenR6UExxakg2dCtYUWo1dz09Ci0tLS0tRU5EIENFUlRJRklDQVRFLS0tLS0K"
              }
            ],
            "master_authorized_networks_config": [],
            "master_version": "1.29.4-gke.1043002",
            "mesh_certificates": [
              {
                "enable_certificates": false
              }
            ],
            "min_master_version": null,
            "monitoring_config": [
              {
                "advanced_datapath_observability_config": [
                  {
                    "enable_metrics": false,
                    "enable_relay": false,
                    "relay_mode": "DISABLED"
                  }
                ],
                "enable_components": [
                  "SYSTEM_COMPONENTS"
                ],
                "managed_prometheus": [
                  {
                    "enabled": true
                  }
                ]
              }
            ],
            "monitoring_service": "monitoring.googleapis.com/kubernetes",
            "name": "compute-cluster",
            "network": "projects/mtrx-hub-dev-3of/global/networks/matrix-hub-dev-nw",
            "network_policy": [
              {
                "enabled": false,
                "provider": "PROVIDER_UNSPECIFIED"
              }
            ],
            "networking_mode": "VPC_NATIVE",
            "node_config": [
              {
                "advanced_machine_features": [],
                "boot_disk_kms_key": "",
                "confidential_nodes": [],
                "containerd_config": [],
                "disk_size_gb": 100,
                "disk_type": "pd-standard",
                "effective_taints": [
                  {
                    "effect": "PREFER_NO_SCHEDULE",
                    "key": "default-node-pool",
                    "value": "true"
                  }
                ],
                "enable_confidential_storage": false,
                "ephemeral_storage_local_ssd_config": [],
                "fast_socket": [],
                "gcfs_config": [],
                "guest_accelerator": [],
                "gvnic": [],
                "host_maintenance_policy": [],
                "image_type": "COS_CONTAINERD",
                "kubelet_config": [],
                "labels": {
                  "cluster_name": "compute-cluster",
                  "default-node-pool": "true",
                  "node_pool": "default-node-pool"
                },
                "linux_node_config": [],
                "local_nvme_ssd_block_config": [],
                "local_ssd_count": 0,
                "logging_variant": "DEFAULT",
                "machine_type": "e2-medium",
                "metadata": {
                  "cluster_name": "compute-cluster",
                  "disable-legacy-endpoints": "true",
                  "node_pool": "default-node-pool"
                },
                "min_cpu_platform": "",
                "node_group": "",
                "oauth_scopes": [
                  "https://www.googleapis.com/auth/logging.write",
                  "https://www.googleapis.com/auth/monitoring"
                ],
                "preemptible": false,
                "reservation_affinity": [],
                "resource_labels": {},
                "resource_manager_tags": {},
                "secondary_boot_disks": [],
                "service_account": "sa--gke-worker-node-group@mtrx-hub-dev-3of.iam.gserviceaccount.com",
                "shielded_instance_config": [
                  {
                    "enable_integrity_monitoring": true,
                    "enable_secure_boot": false
                  }
                ],
                "sole_tenant_config": [],
                "spot": false,
                "tags": [
                  "gke-compute-cluster",
                  "gke-compute-cluster-default-node-pool",
                  "default-node-pool"
                ],
                "taint": [],
                "workload_metadata_config": [
                  {
                    "mode": "GKE_METADATA"
                  }
                ]
              }
            ],
            "node_locations": [
              "us-central1-a",
              "us-central1-c"
            ],
            "node_pool": [
              {
                "autoscaling": [
                  {
                    "location_policy": "BALANCED",
                    "max_node_count": 10,
                    "min_node_count": 1,
                    "total_max_node_count": 0,
                    "total_min_node_count": 0
                  }
                ],
                "initial_node_count": 3,
                "instance_group_urls": [
                  "https://www.googleapis.com/compute/v1/projects/mtrx-hub-dev-3of/zones/us-central1-a/instanceGroupManagers/gke-compute-cluster-default-node-pool-4aca14c5-grp",
                  "https://www.googleapis.com/compute/v1/projects/mtrx-hub-dev-3of/zones/us-central1-c/instanceGroupManagers/gke-compute-cluster-default-node-pool-f7301b41-grp"
                ],
                "managed_instance_group_urls": [
                  "https://www.googleapis.com/compute/v1/projects/mtrx-hub-dev-3of/zones/us-central1-a/instanceGroups/gke-compute-cluster-default-node-pool-4aca14c5-grp",
                  "https://www.googleapis.com/compute/v1/projects/mtrx-hub-dev-3of/zones/us-central1-c/instanceGroups/gke-compute-cluster-default-node-pool-f7301b41-grp"
                ],
                "management": [
                  {
                    "auto_repair": true,
                    "auto_upgrade": true
                  }
                ],
                "max_pods_per_node": 110,
                "name": "default-node-pool",
                "name_prefix": "",
                "network_config": [
                  {
                    "create_pod_range": false,
                    "enable_private_nodes": true,
                    "network_performance_config": [],
                    "pod_cidr_overprovision_config": [],
                    "pod_ipv4_cidr_block": "10.129.0.0/16",
                    "pod_range": "sn-hub-dev-us-pod-range"
                  }
                ],
                "node_config": [
                  {
                    "advanced_machine_features": [],
                    "boot_disk_kms_key": "",
                    "confidential_nodes": [],
                    "containerd_config": [],
                    "disk_size_gb": 100,
                    "disk_type": "pd-standard",
                    "effective_taints": [
                      {
                        "effect": "PREFER_NO_SCHEDULE",
                        "key": "default-node-pool",
                        "value": "true"
                      }
                    ],
                    "enable_confidential_storage": false,
                    "ephemeral_storage_local_ssd_config": [],
                    "fast_socket": [],
                    "gcfs_config": [],
                    "guest_accelerator": [],
                    "gvnic": [],
                    "host_maintenance_policy": [],
                    "image_type": "COS_CONTAINERD",
                    "kubelet_config": [],
                    "labels": {
                      "cluster_name": "compute-cluster",
                      "default-node-pool": "true",
                      "node_pool": "default-node-pool"
                    },
                    "linux_node_config": [],
                    "local_nvme_ssd_block_config": [],
                    "local_ssd_count": 0,
                    "logging_variant": "DEFAULT",
                    "machine_type": "e2-medium",
                    "metadata": {
                      "cluster_name": "compute-cluster",
                      "disable-legacy-endpoints": "true",
                      "node_pool": "default-node-pool"
                    },
                    "min_cpu_platform": "",
                    "node_group": "",
                    "oauth_scopes": [
                      "https://www.googleapis.com/auth/logging.write",
                      "https://www.googleapis.com/auth/monitoring"
                    ],
                    "preemptible": false,
                    "reservation_affinity": [],
                    "resource_labels": {},
                    "resource_manager_tags": {},
                    "secondary_boot_disks": [],
                    "service_account": "sa--gke-worker-node-group@mtrx-hub-dev-3of.iam.gserviceaccount.com",
                    "shielded_instance_config": [
                      {
                        "enable_integrity_monitoring": true,
                        "enable_secure_boot": false
                      }
                    ],
                    "sole_tenant_config": [],
                    "spot": false,
                    "tags": [
                      "gke-compute-cluster",
                      "gke-compute-cluster-default-node-pool",
                      "default-node-pool"
                    ],
                    "taint": [],
                    "workload_metadata_config": [
                      {
                        "mode": "GKE_METADATA"
                      }
                    ]
                  }
                ],
                "node_count": 1,
                "node_locations": [
                  "us-central1-a",
                  "us-central1-c"
                ],
                "placement_policy": [],
                "queued_provisioning": [],
                "upgrade_settings": [
                  {
                    "blue_green_settings": [],
                    "max_surge": 1,
                    "max_unavailable": 0,
                    "strategy": "SURGE"
                  }
                ],
                "version": "1.29.4-gke.1043002"
              },
              {
                "autoscaling": [
                  {
                    "location_policy": "BALANCED",
                    "max_node_count": 20,
                    "min_node_count": 0,
                    "total_max_node_count": 0,
                    "total_min_node_count": 0
                  }
                ],
                "initial_node_count": 1,
                "instance_group_urls": [
                  "https://www.googleapis.com/compute/v1/projects/mtrx-hub-dev-3of/zones/us-central1-a/instanceGroupManagers/gke-compute-cluster-stable-cpu-pool-45d543a0-grp",
                  "https://www.googleapis.com/compute/v1/projects/mtrx-hub-dev-3of/zones/us-central1-c/instanceGroupManagers/gke-compute-cluster-stable-cpu-pool-f672ba63-grp"
                ],
                "managed_instance_group_urls": [
                  "https://www.googleapis.com/compute/v1/projects/mtrx-hub-dev-3of/zones/us-central1-a/instanceGroups/gke-compute-cluster-stable-cpu-pool-45d543a0-grp",
                  "https://www.googleapis.com/compute/v1/projects/mtrx-hub-dev-3of/zones/us-central1-c/instanceGroups/gke-compute-cluster-stable-cpu-pool-f672ba63-grp"
                ],
                "management": [
                  {
                    "auto_repair": true,
                    "auto_upgrade": true
                  }
                ],
                "max_pods_per_node": 110,
                "name": "stable-cpu-pool",
                "name_prefix": "",
                "network_config": [
                  {
                    "create_pod_range": false,
                    "enable_private_nodes": true,
                    "network_performance_config": [],
                    "pod_cidr_overprovision_config": [],
                    "pod_ipv4_cidr_block": "10.129.0.0/16",
                    "pod_range": "sn-hub-dev-us-pod-range"
                  }
                ],
                "node_config": [
                  {
                    "advanced_machine_features": [],
                    "boot_disk_kms_key": "",
                    "confidential_nodes": [],
                    "containerd_config": [],
                    "disk_size_gb": 200,
                    "disk_type": "pd-standard",
                    "effective_taints": [],
                    "enable_confidential_storage": false,
                    "ephemeral_storage_local_ssd_config": [],
                    "fast_socket": [],
                    "gcfs_config": [
                      {
                        "enabled": true
                      }
                    ],
                    "guest_accelerator": [],
                    "gvnic": [
                      {
                        "enabled": true
                      }
                    ],
                    "host_maintenance_policy": [],
                    "image_type": "COS_CONTAINERD",
                    "kubelet_config": [],
                    "labels": {
                      "cluster_name": "compute-cluster",
                      "node_pool": "stable-cpu-pool"
                    },
                    "linux_node_config": [],
                    "local_nvme_ssd_block_config": [],
                    "local_ssd_count": 0,
                    "logging_variant": "DEFAULT",
                    "machine_type": "e2-standard-8",
                    "metadata": {
                      "cluster_name": "compute-cluster",
                      "disable-legacy-endpoints": "true",
                      "node_pool": "stable-cpu-pool"
                    },
                    "min_cpu_platform": "",
                    "node_group": "",
                    "oauth_scopes": [
                      "https://www.googleapis.com/auth/logging.write",
                      "https://www.googleapis.com/auth/monitoring"
                    ],
                    "preemptible": false,
                    "reservation_affinity": [],
                    "resource_labels": {},
                    "resource_manager_tags": {},
                    "secondary_boot_disks": [],
                    "service_account": "sa--gke-worker-node-group@mtrx-hub-dev-3of.iam.gserviceaccount.com",
                    "shielded_instance_config": [
                      {
                        "enable_integrity_monitoring": true,
                        "enable_secure_boot": false
                      }
                    ],
                    "sole_tenant_config": [],
                    "spot": false,
                    "tags": [
                      "gke-compute-cluster",
                      "gke-compute-cluster-stable-cpu-pool"
                    ],
                    "taint": [],
                    "workload_metadata_config": [
                      {
                        "mode": "GKE_METADATA"
                      }
                    ]
                  }
                ],
                "node_count": 0,
                "node_locations": [
                  "us-central1-a",
                  "us-central1-c"
                ],
                "placement_policy": [],
                "queued_provisioning": [],
                "upgrade_settings": [
                  {
                    "blue_green_settings": [],
                    "max_surge": 1,
                    "max_unavailable": 0,
                    "strategy": "SURGE"
                  }
                ],
                "version": "1.29.4-gke.1043002"
              }
            ],
            "node_pool_auto_config": [],
            "node_pool_defaults": [
              {
                "node_config_defaults": [
                  {
                    "containerd_config": [],
                    "logging_variant": "DEFAULT"
                  }
                ]
              }
            ],
            "node_version": "1.29.4-gke.1043002",
            "notification_config": [
              {
                "pubsub": [
                  {
                    "enabled": false,
                    "filter": [],
                    "topic": ""
                  }
                ]
              }
            ],
            "operation": null,
            "private_cluster_config": [
              {
                "enable_private_endpoint": false,
                "enable_private_nodes": true,
                "master_global_access_config": [
                  {
                    "enabled": true
                  }
                ],
                "master_ipv4_cidr_block": "172.16.0.0/28",
                "peering_name": "",
                "private_endpoint": "172.16.0.2",
                "private_endpoint_subnetwork": "",
                "public_endpoint": "35.192.139.193"
              }
            ],
            "private_ipv6_google_access": "",
            "project": "mtrx-hub-dev-3of",
            "release_channel": [
              {
                "channel": "REGULAR"
              }
            ],
            "remove_default_node_pool": true,
            "resource_labels": {},
            "resource_usage_export_config": [],
            "security_posture_config": [
              {
                "mode": "DISABLED",
                "vulnerability_mode": "VULNERABILITY_DISABLED"
              }
            ],
            "self_link": "https://container.googleapis.com/v1/projects/mtrx-hub-dev-3of/locations/us-central1/clusters/compute-cluster",
            "service_external_ips_config": [
              {
                "enabled": false
              }
            ],
            "services_ipv4_cidr": "10.130.0.0/16",
            "subnetwork": "projects/mtrx-hub-dev-3of/regions/us-central1/subnetworks/sn-hub-dev-us",
            "timeouts": {
              "create": "45m",
              "delete": "45m",
              "read": null,
              "update": "45m"
            },
            "tpu_ipv4_cidr_block": "",
            "vertical_pod_autoscaling": [
              {
                "enabled": false
              }
            ],
            "workload_identity_config": [
              {
                "workload_pool": "mtrx-hub-dev-3of.svc.id.goog"
              }
            ]
          },
          "sensitive_attributes": [],
          "private": "eyJlMmJmYjczMC1lY2FhLTExZTYtOGY4OC0zNDM2M2JjN2M0YzAiOnsiY3JlYXRlIjoyNzAwMDAwMDAwMDAwLCJkZWxldGUiOjI3MDAwMDAwMDAwMDAsInJlYWQiOjI0MDAwMDAwMDAwMDAsInVwZGF0ZSI6MjcwMDAwMDAwMDAwMH0sInNjaGVtYV92ZXJzaW9uIjoiMiJ9",
          "dependencies": [
            "module.bootstrap_data.data.google_client_config.current",
            "module.bootstrap_data.data.google_storage_bucket_object.object",
            "module.bootstrap_data.data.http.object",
            "module.compute_cluster.module.gke.data.google_compute_zones.available",
            "module.compute_cluster.module.gke.data.google_container_engine_versions.region",
            "module.compute_cluster.module.gke.data.google_container_engine_versions.zone",
            "module.compute_cluster.module.gke.google_service_account.cluster_service_account",
            "module.compute_cluster.module.gke.random_shuffle.available_zones",
            "module.compute_cluster.module.gke.random_string.cluster_service_account_suffix",
            "module.compute_cluster.module.service_accounts.google_service_account.service_accounts"
          ]
        }
      ]
    },
    {
      "module": "module.compute_cluster.module.gke",
      "mode": "managed",
      "type": "google_container_node_pool",
      "name": "pools",
      "provider": "provider[\"registry.terraform.io/hashicorp/google\"]",
      "instances": [
        {
          "index_key": "default-node-pool",
          "schema_version": 1,
          "attributes": {
            "autoscaling": [
              {
                "location_policy": "BALANCED",
                "max_node_count": 10,
                "min_node_count": 1,
                "total_max_node_count": 0,
                "total_min_node_count": 0
              }
            ],
            "cluster": "compute-cluster",
            "id": "projects/mtrx-hub-dev-3of/locations/us-central1/clusters/compute-cluster/nodePools/default-node-pool",
            "initial_node_count": 3,
            "instance_group_urls": [
              "https://www.googleapis.com/compute/v1/projects/mtrx-hub-dev-3of/zones/us-central1-a/instanceGroupManagers/gke-compute-cluster-default-node-pool-4aca14c5-grp",
              "https://www.googleapis.com/compute/v1/projects/mtrx-hub-dev-3of/zones/us-central1-c/instanceGroupManagers/gke-compute-cluster-default-node-pool-f7301b41-grp"
            ],
            "location": "us-central1",
            "managed_instance_group_urls": [
              "https://www.googleapis.com/compute/v1/projects/mtrx-hub-dev-3of/zones/us-central1-a/instanceGroups/gke-compute-cluster-default-node-pool-4aca14c5-grp",
              "https://www.googleapis.com/compute/v1/projects/mtrx-hub-dev-3of/zones/us-central1-c/instanceGroups/gke-compute-cluster-default-node-pool-f7301b41-grp"
            ],
            "management": [
              {
                "auto_repair": true,
                "auto_upgrade": true
              }
            ],
            "max_pods_per_node": 110,
            "name": "default-node-pool",
            "name_prefix": "",
            "network_config": [
              {
                "create_pod_range": false,
                "enable_private_nodes": true,
                "network_performance_config": [],
                "pod_cidr_overprovision_config": [],
                "pod_ipv4_cidr_block": "10.129.0.0/16",
                "pod_range": "sn-hub-dev-us-pod-range"
              }
            ],
            "node_config": [
              {
                "advanced_machine_features": [],
                "boot_disk_kms_key": "",
                "confidential_nodes": [],
                "containerd_config": [],
                "disk_size_gb": 100,
                "disk_type": "pd-standard",
                "effective_taints": [
                  {
                    "effect": "PREFER_NO_SCHEDULE",
                    "key": "default-node-pool",
                    "value": "true"
                  }
                ],
                "enable_confidential_storage": false,
                "ephemeral_storage_local_ssd_config": [],
                "fast_socket": [],
                "gcfs_config": [],
                "guest_accelerator": [],
                "gvnic": [],
                "host_maintenance_policy": [],
                "image_type": "COS_CONTAINERD",
                "kubelet_config": [],
                "labels": {
                  "cluster_name": "compute-cluster",
                  "default-node-pool": "true",
                  "node_pool": "default-node-pool"
                },
                "linux_node_config": [],
                "local_nvme_ssd_block_config": [],
                "local_ssd_count": 0,
                "logging_variant": "DEFAULT",
                "machine_type": "e2-medium",
                "metadata": {
                  "cluster_name": "compute-cluster",
                  "disable-legacy-endpoints": "true",
                  "node_pool": "default-node-pool"
                },
                "min_cpu_platform": "",
                "node_group": "",
                "oauth_scopes": [
                  "https://www.googleapis.com/auth/logging.write",
                  "https://www.googleapis.com/auth/monitoring"
                ],
                "preemptible": false,
                "reservation_affinity": [],
                "resource_labels": {},
                "resource_manager_tags": {},
                "secondary_boot_disks": [],
                "service_account": "sa--gke-worker-node-group@mtrx-hub-dev-3of.iam.gserviceaccount.com",
                "shielded_instance_config": [
                  {
                    "enable_integrity_monitoring": true,
                    "enable_secure_boot": false
                  }
                ],
                "sole_tenant_config": [],
                "spot": false,
                "tags": [
                  "gke-compute-cluster",
                  "gke-compute-cluster-default-node-pool",
                  "default-node-pool"
                ],
                "taint": [
                  {
                    "effect": "PREFER_NO_SCHEDULE",
                    "key": "default-node-pool",
                    "value": "true"
                  }
                ],
                "workload_metadata_config": [
                  {
                    "mode": "GKE_METADATA"
                  }
                ]
              }
            ],
            "node_count": 1,
            "node_locations": [
              "us-central1-a",
              "us-central1-c"
            ],
            "operation": null,
            "placement_policy": [],
            "project": "mtrx-hub-dev-3of",
            "queued_provisioning": [],
            "timeouts": {
              "create": "45m",
              "delete": "45m",
              "update": "45m"
            },
            "upgrade_settings": [
              {
                "blue_green_settings": [],
                "max_surge": 1,
                "max_unavailable": 0,
                "strategy": "SURGE"
              }
            ],
            "version": "1.29.4-gke.1043002"
          },
          "sensitive_attributes": [],
          "private": "eyJlMmJmYjczMC1lY2FhLTExZTYtOGY4OC0zNDM2M2JjN2M0YzAiOnsiY3JlYXRlIjoyNzAwMDAwMDAwMDAwLCJkZWxldGUiOjI3MDAwMDAwMDAwMDAsInVwZGF0ZSI6MjcwMDAwMDAwMDAwMH0sInNjaGVtYV92ZXJzaW9uIjoiMSJ9",
          "dependencies": [
            "module.bootstrap_data.data.google_client_config.current",
            "module.bootstrap_data.data.google_storage_bucket_object.object",
            "module.bootstrap_data.data.http.object",
            "module.compute_cluster.module.gke.data.google_compute_zones.available",
            "module.compute_cluster.module.gke.data.google_container_engine_versions.region",
            "module.compute_cluster.module.gke.data.google_container_engine_versions.zone",
            "module.compute_cluster.module.gke.google_container_cluster.primary",
            "module.compute_cluster.module.gke.google_service_account.cluster_service_account",
            "module.compute_cluster.module.gke.random_shuffle.available_zones",
            "module.compute_cluster.module.gke.random_string.cluster_service_account_suffix",
            "module.compute_cluster.module.service_accounts.google_service_account.service_accounts"
          ]
        },
        {
          "index_key": "stable-cpu-pool",
          "schema_version": 1,
          "attributes": {
            "autoscaling": [
              {
                "location_policy": "BALANCED",
                "max_node_count": 20,
                "min_node_count": 0,
                "total_max_node_count": 0,
                "total_min_node_count": 0
              }
            ],
            "cluster": "compute-cluster",
            "id": "projects/mtrx-hub-dev-3of/locations/us-central1/clusters/compute-cluster/nodePools/stable-cpu-pool",
            "initial_node_count": 1,
            "instance_group_urls": [
              "https://www.googleapis.com/compute/v1/projects/mtrx-hub-dev-3of/zones/us-central1-a/instanceGroupManagers/gke-compute-cluster-stable-cpu-pool-45d543a0-grp",
              "https://www.googleapis.com/compute/v1/projects/mtrx-hub-dev-3of/zones/us-central1-c/instanceGroupManagers/gke-compute-cluster-stable-cpu-pool-f672ba63-grp"
            ],
            "location": "us-central1",
            "managed_instance_group_urls": [
              "https://www.googleapis.com/compute/v1/projects/mtrx-hub-dev-3of/zones/us-central1-a/instanceGroups/gke-compute-cluster-stable-cpu-pool-45d543a0-grp",
              "https://www.googleapis.com/compute/v1/projects/mtrx-hub-dev-3of/zones/us-central1-c/instanceGroups/gke-compute-cluster-stable-cpu-pool-f672ba63-grp"
            ],
            "management": [
              {
                "auto_repair": true,
                "auto_upgrade": true
              }
            ],
            "max_pods_per_node": 110,
            "name": "stable-cpu-pool",
            "name_prefix": "",
            "network_config": [
              {
                "create_pod_range": false,
                "enable_private_nodes": true,
                "network_performance_config": [],
                "pod_cidr_overprovision_config": [],
                "pod_ipv4_cidr_block": "10.129.0.0/16",
                "pod_range": "sn-hub-dev-us-pod-range"
              }
            ],
            "node_config": [
              {
                "advanced_machine_features": [],
                "boot_disk_kms_key": "",
                "confidential_nodes": [],
                "containerd_config": [],
                "disk_size_gb": 200,
                "disk_type": "pd-standard",
                "effective_taints": [],
                "enable_confidential_storage": false,
                "ephemeral_storage_local_ssd_config": [],
                "fast_socket": [],
                "gcfs_config": [
                  {
                    "enabled": true
                  }
                ],
                "guest_accelerator": [],
                "gvnic": [
                  {
                    "enabled": true
                  }
                ],
                "host_maintenance_policy": [],
                "image_type": "COS_CONTAINERD",
                "kubelet_config": [],
                "labels": {
                  "cluster_name": "compute-cluster",
                  "node_pool": "stable-cpu-pool"
                },
                "linux_node_config": [],
                "local_nvme_ssd_block_config": [],
                "local_ssd_count": 0,
                "logging_variant": "DEFAULT",
                "machine_type": "e2-standard-8",
                "metadata": {
                  "cluster_name": "compute-cluster",
                  "disable-legacy-endpoints": "true",
                  "node_pool": "stable-cpu-pool"
                },
                "min_cpu_platform": "",
                "node_group": "",
                "oauth_scopes": [
                  "https://www.googleapis.com/auth/logging.write",
                  "https://www.googleapis.com/auth/monitoring"
                ],
                "preemptible": false,
                "reservation_affinity": [],
                "resource_labels": {},
                "resource_manager_tags": {},
                "secondary_boot_disks": [],
                "service_account": "sa--gke-worker-node-group@mtrx-hub-dev-3of.iam.gserviceaccount.com",
                "shielded_instance_config": [
                  {
                    "enable_integrity_monitoring": true,
                    "enable_secure_boot": false
                  }
                ],
                "sole_tenant_config": [],
                "spot": false,
                "tags": [
                  "gke-compute-cluster",
                  "gke-compute-cluster-stable-cpu-pool"
                ],
                "taint": [],
                "workload_metadata_config": [
                  {
                    "mode": "GKE_METADATA"
                  }
                ]
              }
            ],
            "node_count": 0,
            "node_locations": [
              "us-central1-a",
              "us-central1-c"
            ],
            "operation": null,
            "placement_policy": [],
            "project": "mtrx-hub-dev-3of",
            "queued_provisioning": [],
            "timeouts": {
              "create": "45m",
              "delete": "45m",
              "update": "45m"
            },
            "upgrade_settings": [
              {
                "blue_green_settings": [],
                "max_surge": 1,
                "max_unavailable": 0,
                "strategy": "SURGE"
              }
            ],
            "version": "1.29.4-gke.1043002"
          },
          "sensitive_attributes": [],
          "private": "eyJlMmJmYjczMC1lY2FhLTExZTYtOGY4OC0zNDM2M2JjN2M0YzAiOnsiY3JlYXRlIjoyNzAwMDAwMDAwMDAwLCJkZWxldGUiOjI3MDAwMDAwMDAwMDAsInVwZGF0ZSI6MjcwMDAwMDAwMDAwMH0sInNjaGVtYV92ZXJzaW9uIjoiMSJ9",
          "dependencies": [
            "module.bootstrap_data.data.google_client_config.current",
            "module.bootstrap_data.data.google_storage_bucket_object.object",
            "module.bootstrap_data.data.http.object",
            "module.compute_cluster.module.gke.data.google_compute_zones.available",
            "module.compute_cluster.module.gke.data.google_container_engine_versions.region",
            "module.compute_cluster.module.gke.data.google_container_engine_versions.zone",
            "module.compute_cluster.module.gke.google_container_cluster.primary",
            "module.compute_cluster.module.gke.google_service_account.cluster_service_account",
            "module.compute_cluster.module.gke.random_shuffle.available_zones",
            "module.compute_cluster.module.gke.random_string.cluster_service_account_suffix",
            "module.compute_cluster.module.service_accounts.google_service_account.service_accounts"
          ]
        }
      ]
    },
    {
      "module": "module.compute_cluster.module.gke",
      "mode": "managed",
      "type": "google_project_iam_member",
      "name": "cluster_service_account-nodeService_account",
      "provider": "provider[\"registry.terraform.io/hashicorp/google\"]",
      "instances": [
        {
          "index_key": 0,
          "schema_version": 0,
          "attributes": {
            "condition": [],
            "etag": "BwYb8eS7r9c=",
            "id": "mtrx-hub-dev-3of/roles/container.defaultNodeServiceAccount/serviceAccount:tf-gke-compute-cluster-coxv@mtrx-hub-dev-3of.iam.gserviceaccount.com",
            "member": "serviceAccount:tf-gke-compute-cluster-coxv@mtrx-hub-dev-3of.iam.gserviceaccount.com",
            "project": "mtrx-hub-dev-3of",
            "role": "roles/container.defaultNodeServiceAccount"
          },
          "sensitive_attributes": [],
          "private": "bnVsbA==",
          "dependencies": [
            "module.bootstrap_data.data.google_client_config.current",
            "module.bootstrap_data.data.google_storage_bucket_object.object",
            "module.bootstrap_data.data.http.object",
            "module.compute_cluster.module.gke.google_service_account.cluster_service_account",
            "module.compute_cluster.module.gke.random_string.cluster_service_account_suffix"
          ]
        }
      ]
    },
    {
      "module": "module.compute_cluster.module.gke",
      "mode": "managed",
      "type": "google_service_account",
      "name": "cluster_service_account",
      "provider": "provider[\"registry.terraform.io/hashicorp/google\"]",
      "instances": [
        {
          "index_key": 0,
          "schema_version": 0,
          "attributes": {
            "account_id": "tf-gke-compute-cluster-coxv",
            "create_ignore_already_exists": null,
            "description": "",
            "disabled": false,
            "display_name": "Terraform-managed service account for cluster compute-cluster",
            "email": "tf-gke-compute-cluster-coxv@mtrx-hub-dev-3of.iam.gserviceaccount.com",
            "id": "projects/mtrx-hub-dev-3of/serviceAccounts/tf-gke-compute-cluster-coxv@mtrx-hub-dev-3of.iam.gserviceaccount.com",
            "member": "serviceAccount:tf-gke-compute-cluster-coxv@mtrx-hub-dev-3of.iam.gserviceaccount.com",
            "name": "projects/mtrx-hub-dev-3of/serviceAccounts/tf-gke-compute-cluster-coxv@mtrx-hub-dev-3of.iam.gserviceaccount.com",
            "project": "mtrx-hub-dev-3of",
            "timeouts": null,
            "unique_id": "107765925038021483416"
          },
          "sensitive_attributes": [],
          "private": "eyJlMmJmYjczMC1lY2FhLTExZTYtOGY4OC0zNDM2M2JjN2M0YzAiOnsiY3JlYXRlIjozMDAwMDAwMDAwMDB9fQ==",
          "dependencies": [
            "module.bootstrap_data.data.google_client_config.current",
            "module.bootstrap_data.data.google_storage_bucket_object.object",
            "module.bootstrap_data.data.http.object",
            "module.compute_cluster.module.gke.random_string.cluster_service_account_suffix"
          ]
        }
      ]
    },
    {
      "module": "module.compute_cluster.module.gke",
      "mode": "managed",
      "type": "random_string",
      "name": "cluster_service_account_suffix",
      "provider": "provider[\"registry.terraform.io/hashicorp/random\"]",
      "instances": [
        {
          "schema_version": 2,
          "attributes": {
            "id": "coxv",
            "keepers": null,
            "length": 4,
            "lower": true,
            "min_lower": 0,
            "min_numeric": 0,
            "min_special": 0,
            "min_upper": 0,
            "number": true,
            "numeric": true,
            "override_special": null,
            "result": "coxv",
            "special": false,
            "upper": false
          },
          "sensitive_attributes": []
        }
      ]
    },
    {
      "module": "module.compute_cluster.module.service_accounts",
      "mode": "managed",
      "type": "google_project_iam_member",
      "name": "project-roles",
      "provider": "provider[\"registry.terraform.io/hashicorp/google\"]",
      "instances": [
        {
          "index_key": "gke-worker-node-group-mtrx-hub-dev-3of=\u003eroles/owner",
          "schema_version": 0,
          "attributes": {
            "condition": [],
            "etag": "BwYb8eS7r9c=",
            "id": "mtrx-hub-dev-3of/roles/owner/serviceAccount:sa--gke-worker-node-group@mtrx-hub-dev-3of.iam.gserviceaccount.com",
            "member": "serviceAccount:sa--gke-worker-node-group@mtrx-hub-dev-3of.iam.gserviceaccount.com",
            "project": "mtrx-hub-dev-3of",
            "role": "roles/owner"
          },
          "sensitive_attributes": [],
          "private": "bnVsbA==",
          "dependencies": [
            "module.bootstrap_data.data.google_client_config.current",
            "module.bootstrap_data.data.google_storage_bucket_object.object",
            "module.bootstrap_data.data.http.object",
            "module.compute_cluster.module.service_accounts.google_service_account.service_accounts"
          ]
        }
      ]
    },
    {
      "module": "module.compute_cluster.module.service_accounts",
      "mode": "managed",
      "type": "google_service_account",
      "name": "service_accounts",
      "provider": "provider[\"registry.terraform.io/hashicorp/google\"]",
      "instances": [
        {
          "index_key": "gke-worker-node-group",
          "schema_version": 0,
          "attributes": {
            "account_id": "sa--gke-worker-node-group",
            "create_ignore_already_exists": null,
            "description": "",
            "disabled": false,
            "display_name": "Terraform-managed service account",
            "email": "sa--gke-worker-node-group@mtrx-hub-dev-3of.iam.gserviceaccount.com",
            "id": "projects/mtrx-hub-dev-3of/serviceAccounts/sa--gke-worker-node-group@mtrx-hub-dev-3of.iam.gserviceaccount.com",
            "member": "serviceAccount:sa--gke-worker-node-group@mtrx-hub-dev-3of.iam.gserviceaccount.com",
            "name": "projects/mtrx-hub-dev-3of/serviceAccounts/sa--gke-worker-node-group@mtrx-hub-dev-3of.iam.gserviceaccount.com",
            "project": "mtrx-hub-dev-3of",
            "timeouts": null,
            "unique_id": "117210074639952774727"
          },
          "sensitive_attributes": [],
          "private": "eyJlMmJmYjczMC1lY2FhLTExZTYtOGY4OC0zNDM2M2JjN2M0YzAiOnsiY3JlYXRlIjozMDAwMDAwMDAwMDB9fQ==",
          "dependencies": [
            "module.bootstrap_data.data.google_client_config.current",
            "module.bootstrap_data.data.google_storage_bucket_object.object",
            "module.bootstrap_data.data.http.object"
          ]
        }
      ]
    },
    {
      "module": "module.matrix",
      "mode": "managed",
      "type": "google_bigquery_dataset",
      "name": "dataset",
      "provider": "provider[\"registry.terraform.io/hashicorp/google\"]",
      "instances": [
        {
          "index_key": "robokop",
          "schema_version": 0,
          "attributes": {
            "access": [
              {
                "dataset": [],
                "domain": "",
                "group_by_email": "",
                "iam_member": "",
                "role": "OWNER",
                "routine": [],
                "special_group": "",
                "user_by_email": "laurens@everycure.org",
                "view": []
              },
              {
                "dataset": [],
                "domain": "",
                "group_by_email": "",
                "iam_member": "",
                "role": "OWNER",
                "routine": [],
                "special_group": "projectOwners",
                "user_by_email": "",
                "view": []
              },
              {
                "dataset": [],
                "domain": "",
                "group_by_email": "",
                "iam_member": "",
                "role": "READER",
                "routine": [],
                "special_group": "projectReaders",
                "user_by_email": "",
                "view": []
              },
              {
                "dataset": [],
                "domain": "",
                "group_by_email": "",
                "iam_member": "",
                "role": "WRITER",
                "routine": [],
                "special_group": "projectWriters",
                "user_by_email": "",
                "view": []
              }
            ],
            "creation_time": 1719343068867,
            "dataset_id": "kg_robokop",
            "default_collation": "",
            "default_encryption_configuration": [],
            "default_partition_expiration_ms": 0,
            "default_table_expiration_ms": 0,
            "delete_contents_on_destroy": false,
            "description": "Dataset with nodes and edges for robokop",
            "effective_labels": {
              "env": "dev",
              "kg": "robokop"
            },
            "etag": "WGEceCYXaT6U2I/jmdyK2A==",
            "external_dataset_reference": [],
            "friendly_name": "",
            "id": "projects/mtrx-hub-dev-3of/datasets/kg_robokop",
            "is_case_insensitive": false,
            "labels": {
              "env": "dev",
              "kg": "robokop"
            },
            "last_modified_time": 1719343068867,
            "location": "US",
            "max_time_travel_hours": "",
            "project": "mtrx-hub-dev-3of",
            "self_link": "https://bigquery.googleapis.com/bigquery/v2/projects/mtrx-hub-dev-3of/datasets/kg_robokop",
            "storage_billing_model": "",
            "terraform_labels": {
              "env": "dev",
              "kg": "robokop"
            },
            "timeouts": null
          },
          "sensitive_attributes": [],
          "private": "eyJlMmJmYjczMC1lY2FhLTExZTYtOGY4OC0zNDM2M2JjN2M0YzAiOnsiY3JlYXRlIjoxMjAwMDAwMDAwMDAwLCJkZWxldGUiOjEyMDAwMDAwMDAwMDAsInVwZGF0ZSI6MTIwMDAwMDAwMDAwMH19",
          "dependencies": [
            "module.bootstrap_data.data.google_client_config.current",
            "module.bootstrap_data.data.google_storage_bucket_object.object",
            "module.bootstrap_data.data.http.object"
          ]
        },
        {
          "index_key": "rtx-kg2",
          "schema_version": 0,
          "attributes": {
            "access": [
              {
                "dataset": [],
                "domain": "",
                "group_by_email": "",
                "iam_member": "",
                "role": "OWNER",
                "routine": [],
                "special_group": "",
                "user_by_email": "laurens@everycure.org",
                "view": []
              },
              {
                "dataset": [],
                "domain": "",
                "group_by_email": "",
                "iam_member": "",
                "role": "OWNER",
                "routine": [],
                "special_group": "projectOwners",
                "user_by_email": "",
                "view": []
              },
              {
                "dataset": [],
                "domain": "",
                "group_by_email": "",
                "iam_member": "",
                "role": "READER",
                "routine": [],
                "special_group": "projectReaders",
                "user_by_email": "",
                "view": []
              },
              {
                "dataset": [],
                "domain": "",
                "group_by_email": "",
                "iam_member": "",
                "role": "WRITER",
                "routine": [],
                "special_group": "projectWriters",
                "user_by_email": "",
                "view": []
              }
            ],
            "creation_time": 1719343068855,
            "dataset_id": "kg_rtx_kg2",
            "default_collation": "",
            "default_encryption_configuration": [],
            "default_partition_expiration_ms": 0,
            "default_table_expiration_ms": 0,
            "delete_contents_on_destroy": false,
            "description": "Dataset with nodes and edges for rtx-kg2",
            "effective_labels": {
              "env": "dev",
              "kg": "rtx-kg2"
            },
            "etag": "otoJVqJ5GQWcbxpIdNL9Mg==",
            "external_dataset_reference": [],
            "friendly_name": "",
            "id": "projects/mtrx-hub-dev-3of/datasets/kg_rtx_kg2",
            "is_case_insensitive": false,
            "labels": {
              "env": "dev",
              "kg": "rtx-kg2"
            },
            "last_modified_time": 1719343068855,
            "location": "US",
            "max_time_travel_hours": "",
            "project": "mtrx-hub-dev-3of",
            "self_link": "https://bigquery.googleapis.com/bigquery/v2/projects/mtrx-hub-dev-3of/datasets/kg_rtx_kg2",
            "storage_billing_model": "",
            "terraform_labels": {
              "env": "dev",
              "kg": "rtx-kg2"
            },
            "timeouts": null
          },
          "sensitive_attributes": [],
          "private": "eyJlMmJmYjczMC1lY2FhLTExZTYtOGY4OC0zNDM2M2JjN2M0YzAiOnsiY3JlYXRlIjoxMjAwMDAwMDAwMDAwLCJkZWxldGUiOjEyMDAwMDAwMDAwMDAsInVwZGF0ZSI6MTIwMDAwMDAwMDAwMH19",
          "dependencies": [
            "module.bootstrap_data.data.google_client_config.current",
            "module.bootstrap_data.data.google_storage_bucket_object.object",
            "module.bootstrap_data.data.http.object"
          ]
        }
      ]
    }
  ],
  "check_results": null
}
